
Microsoft Visual Studio Solution File, Format Version 12.00
# Visual Studio 14
VisualStudioVersion = 14.0.25420.1
MinimumVisualStudioVersion = 10.0.40219.1
Project("{FAE04EC0-301F-11D3-BF4B-00C04F79EFBC}") = "DevTeam.Patterns.Reactive", "DevTeam.Patterns.Reactive\DevTeam.Patterns.Reactive.csproj", "{79F43401-CED2-46C1-A3C9-A8E9F94A1DEA}"
EndProject
Project("{FAE04EC0-301F-11D3-BF4B-00C04F79EFBC}") = "DevTeam.Patterns.Dispose", "DevTeam.Patterns.Dispose\DevTeam.Patterns.Dispose.csproj", "{FE61929A-6F78-40B6-8929-62CFB62E3BE6}"
EndProject
Project("{FAE04EC0-301F-11D3-BF4B-00C04F79EFBC}") = "DevTeam.Patterns.IoC", "DevTeam.Patterns.IoC\DevTeam.Patterns.IoC.csproj", "{35055D77-822C-4D69-8DF2-722B42CC405A}"
EndProject
Project("{2150E333-8FDC-42A3-9474-1A3956D46DE8}") = "TestTool", "TestTool", "{94C14E3E-BFB4-4D52-980D-0AA866EDD51C}"
EndProject
Project("{FAE04EC0-301F-11D3-BF4B-00C04F79EFBC}") = "DevTeam.TestTool.Engine", "TestTool\DevTeam.TestTool.Engine\DevTeam.TestTool.Engine.csproj", "{35529D33-DC72-4BD3-8E39-F964AE39BA6D}"
EndProject
Project("{FAE04EC0-301F-11D3-BF4B-00C04F79EFBC}") = "DevTeam.TestTool.Contracts", "TestTool\DevTeam.TestTool.Contracts\DevTeam.TestTool.Contracts.csproj", "{8591A4C5-3368-4D2D-98E5-E42FB2C8A3C3}"
EndProject
Project("{FAE04EC0-301F-11D3-BF4B-00C04F79EFBC}") = "DevTeam.TestTool.Engine.Contracts", "TestTool\DevTeam.TestTool.Engine.Contracts\DevTeam.TestTool.Engine.Contracts.csproj", "{E1FBA15F-0E8E-4AB1-97CD-E6F2A8EA2279}"
EndProject
Project("{FAE04EC0-301F-11D3-BF4B-00C04F79EFBC}") = "DevTeam.TestTool.dotNet", "TestTool\DevTeam.TestTool.dotNet\DevTeam.TestTool.dotNet.csproj", "{3ECF9C7F-7DD2-49DD-84CD-51473A56F688}"
EndProject
Project("{FAE04EC0-301F-11D3-BF4B-00C04F79EFBC}") = "DevTeam.Patterns.EventAggregator", "DevTeam.Patterns.EventAggregator\DevTeam.Patterns.EventAggregator.csproj", "{E4897226-0FFD-46C5-A44F-C7EE91572856}"
EndProject
Project("{FAE04EC0-301F-11D3-BF4B-00C04F79EFBC}") = "DevTeam.TestTool.Test.Mocks", "TestTool\DevTeam.TestTool.Test.Mocks\DevTeam.TestTool.Test.Mocks.csproj", "{D85F55C6-3976-4633-8DD4-E6BAD79E4570}"
EndProject
Project("{FAE04EC0-301F-11D3-BF4B-00C04F79EFBC}") = "DevTeam.Patterns.Dispose.Tests", "DevTeam.Patterns.Dispose.Tests\DevTeam.Patterns.Dispose.Tests.csproj", "{5E158DA9-4D12-444D-BD45-AC8749187EE0}"
EndProject
Project("{FAE04EC0-301F-11D3-BF4B-00C04F79EFBC}") = "DevTeam.Patterns.IoC.Tests", "DevTeam.Patterns.IoC.Tests\DevTeam.Patterns.IoC.Tests.csproj", "{657E0C81-9988-4709-90FE-6C81B10299C1}"
EndProject
Project("{FAE04EC0-301F-11D3-BF4B-00C04F79EFBC}") = "DevTeam.Patterns.Reactive.Tests", "DevTeam.Patterns.Reactive.Tests\DevTeam.Patterns.Reactive.Tests.csproj", "{FCBED957-07CB-421C-AD87-D77FCD2F04E9}"
EndProject
Project("{FAE04EC0-301F-11D3-BF4B-00C04F79EFBC}") = "DevTeam.Patterns.EventAggregator.Tests", "DevTeam.Patterns.EventAggregator.Tests\DevTeam.Patterns.EventAggregator.Tests.csproj", "{659B2113-103E-4B9D-9D62-9DF660960958}"
EndProject
Project("{8BB2217D-0F2D-49D1-97BC-3654ED321F3B}") = "DevTeam.TestTool.dotNetCore", "TestTool\DevTeam.TestTool.dotNetCore\DevTeam.TestTool.dotNetCore.xproj", "{0FC0CE23-C320-4CA2-AE9A-949E82C1B2CF}"
EndProject
Project("{2150E333-8FDC-42A3-9474-1A3956D46DE8}") = "Samples", "Samples", "{D100FEA5-8828-4488-B6F5-EB01E65D370A}"
EndProject
Project("{FAE04EC0-301F-11D3-BF4B-00C04F79EFBC}") = "Perf", "Samples\Perf\Perf.csproj", "{58B6B9A3-CC15-4172-98F2-3971CDCD560A}"
EndProject
Project("{8BB2217D-0F2D-49D1-97BC-3654ED321F3B}") = "Echo", "Samples\Echo\Echo.xproj", "{626C45A9-4405-4FA7-9900-0B8E7270E5B0}"
EndProject
Project("{FAE04EC0-301F-11D3-BF4B-00C04F79EFBC}") = "ConsoleTimer", "Samples\ConsoleTimer\ConsoleTimer.csproj", "{7E6E9155-0D4D-43D6-AEBB-3A5BCFE3DCCD}"
EndProject
Project("{2150E333-8FDC-42A3-9474-1A3956D46DE8}") = "MarkdownTool", "MarkdownTool", "{07CF7789-899A-4512-87D8-141143DCBB7E}"
EndProject
Project("{FAE04EC0-301F-11D3-BF4B-00C04F79EFBC}") = "DevTeam.Markdown", "Markdown\DevTeam.Markdown\DevTeam.Markdown.csproj", "{4709C10B-8CFC-47F3-9B2C-1B8BA64F12A2}"
EndProject
Project("{FAE04EC0-301F-11D3-BF4B-00C04F79EFBC}") = "DevTeam.Abstractions", "DevTeam.Abstractions\DevTeam.Abstractions.csproj", "{33BB2201-48F5-47A1-BAC0-D9CC8A26D187}"
EndProject
Project("{FAE04EC0-301F-11D3-BF4B-00C04F79EFBC}") = "DevTeam.Abstractions.Reflection", "DevTeam.Abstractions.Reflection\DevTeam.Abstractions.Reflection.csproj", "{85EAD77A-FB5A-4112-9EFB-179A5D0A777B}"
EndProject
Global
	GlobalSection(SolutionConfigurationPlatforms) = preSolution
		AppStore|Any CPU = AppStore|Any CPU
		AppStore|ARM = AppStore|ARM
		AppStore|iPhone = AppStore|iPhone
		AppStore|iPhoneSimulator = AppStore|iPhoneSimulator
		AppStore|x86 = AppStore|x86
		Debug|Any CPU = Debug|Any CPU
		Debug|ARM = Debug|ARM
		Debug|iPhone = Debug|iPhone
		Debug|iPhoneSimulator = Debug|iPhoneSimulator
		Debug|x86 = Debug|x86
		Release|Any CPU = Release|Any CPU
		Release|ARM = Release|ARM
		Release|iPhone = Release|iPhone
		Release|iPhoneSimulator = Release|iPhoneSimulator
		Release|x86 = Release|x86
	EndGlobalSection
	GlobalSection(ProjectConfigurationPlatforms) = postSolution
		{79F43401-CED2-46C1-A3C9-A8E9F94A1DEA}.AppStore|Any CPU.ActiveCfg = Release|Any CPU
		{79F43401-CED2-46C1-A3C9-A8E9F94A1DEA}.AppStore|Any CPU.Build.0 = Release|Any CPU
		{79F43401-CED2-46C1-A3C9-A8E9F94A1DEA}.AppStore|ARM.ActiveCfg = Release|Any CPU
		{79F43401-CED2-46C1-A3C9-A8E9F94A1DEA}.AppStore|ARM.Build.0 = Release|Any CPU
		{79F43401-CED2-46C1-A3C9-A8E9F94A1DEA}.AppStore|iPhone.ActiveCfg = Release|Any CPU
		{79F43401-CED2-46C1-A3C9-A8E9F94A1DEA}.AppStore|iPhone.Build.0 = Release|Any CPU
		{79F43401-CED2-46C1-A3C9-A8E9F94A1DEA}.AppStore|iPhoneSimulator.ActiveCfg = Release|Any CPU
		{79F43401-CED2-46C1-A3C9-A8E9F94A1DEA}.AppStore|iPhoneSimulator.Build.0 = Release|Any CPU
		{79F43401-CED2-46C1-A3C9-A8E9F94A1DEA}.AppStore|x86.ActiveCfg = Release|Any CPU
		{79F43401-CED2-46C1-A3C9-A8E9F94A1DEA}.AppStore|x86.Build.0 = Release|Any CPU
		{79F43401-CED2-46C1-A3C9-A8E9F94A1DEA}.Debug|Any CPU.ActiveCfg = Debug|Any CPU
		{79F43401-CED2-46C1-A3C9-A8E9F94A1DEA}.Debug|Any CPU.Build.0 = Debug|Any CPU
		{79F43401-CED2-46C1-A3C9-A8E9F94A1DEA}.Debug|ARM.ActiveCfg = Debug|Any CPU
		{79F43401-CED2-46C1-A3C9-A8E9F94A1DEA}.Debug|ARM.Build.0 = Debug|Any CPU
		{79F43401-CED2-46C1-A3C9-A8E9F94A1DEA}.Debug|iPhone.ActiveCfg = Debug|Any CPU
		{79F43401-CED2-46C1-A3C9-A8E9F94A1DEA}.Debug|iPhone.Build.0 = Debug|Any CPU
		{79F43401-CED2-46C1-A3C9-A8E9F94A1DEA}.Debug|iPhoneSimulator.ActiveCfg = Debug|Any CPU
		{79F43401-CED2-46C1-A3C9-A8E9F94A1DEA}.Debug|iPhoneSimulator.Build.0 = Debug|Any CPU
		{79F43401-CED2-46C1-A3C9-A8E9F94A1DEA}.Debug|x86.ActiveCfg = Debug|Any CPU
		{79F43401-CED2-46C1-A3C9-A8E9F94A1DEA}.Debug|x86.Build.0 = Debug|Any CPU
		{79F43401-CED2-46C1-A3C9-A8E9F94A1DEA}.Release|Any CPU.ActiveCfg = Release|Any CPU
		{79F43401-CED2-46C1-A3C9-A8E9F94A1DEA}.Release|Any CPU.Build.0 = Release|Any CPU
		{79F43401-CED2-46C1-A3C9-A8E9F94A1DEA}.Release|ARM.ActiveCfg = Release|Any CPU
		{79F43401-CED2-46C1-A3C9-A8E9F94A1DEA}.Release|ARM.Build.0 = Release|Any CPU
		{79F43401-CED2-46C1-A3C9-A8E9F94A1DEA}.Release|iPhone.ActiveCfg = Release|Any CPU
		{79F43401-CED2-46C1-A3C9-A8E9F94A1DEA}.Release|iPhone.Build.0 = Release|Any CPU
		{79F43401-CED2-46C1-A3C9-A8E9F94A1DEA}.Release|iPhoneSimulator.ActiveCfg = Release|Any CPU
		{79F43401-CED2-46C1-A3C9-A8E9F94A1DEA}.Release|iPhoneSimulator.Build.0 = Release|Any CPU
		{79F43401-CED2-46C1-A3C9-A8E9F94A1DEA}.Release|x86.ActiveCfg = Release|Any CPU
		{79F43401-CED2-46C1-A3C9-A8E9F94A1DEA}.Release|x86.Build.0 = Release|Any CPU
		{FE61929A-6F78-40B6-8929-62CFB62E3BE6}.AppStore|Any CPU.ActiveCfg = Release|Any CPU
		{FE61929A-6F78-40B6-8929-62CFB62E3BE6}.AppStore|Any CPU.Build.0 = Release|Any CPU
		{FE61929A-6F78-40B6-8929-62CFB62E3BE6}.AppStore|ARM.ActiveCfg = Release|Any CPU
		{FE61929A-6F78-40B6-8929-62CFB62E3BE6}.AppStore|ARM.Build.0 = Release|Any CPU
		{FE61929A-6F78-40B6-8929-62CFB62E3BE6}.AppStore|iPhone.ActiveCfg = Release|Any CPU
		{FE61929A-6F78-40B6-8929-62CFB62E3BE6}.AppStore|iPhone.Build.0 = Release|Any CPU
		{FE61929A-6F78-40B6-8929-62CFB62E3BE6}.AppStore|iPhoneSimulator.ActiveCfg = Release|Any CPU
		{FE61929A-6F78-40B6-8929-62CFB62E3BE6}.AppStore|iPhoneSimulator.Build.0 = Release|Any CPU
		{FE61929A-6F78-40B6-8929-62CFB62E3BE6}.AppStore|x86.ActiveCfg = Release|Any CPU
		{FE61929A-6F78-40B6-8929-62CFB62E3BE6}.AppStore|x86.Build.0 = Release|Any CPU
		{FE61929A-6F78-40B6-8929-62CFB62E3BE6}.Debug|Any CPU.ActiveCfg = Debug|Any CPU
		{FE61929A-6F78-40B6-8929-62CFB62E3BE6}.Debug|Any CPU.Build.0 = Debug|Any CPU
		{FE61929A-6F78-40B6-8929-62CFB62E3BE6}.Debug|ARM.ActiveCfg = Debug|Any CPU
		{FE61929A-6F78-40B6-8929-62CFB62E3BE6}.Debug|ARM.Build.0 = Debug|Any CPU
		{FE61929A-6F78-40B6-8929-62CFB62E3BE6}.Debug|iPhone.ActiveCfg = Debug|Any CPU
		{FE61929A-6F78-40B6-8929-62CFB62E3BE6}.Debug|iPhone.Build.0 = Debug|Any CPU
		{FE61929A-6F78-40B6-8929-62CFB62E3BE6}.Debug|iPhoneSimulator.ActiveCfg = Debug|Any CPU
		{FE61929A-6F78-40B6-8929-62CFB62E3BE6}.Debug|iPhoneSimulator.Build.0 = Debug|Any CPU
		{FE61929A-6F78-40B6-8929-62CFB62E3BE6}.Debug|x86.ActiveCfg = Debug|Any CPU
		{FE61929A-6F78-40B6-8929-62CFB62E3BE6}.Debug|x86.Build.0 = Debug|Any CPU
		{FE61929A-6F78-40B6-8929-62CFB62E3BE6}.Release|Any CPU.ActiveCfg = Release|Any CPU
		{FE61929A-6F78-40B6-8929-62CFB62E3BE6}.Release|Any CPU.Build.0 = Release|Any CPU
		{FE61929A-6F78-40B6-8929-62CFB62E3BE6}.Release|ARM.ActiveCfg = Release|Any CPU
		{FE61929A-6F78-40B6-8929-62CFB62E3BE6}.Release|ARM.Build.0 = Release|Any CPU
		{FE61929A-6F78-40B6-8929-62CFB62E3BE6}.Release|iPhone.ActiveCfg = Release|Any CPU
		{FE61929A-6F78-40B6-8929-62CFB62E3BE6}.Release|iPhone.Build.0 = Release|Any CPU
		{FE61929A-6F78-40B6-8929-62CFB62E3BE6}.Release|iPhoneSimulator.ActiveCfg = Release|Any CPU
		{FE61929A-6F78-40B6-8929-62CFB62E3BE6}.Release|iPhoneSimulator.Build.0 = Release|Any CPU
		{FE61929A-6F78-40B6-8929-62CFB62E3BE6}.Release|x86.ActiveCfg = Release|Any CPU
		{FE61929A-6F78-40B6-8929-62CFB62E3BE6}.Release|x86.Build.0 = Release|Any CPU
		{35055D77-822C-4D69-8DF2-722B42CC405A}.AppStore|Any CPU.ActiveCfg = Release|Any CPU
		{35055D77-822C-4D69-8DF2-722B42CC405A}.AppStore|Any CPU.Build.0 = Release|Any CPU
		{35055D77-822C-4D69-8DF2-722B42CC405A}.AppStore|ARM.ActiveCfg = Release|Any CPU
		{35055D77-822C-4D69-8DF2-722B42CC405A}.AppStore|ARM.Build.0 = Release|Any CPU
		{35055D77-822C-4D69-8DF2-722B42CC405A}.AppStore|iPhone.ActiveCfg = Release|Any CPU
		{35055D77-822C-4D69-8DF2-722B42CC405A}.AppStore|iPhone.Build.0 = Release|Any CPU
		{35055D77-822C-4D69-8DF2-722B42CC405A}.AppStore|iPhoneSimulator.ActiveCfg = Release|Any CPU
		{35055D77-822C-4D69-8DF2-722B42CC405A}.AppStore|iPhoneSimulator.Build.0 = Release|Any CPU
		{35055D77-822C-4D69-8DF2-722B42CC405A}.AppStore|x86.ActiveCfg = Release|Any CPU
		{35055D77-822C-4D69-8DF2-722B42CC405A}.AppStore|x86.Build.0 = Release|Any CPU
		{35055D77-822C-4D69-8DF2-722B42CC405A}.Debug|Any CPU.ActiveCfg = Debug|Any CPU
		{35055D77-822C-4D69-8DF2-722B42CC405A}.Debug|Any CPU.Build.0 = Debug|Any CPU
		{35055D77-822C-4D69-8DF2-722B42CC405A}.Debug|ARM.ActiveCfg = Debug|Any CPU
		{35055D77-822C-4D69-8DF2-722B42CC405A}.Debug|ARM.Build.0 = Debug|Any CPU
		{35055D77-822C-4D69-8DF2-722B42CC405A}.Debug|iPhone.ActiveCfg = Debug|Any CPU
		{35055D77-822C-4D69-8DF2-722B42CC405A}.Debug|iPhone.Build.0 = Debug|Any CPU
		{35055D77-822C-4D69-8DF2-722B42CC405A}.Debug|iPhoneSimulator.ActiveCfg = Debug|Any CPU
		{35055D77-822C-4D69-8DF2-722B42CC405A}.Debug|iPhoneSimulator.Build.0 = Debug|Any CPU
		{35055D77-822C-4D69-8DF2-722B42CC405A}.Debug|x86.ActiveCfg = Debug|Any CPU
		{35055D77-822C-4D69-8DF2-722B42CC405A}.Debug|x86.Build.0 = Debug|Any CPU
		{35055D77-822C-4D69-8DF2-722B42CC405A}.Release|Any CPU.ActiveCfg = Release|Any CPU
		{35055D77-822C-4D69-8DF2-722B42CC405A}.Release|Any CPU.Build.0 = Release|Any CPU
		{35055D77-822C-4D69-8DF2-722B42CC405A}.Release|ARM.ActiveCfg = Release|Any CPU
		{35055D77-822C-4D69-8DF2-722B42CC405A}.Release|ARM.Build.0 = Release|Any CPU
		{35055D77-822C-4D69-8DF2-722B42CC405A}.Release|iPhone.ActiveCfg = Release|Any CPU
		{35055D77-822C-4D69-8DF2-722B42CC405A}.Release|iPhone.Build.0 = Release|Any CPU
		{35055D77-822C-4D69-8DF2-722B42CC405A}.Release|iPhoneSimulator.ActiveCfg = Release|Any CPU
		{35055D77-822C-4D69-8DF2-722B42CC405A}.Release|iPhoneSimulator.Build.0 = Release|Any CPU
		{35055D77-822C-4D69-8DF2-722B42CC405A}.Release|x86.ActiveCfg = Release|Any CPU
		{35055D77-822C-4D69-8DF2-722B42CC405A}.Release|x86.Build.0 = Release|Any CPU
		{35529D33-DC72-4BD3-8E39-F964AE39BA6D}.AppStore|Any CPU.ActiveCfg = Release|Any CPU
		{35529D33-DC72-4BD3-8E39-F964AE39BA6D}.AppStore|Any CPU.Build.0 = Release|Any CPU
		{35529D33-DC72-4BD3-8E39-F964AE39BA6D}.AppStore|ARM.ActiveCfg = Release|Any CPU
		{35529D33-DC72-4BD3-8E39-F964AE39BA6D}.AppStore|ARM.Build.0 = Release|Any CPU
		{35529D33-DC72-4BD3-8E39-F964AE39BA6D}.AppStore|iPhone.ActiveCfg = Release|Any CPU
		{35529D33-DC72-4BD3-8E39-F964AE39BA6D}.AppStore|iPhone.Build.0 = Release|Any CPU
		{35529D33-DC72-4BD3-8E39-F964AE39BA6D}.AppStore|iPhoneSimulator.ActiveCfg = Release|Any CPU
		{35529D33-DC72-4BD3-8E39-F964AE39BA6D}.AppStore|iPhoneSimulator.Build.0 = Release|Any CPU
		{35529D33-DC72-4BD3-8E39-F964AE39BA6D}.AppStore|x86.ActiveCfg = Release|Any CPU
		{35529D33-DC72-4BD3-8E39-F964AE39BA6D}.AppStore|x86.Build.0 = Release|Any CPU
		{35529D33-DC72-4BD3-8E39-F964AE39BA6D}.Debug|Any CPU.ActiveCfg = Debug|Any CPU
		{35529D33-DC72-4BD3-8E39-F964AE39BA6D}.Debug|Any CPU.Build.0 = Debug|Any CPU
		{35529D33-DC72-4BD3-8E39-F964AE39BA6D}.Debug|ARM.ActiveCfg = Debug|Any CPU
		{35529D33-DC72-4BD3-8E39-F964AE39BA6D}.Debug|ARM.Build.0 = Debug|Any CPU
		{35529D33-DC72-4BD3-8E39-F964AE39BA6D}.Debug|iPhone.ActiveCfg = Debug|Any CPU
		{35529D33-DC72-4BD3-8E39-F964AE39BA6D}.Debug|iPhone.Build.0 = Debug|Any CPU
		{35529D33-DC72-4BD3-8E39-F964AE39BA6D}.Debug|iPhoneSimulator.ActiveCfg = Debug|Any CPU
		{35529D33-DC72-4BD3-8E39-F964AE39BA6D}.Debug|iPhoneSimulator.Build.0 = Debug|Any CPU
		{35529D33-DC72-4BD3-8E39-F964AE39BA6D}.Debug|x86.ActiveCfg = Debug|Any CPU
		{35529D33-DC72-4BD3-8E39-F964AE39BA6D}.Debug|x86.Build.0 = Debug|Any CPU
		{35529D33-DC72-4BD3-8E39-F964AE39BA6D}.Release|Any CPU.ActiveCfg = Release|Any CPU
		{35529D33-DC72-4BD3-8E39-F964AE39BA6D}.Release|Any CPU.Build.0 = Release|Any CPU
		{35529D33-DC72-4BD3-8E39-F964AE39BA6D}.Release|ARM.ActiveCfg = Release|Any CPU
		{35529D33-DC72-4BD3-8E39-F964AE39BA6D}.Release|ARM.Build.0 = Release|Any CPU
		{35529D33-DC72-4BD3-8E39-F964AE39BA6D}.Release|iPhone.ActiveCfg = Release|Any CPU
		{35529D33-DC72-4BD3-8E39-F964AE39BA6D}.Release|iPhone.Build.0 = Release|Any CPU
		{35529D33-DC72-4BD3-8E39-F964AE39BA6D}.Release|iPhoneSimulator.ActiveCfg = Release|Any CPU
		{35529D33-DC72-4BD3-8E39-F964AE39BA6D}.Release|iPhoneSimulator.Build.0 = Release|Any CPU
		{35529D33-DC72-4BD3-8E39-F964AE39BA6D}.Release|x86.ActiveCfg = Release|Any CPU
		{35529D33-DC72-4BD3-8E39-F964AE39BA6D}.Release|x86.Build.0 = Release|Any CPU
		{8591A4C5-3368-4D2D-98E5-E42FB2C8A3C3}.AppStore|Any CPU.ActiveCfg = Release|Any CPU
		{8591A4C5-3368-4D2D-98E5-E42FB2C8A3C3}.AppStore|Any CPU.Build.0 = Release|Any CPU
		{8591A4C5-3368-4D2D-98E5-E42FB2C8A3C3}.AppStore|ARM.ActiveCfg = Release|Any CPU
		{8591A4C5-3368-4D2D-98E5-E42FB2C8A3C3}.AppStore|ARM.Build.0 = Release|Any CPU
		{8591A4C5-3368-4D2D-98E5-E42FB2C8A3C3}.AppStore|iPhone.ActiveCfg = Release|Any CPU
		{8591A4C5-3368-4D2D-98E5-E42FB2C8A3C3}.AppStore|iPhone.Build.0 = Release|Any CPU
		{8591A4C5-3368-4D2D-98E5-E42FB2C8A3C3}.AppStore|iPhoneSimulator.ActiveCfg = Release|Any CPU
		{8591A4C5-3368-4D2D-98E5-E42FB2C8A3C3}.AppStore|iPhoneSimulator.Build.0 = Release|Any CPU
		{8591A4C5-3368-4D2D-98E5-E42FB2C8A3C3}.AppStore|x86.ActiveCfg = Release|Any CPU
		{8591A4C5-3368-4D2D-98E5-E42FB2C8A3C3}.AppStore|x86.Build.0 = Release|Any CPU
		{8591A4C5-3368-4D2D-98E5-E42FB2C8A3C3}.Debug|Any CPU.ActiveCfg = Debug|Any CPU
		{8591A4C5-3368-4D2D-98E5-E42FB2C8A3C3}.Debug|Any CPU.Build.0 = Debug|Any CPU
		{8591A4C5-3368-4D2D-98E5-E42FB2C8A3C3}.Debug|ARM.ActiveCfg = Debug|Any CPU
		{8591A4C5-3368-4D2D-98E5-E42FB2C8A3C3}.Debug|ARM.Build.0 = Debug|Any CPU
		{8591A4C5-3368-4D2D-98E5-E42FB2C8A3C3}.Debug|iPhone.ActiveCfg = Debug|Any CPU
		{8591A4C5-3368-4D2D-98E5-E42FB2C8A3C3}.Debug|iPhone.Build.0 = Debug|Any CPU
		{8591A4C5-3368-4D2D-98E5-E42FB2C8A3C3}.Debug|iPhoneSimulator.ActiveCfg = Debug|Any CPU
		{8591A4C5-3368-4D2D-98E5-E42FB2C8A3C3}.Debug|iPhoneSimulator.Build.0 = Debug|Any CPU
		{8591A4C5-3368-4D2D-98E5-E42FB2C8A3C3}.Debug|x86.ActiveCfg = Debug|Any CPU
		{8591A4C5-3368-4D2D-98E5-E42FB2C8A3C3}.Debug|x86.Build.0 = Debug|Any CPU
		{8591A4C5-3368-4D2D-98E5-E42FB2C8A3C3}.Release|Any CPU.ActiveCfg = Release|Any CPU
		{8591A4C5-3368-4D2D-98E5-E42FB2C8A3C3}.Release|Any CPU.Build.0 = Release|Any CPU
		{8591A4C5-3368-4D2D-98E5-E42FB2C8A3C3}.Release|ARM.ActiveCfg = Release|Any CPU
		{8591A4C5-3368-4D2D-98E5-E42FB2C8A3C3}.Release|ARM.Build.0 = Release|Any CPU
		{8591A4C5-3368-4D2D-98E5-E42FB2C8A3C3}.Release|iPhone.ActiveCfg = Release|Any CPU
		{8591A4C5-3368-4D2D-98E5-E42FB2C8A3C3}.Release|iPhone.Build.0 = Release|Any CPU
		{8591A4C5-3368-4D2D-98E5-E42FB2C8A3C3}.Release|iPhoneSimulator.ActiveCfg = Release|Any CPU
		{8591A4C5-3368-4D2D-98E5-E42FB2C8A3C3}.Release|iPhoneSimulator.Build.0 = Release|Any CPU
		{8591A4C5-3368-4D2D-98E5-E42FB2C8A3C3}.Release|x86.ActiveCfg = Release|Any CPU
		{8591A4C5-3368-4D2D-98E5-E42FB2C8A3C3}.Release|x86.Build.0 = Release|Any CPU
		{E1FBA15F-0E8E-4AB1-97CD-E6F2A8EA2279}.AppStore|Any CPU.ActiveCfg = Release|Any CPU
		{E1FBA15F-0E8E-4AB1-97CD-E6F2A8EA2279}.AppStore|Any CPU.Build.0 = Release|Any CPU
		{E1FBA15F-0E8E-4AB1-97CD-E6F2A8EA2279}.AppStore|ARM.ActiveCfg = Release|Any CPU
		{E1FBA15F-0E8E-4AB1-97CD-E6F2A8EA2279}.AppStore|ARM.Build.0 = Release|Any CPU
		{E1FBA15F-0E8E-4AB1-97CD-E6F2A8EA2279}.AppStore|iPhone.ActiveCfg = Release|Any CPU
		{E1FBA15F-0E8E-4AB1-97CD-E6F2A8EA2279}.AppStore|iPhone.Build.0 = Release|Any CPU
		{E1FBA15F-0E8E-4AB1-97CD-E6F2A8EA2279}.AppStore|iPhoneSimulator.ActiveCfg = Release|Any CPU
		{E1FBA15F-0E8E-4AB1-97CD-E6F2A8EA2279}.AppStore|iPhoneSimulator.Build.0 = Release|Any CPU
		{E1FBA15F-0E8E-4AB1-97CD-E6F2A8EA2279}.AppStore|x86.ActiveCfg = Release|Any CPU
		{E1FBA15F-0E8E-4AB1-97CD-E6F2A8EA2279}.AppStore|x86.Build.0 = Release|Any CPU
		{E1FBA15F-0E8E-4AB1-97CD-E6F2A8EA2279}.Debug|Any CPU.ActiveCfg = Debug|Any CPU
		{E1FBA15F-0E8E-4AB1-97CD-E6F2A8EA2279}.Debug|Any CPU.Build.0 = Debug|Any CPU
		{E1FBA15F-0E8E-4AB1-97CD-E6F2A8EA2279}.Debug|ARM.ActiveCfg = Debug|Any CPU
		{E1FBA15F-0E8E-4AB1-97CD-E6F2A8EA2279}.Debug|ARM.Build.0 = Debug|Any CPU
		{E1FBA15F-0E8E-4AB1-97CD-E6F2A8EA2279}.Debug|iPhone.ActiveCfg = Debug|Any CPU
		{E1FBA15F-0E8E-4AB1-97CD-E6F2A8EA2279}.Debug|iPhone.Build.0 = Debug|Any CPU
		{E1FBA15F-0E8E-4AB1-97CD-E6F2A8EA2279}.Debug|iPhoneSimulator.ActiveCfg = Debug|Any CPU
		{E1FBA15F-0E8E-4AB1-97CD-E6F2A8EA2279}.Debug|iPhoneSimulator.Build.0 = Debug|Any CPU
		{E1FBA15F-0E8E-4AB1-97CD-E6F2A8EA2279}.Debug|x86.ActiveCfg = Debug|Any CPU
		{E1FBA15F-0E8E-4AB1-97CD-E6F2A8EA2279}.Debug|x86.Build.0 = Debug|Any CPU
		{E1FBA15F-0E8E-4AB1-97CD-E6F2A8EA2279}.Release|Any CPU.ActiveCfg = Release|Any CPU
		{E1FBA15F-0E8E-4AB1-97CD-E6F2A8EA2279}.Release|Any CPU.Build.0 = Release|Any CPU
		{E1FBA15F-0E8E-4AB1-97CD-E6F2A8EA2279}.Release|ARM.ActiveCfg = Release|Any CPU
		{E1FBA15F-0E8E-4AB1-97CD-E6F2A8EA2279}.Release|ARM.Build.0 = Release|Any CPU
		{E1FBA15F-0E8E-4AB1-97CD-E6F2A8EA2279}.Release|iPhone.ActiveCfg = Release|Any CPU
		{E1FBA15F-0E8E-4AB1-97CD-E6F2A8EA2279}.Release|iPhone.Build.0 = Release|Any CPU
		{E1FBA15F-0E8E-4AB1-97CD-E6F2A8EA2279}.Release|iPhoneSimulator.ActiveCfg = Release|Any CPU
		{E1FBA15F-0E8E-4AB1-97CD-E6F2A8EA2279}.Release|iPhoneSimulator.Build.0 = Release|Any CPU
		{E1FBA15F-0E8E-4AB1-97CD-E6F2A8EA2279}.Release|x86.ActiveCfg = Release|Any CPU
		{E1FBA15F-0E8E-4AB1-97CD-E6F2A8EA2279}.Release|x86.Build.0 = Release|Any CPU
		{3ECF9C7F-7DD2-49DD-84CD-51473A56F688}.AppStore|Any CPU.ActiveCfg = Release|Any CPU
		{3ECF9C7F-7DD2-49DD-84CD-51473A56F688}.AppStore|Any CPU.Build.0 = Release|Any CPU
		{3ECF9C7F-7DD2-49DD-84CD-51473A56F688}.AppStore|ARM.ActiveCfg = Release|Any CPU
		{3ECF9C7F-7DD2-49DD-84CD-51473A56F688}.AppStore|ARM.Build.0 = Release|Any CPU
		{3ECF9C7F-7DD2-49DD-84CD-51473A56F688}.AppStore|iPhone.ActiveCfg = Release|Any CPU
		{3ECF9C7F-7DD2-49DD-84CD-51473A56F688}.AppStore|iPhone.Build.0 = Release|Any CPU
		{3ECF9C7F-7DD2-49DD-84CD-51473A56F688}.AppStore|iPhoneSimulator.ActiveCfg = Release|Any CPU
		{3ECF9C7F-7DD2-49DD-84CD-51473A56F688}.AppStore|iPhoneSimulator.Build.0 = Release|Any CPU
		{3ECF9C7F-7DD2-49DD-84CD-51473A56F688}.AppStore|x86.ActiveCfg = Release|Any CPU
		{3ECF9C7F-7DD2-49DD-84CD-51473A56F688}.AppStore|x86.Build.0 = Release|Any CPU
		{3ECF9C7F-7DD2-49DD-84CD-51473A56F688}.Debug|Any CPU.ActiveCfg = Debug|Any CPU
		{3ECF9C7F-7DD2-49DD-84CD-51473A56F688}.Debug|Any CPU.Build.0 = Debug|Any CPU
		{3ECF9C7F-7DD2-49DD-84CD-51473A56F688}.Debug|ARM.ActiveCfg = Debug|Any CPU
		{3ECF9C7F-7DD2-49DD-84CD-51473A56F688}.Debug|ARM.Build.0 = Debug|Any CPU
		{3ECF9C7F-7DD2-49DD-84CD-51473A56F688}.Debug|iPhone.ActiveCfg = Debug|Any CPU
		{3ECF9C7F-7DD2-49DD-84CD-51473A56F688}.Debug|iPhone.Build.0 = Debug|Any CPU
		{3ECF9C7F-7DD2-49DD-84CD-51473A56F688}.Debug|iPhoneSimulator.ActiveCfg = Debug|Any CPU
		{3ECF9C7F-7DD2-49DD-84CD-51473A56F688}.Debug|iPhoneSimulator.Build.0 = Debug|Any CPU
		{3ECF9C7F-7DD2-49DD-84CD-51473A56F688}.Debug|x86.ActiveCfg = Debug|Any CPU
		{3ECF9C7F-7DD2-49DD-84CD-51473A56F688}.Debug|x86.Build.0 = Debug|Any CPU
		{3ECF9C7F-7DD2-49DD-84CD-51473A56F688}.Release|Any CPU.ActiveCfg = Release|Any CPU
		{3ECF9C7F-7DD2-49DD-84CD-51473A56F688}.Release|Any CPU.Build.0 = Release|Any CPU
		{3ECF9C7F-7DD2-49DD-84CD-51473A56F688}.Release|ARM.ActiveCfg = Release|Any CPU
		{3ECF9C7F-7DD2-49DD-84CD-51473A56F688}.Release|ARM.Build.0 = Release|Any CPU
		{3ECF9C7F-7DD2-49DD-84CD-51473A56F688}.Release|iPhone.ActiveCfg = Release|Any CPU
		{3ECF9C7F-7DD2-49DD-84CD-51473A56F688}.Release|iPhone.Build.0 = Release|Any CPU
		{3ECF9C7F-7DD2-49DD-84CD-51473A56F688}.Release|iPhoneSimulator.ActiveCfg = Release|Any CPU
		{3ECF9C7F-7DD2-49DD-84CD-51473A56F688}.Release|iPhoneSimulator.Build.0 = Release|Any CPU
		{3ECF9C7F-7DD2-49DD-84CD-51473A56F688}.Release|x86.ActiveCfg = Release|Any CPU
		{3ECF9C7F-7DD2-49DD-84CD-51473A56F688}.Release|x86.Build.0 = Release|Any CPU
		{E4897226-0FFD-46C5-A44F-C7EE91572856}.AppStore|Any CPU.ActiveCfg = Release|Any CPU
		{E4897226-0FFD-46C5-A44F-C7EE91572856}.AppStore|Any CPU.Build.0 = Release|Any CPU
		{E4897226-0FFD-46C5-A44F-C7EE91572856}.AppStore|ARM.ActiveCfg = Release|Any CPU
		{E4897226-0FFD-46C5-A44F-C7EE91572856}.AppStore|ARM.Build.0 = Release|Any CPU
		{E4897226-0FFD-46C5-A44F-C7EE91572856}.AppStore|iPhone.ActiveCfg = Release|Any CPU
		{E4897226-0FFD-46C5-A44F-C7EE91572856}.AppStore|iPhone.Build.0 = Release|Any CPU
		{E4897226-0FFD-46C5-A44F-C7EE91572856}.AppStore|iPhoneSimulator.ActiveCfg = Release|Any CPU
		{E4897226-0FFD-46C5-A44F-C7EE91572856}.AppStore|iPhoneSimulator.Build.0 = Release|Any CPU
		{E4897226-0FFD-46C5-A44F-C7EE91572856}.AppStore|x86.ActiveCfg = Release|Any CPU
		{E4897226-0FFD-46C5-A44F-C7EE91572856}.AppStore|x86.Build.0 = Release|Any CPU
		{E4897226-0FFD-46C5-A44F-C7EE91572856}.Debug|Any CPU.ActiveCfg = Debug|Any CPU
		{E4897226-0FFD-46C5-A44F-C7EE91572856}.Debug|Any CPU.Build.0 = Debug|Any CPU
		{E4897226-0FFD-46C5-A44F-C7EE91572856}.Debug|ARM.ActiveCfg = Debug|Any CPU
		{E4897226-0FFD-46C5-A44F-C7EE91572856}.Debug|ARM.Build.0 = Debug|Any CPU
		{E4897226-0FFD-46C5-A44F-C7EE91572856}.Debug|iPhone.ActiveCfg = Debug|Any CPU
		{E4897226-0FFD-46C5-A44F-C7EE91572856}.Debug|iPhone.Build.0 = Debug|Any CPU
		{E4897226-0FFD-46C5-A44F-C7EE91572856}.Debug|iPhoneSimulator.ActiveCfg = Debug|Any CPU
		{E4897226-0FFD-46C5-A44F-C7EE91572856}.Debug|iPhoneSimulator.Build.0 = Debug|Any CPU
		{E4897226-0FFD-46C5-A44F-C7EE91572856}.Debug|x86.ActiveCfg = Debug|Any CPU
		{E4897226-0FFD-46C5-A44F-C7EE91572856}.Debug|x86.Build.0 = Debug|Any CPU
		{E4897226-0FFD-46C5-A44F-C7EE91572856}.Release|Any CPU.ActiveCfg = Release|Any CPU
		{E4897226-0FFD-46C5-A44F-C7EE91572856}.Release|Any CPU.Build.0 = Release|Any CPU
		{E4897226-0FFD-46C5-A44F-C7EE91572856}.Release|ARM.ActiveCfg = Release|Any CPU
		{E4897226-0FFD-46C5-A44F-C7EE91572856}.Release|ARM.Build.0 = Release|Any CPU
		{E4897226-0FFD-46C5-A44F-C7EE91572856}.Release|iPhone.ActiveCfg = Release|Any CPU
		{E4897226-0FFD-46C5-A44F-C7EE91572856}.Release|iPhone.Build.0 = Release|Any CPU
		{E4897226-0FFD-46C5-A44F-C7EE91572856}.Release|iPhoneSimulator.ActiveCfg = Release|Any CPU
		{E4897226-0FFD-46C5-A44F-C7EE91572856}.Release|iPhoneSimulator.Build.0 = Release|Any CPU
		{E4897226-0FFD-46C5-A44F-C7EE91572856}.Release|x86.ActiveCfg = Release|Any CPU
		{E4897226-0FFD-46C5-A44F-C7EE91572856}.Release|x86.Build.0 = Release|Any CPU
		{D85F55C6-3976-4633-8DD4-E6BAD79E4570}.AppStore|Any CPU.ActiveCfg = Release|Any CPU
		{D85F55C6-3976-4633-8DD4-E6BAD79E4570}.AppStore|Any CPU.Build.0 = Release|Any CPU
		{D85F55C6-3976-4633-8DD4-E6BAD79E4570}.AppStore|ARM.ActiveCfg = Release|Any CPU
		{D85F55C6-3976-4633-8DD4-E6BAD79E4570}.AppStore|ARM.Build.0 = Release|Any CPU
		{D85F55C6-3976-4633-8DD4-E6BAD79E4570}.AppStore|iPhone.ActiveCfg = Release|Any CPU
		{D85F55C6-3976-4633-8DD4-E6BAD79E4570}.AppStore|iPhone.Build.0 = Release|Any CPU
		{D85F55C6-3976-4633-8DD4-E6BAD79E4570}.AppStore|iPhoneSimulator.ActiveCfg = Release|Any CPU
		{D85F55C6-3976-4633-8DD4-E6BAD79E4570}.AppStore|iPhoneSimulator.Build.0 = Release|Any CPU
		{D85F55C6-3976-4633-8DD4-E6BAD79E4570}.AppStore|x86.ActiveCfg = Release|Any CPU
		{D85F55C6-3976-4633-8DD4-E6BAD79E4570}.AppStore|x86.Build.0 = Release|Any CPU
		{D85F55C6-3976-4633-8DD4-E6BAD79E4570}.Debug|Any CPU.ActiveCfg = Debug|Any CPU
		{D85F55C6-3976-4633-8DD4-E6BAD79E4570}.Debug|Any CPU.Build.0 = Debug|Any CPU
		{D85F55C6-3976-4633-8DD4-E6BAD79E4570}.Debug|ARM.ActiveCfg = Debug|Any CPU
		{D85F55C6-3976-4633-8DD4-E6BAD79E4570}.Debug|ARM.Build.0 = Debug|Any CPU
		{D85F55C6-3976-4633-8DD4-E6BAD79E4570}.Debug|iPhone.ActiveCfg = Debug|Any CPU
		{D85F55C6-3976-4633-8DD4-E6BAD79E4570}.Debug|iPhone.Build.0 = Debug|Any CPU
		{D85F55C6-3976-4633-8DD4-E6BAD79E4570}.Debug|iPhoneSimulator.ActiveCfg = Debug|Any CPU
		{D85F55C6-3976-4633-8DD4-E6BAD79E4570}.Debug|iPhoneSimulator.Build.0 = Debug|Any CPU
		{D85F55C6-3976-4633-8DD4-E6BAD79E4570}.Debug|x86.ActiveCfg = Debug|Any CPU
		{D85F55C6-3976-4633-8DD4-E6BAD79E4570}.Debug|x86.Build.0 = Debug|Any CPU
		{D85F55C6-3976-4633-8DD4-E6BAD79E4570}.Release|Any CPU.ActiveCfg = Release|Any CPU
		{D85F55C6-3976-4633-8DD4-E6BAD79E4570}.Release|Any CPU.Build.0 = Release|Any CPU
		{D85F55C6-3976-4633-8DD4-E6BAD79E4570}.Release|ARM.ActiveCfg = Release|Any CPU
		{D85F55C6-3976-4633-8DD4-E6BAD79E4570}.Release|ARM.Build.0 = Release|Any CPU
		{D85F55C6-3976-4633-8DD4-E6BAD79E4570}.Release|iPhone.ActiveCfg = Release|Any CPU
		{D85F55C6-3976-4633-8DD4-E6BAD79E4570}.Release|iPhone.Build.0 = Release|Any CPU
		{D85F55C6-3976-4633-8DD4-E6BAD79E4570}.Release|iPhoneSimulator.ActiveCfg = Release|Any CPU
		{D85F55C6-3976-4633-8DD4-E6BAD79E4570}.Release|iPhoneSimulator.Build.0 = Release|Any CPU
		{D85F55C6-3976-4633-8DD4-E6BAD79E4570}.Release|x86.ActiveCfg = Release|Any CPU
		{D85F55C6-3976-4633-8DD4-E6BAD79E4570}.Release|x86.Build.0 = Release|Any CPU
		{5E158DA9-4D12-444D-BD45-AC8749187EE0}.AppStore|Any CPU.ActiveCfg = Release|Any CPU
		{5E158DA9-4D12-444D-BD45-AC8749187EE0}.AppStore|Any CPU.Build.0 = Release|Any CPU
		{5E158DA9-4D12-444D-BD45-AC8749187EE0}.AppStore|ARM.ActiveCfg = Release|Any CPU
		{5E158DA9-4D12-444D-BD45-AC8749187EE0}.AppStore|ARM.Build.0 = Release|Any CPU
		{5E158DA9-4D12-444D-BD45-AC8749187EE0}.AppStore|iPhone.ActiveCfg = Release|Any CPU
		{5E158DA9-4D12-444D-BD45-AC8749187EE0}.AppStore|iPhone.Build.0 = Release|Any CPU
		{5E158DA9-4D12-444D-BD45-AC8749187EE0}.AppStore|iPhoneSimulator.ActiveCfg = Release|Any CPU
		{5E158DA9-4D12-444D-BD45-AC8749187EE0}.AppStore|iPhoneSimulator.Build.0 = Release|Any CPU
		{5E158DA9-4D12-444D-BD45-AC8749187EE0}.AppStore|x86.ActiveCfg = Release|Any CPU
		{5E158DA9-4D12-444D-BD45-AC8749187EE0}.AppStore|x86.Build.0 = Release|Any CPU
		{5E158DA9-4D12-444D-BD45-AC8749187EE0}.Debug|Any CPU.ActiveCfg = Debug|Any CPU
		{5E158DA9-4D12-444D-BD45-AC8749187EE0}.Debug|Any CPU.Build.0 = Debug|Any CPU
		{5E158DA9-4D12-444D-BD45-AC8749187EE0}.Debug|ARM.ActiveCfg = Debug|Any CPU
		{5E158DA9-4D12-444D-BD45-AC8749187EE0}.Debug|ARM.Build.0 = Debug|Any CPU
		{5E158DA9-4D12-444D-BD45-AC8749187EE0}.Debug|iPhone.ActiveCfg = Debug|Any CPU
		{5E158DA9-4D12-444D-BD45-AC8749187EE0}.Debug|iPhone.Build.0 = Debug|Any CPU
		{5E158DA9-4D12-444D-BD45-AC8749187EE0}.Debug|iPhoneSimulator.ActiveCfg = Debug|Any CPU
		{5E158DA9-4D12-444D-BD45-AC8749187EE0}.Debug|iPhoneSimulator.Build.0 = Debug|Any CPU
		{5E158DA9-4D12-444D-BD45-AC8749187EE0}.Debug|x86.ActiveCfg = Debug|Any CPU
		{5E158DA9-4D12-444D-BD45-AC8749187EE0}.Debug|x86.Build.0 = Debug|Any CPU
		{5E158DA9-4D12-444D-BD45-AC8749187EE0}.Release|Any CPU.ActiveCfg = Release|Any CPU
		{5E158DA9-4D12-444D-BD45-AC8749187EE0}.Release|Any CPU.Build.0 = Release|Any CPU
		{5E158DA9-4D12-444D-BD45-AC8749187EE0}.Release|ARM.ActiveCfg = Release|Any CPU
		{5E158DA9-4D12-444D-BD45-AC8749187EE0}.Release|ARM.Build.0 = Release|Any CPU
		{5E158DA9-4D12-444D-BD45-AC8749187EE0}.Release|iPhone.ActiveCfg = Release|Any CPU
		{5E158DA9-4D12-444D-BD45-AC8749187EE0}.Release|iPhone.Build.0 = Release|Any CPU
		{5E158DA9-4D12-444D-BD45-AC8749187EE0}.Release|iPhoneSimulator.ActiveCfg = Release|Any CPU
		{5E158DA9-4D12-444D-BD45-AC8749187EE0}.Release|iPhoneSimulator.Build.0 = Release|Any CPU
		{5E158DA9-4D12-444D-BD45-AC8749187EE0}.Release|x86.ActiveCfg = Release|Any CPU
		{5E158DA9-4D12-444D-BD45-AC8749187EE0}.Release|x86.Build.0 = Release|Any CPU
		{657E0C81-9988-4709-90FE-6C81B10299C1}.AppStore|Any CPU.ActiveCfg = Release|Any CPU
		{657E0C81-9988-4709-90FE-6C81B10299C1}.AppStore|Any CPU.Build.0 = Release|Any CPU
		{657E0C81-9988-4709-90FE-6C81B10299C1}.AppStore|ARM.ActiveCfg = Release|Any CPU
		{657E0C81-9988-4709-90FE-6C81B10299C1}.AppStore|ARM.Build.0 = Release|Any CPU
		{657E0C81-9988-4709-90FE-6C81B10299C1}.AppStore|iPhone.ActiveCfg = Release|Any CPU
		{657E0C81-9988-4709-90FE-6C81B10299C1}.AppStore|iPhone.Build.0 = Release|Any CPU
		{657E0C81-9988-4709-90FE-6C81B10299C1}.AppStore|iPhoneSimulator.ActiveCfg = Release|Any CPU
		{657E0C81-9988-4709-90FE-6C81B10299C1}.AppStore|iPhoneSimulator.Build.0 = Release|Any CPU
		{657E0C81-9988-4709-90FE-6C81B10299C1}.AppStore|x86.ActiveCfg = Release|Any CPU
		{657E0C81-9988-4709-90FE-6C81B10299C1}.AppStore|x86.Build.0 = Release|Any CPU
		{657E0C81-9988-4709-90FE-6C81B10299C1}.Debug|Any CPU.ActiveCfg = Debug|Any CPU
		{657E0C81-9988-4709-90FE-6C81B10299C1}.Debug|Any CPU.Build.0 = Debug|Any CPU
		{657E0C81-9988-4709-90FE-6C81B10299C1}.Debug|ARM.ActiveCfg = Debug|Any CPU
		{657E0C81-9988-4709-90FE-6C81B10299C1}.Debug|ARM.Build.0 = Debug|Any CPU
		{657E0C81-9988-4709-90FE-6C81B10299C1}.Debug|iPhone.ActiveCfg = Debug|Any CPU
		{657E0C81-9988-4709-90FE-6C81B10299C1}.Debug|iPhone.Build.0 = Debug|Any CPU
		{657E0C81-9988-4709-90FE-6C81B10299C1}.Debug|iPhoneSimulator.ActiveCfg = Debug|Any CPU
		{657E0C81-9988-4709-90FE-6C81B10299C1}.Debug|iPhoneSimulator.Build.0 = Debug|Any CPU
		{657E0C81-9988-4709-90FE-6C81B10299C1}.Debug|x86.ActiveCfg = Debug|Any CPU
		{657E0C81-9988-4709-90FE-6C81B10299C1}.Debug|x86.Build.0 = Debug|Any CPU
		{657E0C81-9988-4709-90FE-6C81B10299C1}.Release|Any CPU.ActiveCfg = Release|Any CPU
		{657E0C81-9988-4709-90FE-6C81B10299C1}.Release|Any CPU.Build.0 = Release|Any CPU
		{657E0C81-9988-4709-90FE-6C81B10299C1}.Release|ARM.ActiveCfg = Release|Any CPU
		{657E0C81-9988-4709-90FE-6C81B10299C1}.Release|ARM.Build.0 = Release|Any CPU
		{657E0C81-9988-4709-90FE-6C81B10299C1}.Release|iPhone.ActiveCfg = Release|Any CPU
		{657E0C81-9988-4709-90FE-6C81B10299C1}.Release|iPhone.Build.0 = Release|Any CPU
		{657E0C81-9988-4709-90FE-6C81B10299C1}.Release|iPhoneSimulator.ActiveCfg = Release|Any CPU
		{657E0C81-9988-4709-90FE-6C81B10299C1}.Release|iPhoneSimulator.Build.0 = Release|Any CPU
		{657E0C81-9988-4709-90FE-6C81B10299C1}.Release|x86.ActiveCfg = Release|Any CPU
		{657E0C81-9988-4709-90FE-6C81B10299C1}.Release|x86.Build.0 = Release|Any CPU
		{FCBED957-07CB-421C-AD87-D77FCD2F04E9}.AppStore|Any CPU.ActiveCfg = Release|Any CPU
		{FCBED957-07CB-421C-AD87-D77FCD2F04E9}.AppStore|Any CPU.Build.0 = Release|Any CPU
		{FCBED957-07CB-421C-AD87-D77FCD2F04E9}.AppStore|ARM.ActiveCfg = Release|Any CPU
		{FCBED957-07CB-421C-AD87-D77FCD2F04E9}.AppStore|ARM.Build.0 = Release|Any CPU
		{FCBED957-07CB-421C-AD87-D77FCD2F04E9}.AppStore|iPhone.ActiveCfg = Release|Any CPU
		{FCBED957-07CB-421C-AD87-D77FCD2F04E9}.AppStore|iPhone.Build.0 = Release|Any CPU
		{FCBED957-07CB-421C-AD87-D77FCD2F04E9}.AppStore|iPhoneSimulator.ActiveCfg = Release|Any CPU
		{FCBED957-07CB-421C-AD87-D77FCD2F04E9}.AppStore|iPhoneSimulator.Build.0 = Release|Any CPU
		{FCBED957-07CB-421C-AD87-D77FCD2F04E9}.AppStore|x86.ActiveCfg = Release|Any CPU
		{FCBED957-07CB-421C-AD87-D77FCD2F04E9}.AppStore|x86.Build.0 = Release|Any CPU
		{FCBED957-07CB-421C-AD87-D77FCD2F04E9}.Debug|Any CPU.ActiveCfg = Debug|Any CPU
		{FCBED957-07CB-421C-AD87-D77FCD2F04E9}.Debug|Any CPU.Build.0 = Debug|Any CPU
		{FCBED957-07CB-421C-AD87-D77FCD2F04E9}.Debug|ARM.ActiveCfg = Debug|Any CPU
		{FCBED957-07CB-421C-AD87-D77FCD2F04E9}.Debug|ARM.Build.0 = Debug|Any CPU
		{FCBED957-07CB-421C-AD87-D77FCD2F04E9}.Debug|iPhone.ActiveCfg = Debug|Any CPU
		{FCBED957-07CB-421C-AD87-D77FCD2F04E9}.Debug|iPhone.Build.0 = Debug|Any CPU
		{FCBED957-07CB-421C-AD87-D77FCD2F04E9}.Debug|iPhoneSimulator.ActiveCfg = Debug|Any CPU
		{FCBED957-07CB-421C-AD87-D77FCD2F04E9}.Debug|iPhoneSimulator.Build.0 = Debug|Any CPU
		{FCBED957-07CB-421C-AD87-D77FCD2F04E9}.Debug|x86.ActiveCfg = Debug|Any CPU
		{FCBED957-07CB-421C-AD87-D77FCD2F04E9}.Debug|x86.Build.0 = Debug|Any CPU
		{FCBED957-07CB-421C-AD87-D77FCD2F04E9}.Release|Any CPU.ActiveCfg = Release|Any CPU
		{FCBED957-07CB-421C-AD87-D77FCD2F04E9}.Release|Any CPU.Build.0 = Release|Any CPU
		{FCBED957-07CB-421C-AD87-D77FCD2F04E9}.Release|ARM.ActiveCfg = Release|Any CPU
		{FCBED957-07CB-421C-AD87-D77FCD2F04E9}.Release|ARM.Build.0 = Release|Any CPU
		{FCBED957-07CB-421C-AD87-D77FCD2F04E9}.Release|iPhone.ActiveCfg = Release|Any CPU
		{FCBED957-07CB-421C-AD87-D77FCD2F04E9}.Release|iPhone.Build.0 = Release|Any CPU
		{FCBED957-07CB-421C-AD87-D77FCD2F04E9}.Release|iPhoneSimulator.ActiveCfg = Release|Any CPU
		{FCBED957-07CB-421C-AD87-D77FCD2F04E9}.Release|iPhoneSimulator.Build.0 = Release|Any CPU
		{FCBED957-07CB-421C-AD87-D77FCD2F04E9}.Release|x86.ActiveCfg = Release|Any CPU
		{FCBED957-07CB-421C-AD87-D77FCD2F04E9}.Release|x86.Build.0 = Release|Any CPU
		{659B2113-103E-4B9D-9D62-9DF660960958}.AppStore|Any CPU.ActiveCfg = Release|Any CPU
		{659B2113-103E-4B9D-9D62-9DF660960958}.AppStore|Any CPU.Build.0 = Release|Any CPU
		{659B2113-103E-4B9D-9D62-9DF660960958}.AppStore|ARM.ActiveCfg = Release|Any CPU
		{659B2113-103E-4B9D-9D62-9DF660960958}.AppStore|ARM.Build.0 = Release|Any CPU
		{659B2113-103E-4B9D-9D62-9DF660960958}.AppStore|iPhone.ActiveCfg = Release|Any CPU
		{659B2113-103E-4B9D-9D62-9DF660960958}.AppStore|iPhone.Build.0 = Release|Any CPU
		{659B2113-103E-4B9D-9D62-9DF660960958}.AppStore|iPhoneSimulator.ActiveCfg = Release|Any CPU
		{659B2113-103E-4B9D-9D62-9DF660960958}.AppStore|iPhoneSimulator.Build.0 = Release|Any CPU
		{659B2113-103E-4B9D-9D62-9DF660960958}.AppStore|x86.ActiveCfg = Release|Any CPU
		{659B2113-103E-4B9D-9D62-9DF660960958}.AppStore|x86.Build.0 = Release|Any CPU
		{659B2113-103E-4B9D-9D62-9DF660960958}.Debug|Any CPU.ActiveCfg = Debug|Any CPU
		{659B2113-103E-4B9D-9D62-9DF660960958}.Debug|Any CPU.Build.0 = Debug|Any CPU
		{659B2113-103E-4B9D-9D62-9DF660960958}.Debug|ARM.ActiveCfg = Debug|Any CPU
		{659B2113-103E-4B9D-9D62-9DF660960958}.Debug|ARM.Build.0 = Debug|Any CPU
		{659B2113-103E-4B9D-9D62-9DF660960958}.Debug|iPhone.ActiveCfg = Debug|Any CPU
		{659B2113-103E-4B9D-9D62-9DF660960958}.Debug|iPhone.Build.0 = Debug|Any CPU
		{659B2113-103E-4B9D-9D62-9DF660960958}.Debug|iPhoneSimulator.ActiveCfg = Debug|Any CPU
		{659B2113-103E-4B9D-9D62-9DF660960958}.Debug|iPhoneSimulator.Build.0 = Debug|Any CPU
		{659B2113-103E-4B9D-9D62-9DF660960958}.Debug|x86.ActiveCfg = Debug|Any CPU
		{659B2113-103E-4B9D-9D62-9DF660960958}.Debug|x86.Build.0 = Debug|Any CPU
		{659B2113-103E-4B9D-9D62-9DF660960958}.Release|Any CPU.ActiveCfg = Release|Any CPU
		{659B2113-103E-4B9D-9D62-9DF660960958}.Release|Any CPU.Build.0 = Release|Any CPU
		{659B2113-103E-4B9D-9D62-9DF660960958}.Release|ARM.ActiveCfg = Release|Any CPU
		{659B2113-103E-4B9D-9D62-9DF660960958}.Release|ARM.Build.0 = Release|Any CPU
		{659B2113-103E-4B9D-9D62-9DF660960958}.Release|iPhone.ActiveCfg = Release|Any CPU
		{659B2113-103E-4B9D-9D62-9DF660960958}.Release|iPhone.Build.0 = Release|Any CPU
		{659B2113-103E-4B9D-9D62-9DF660960958}.Release|iPhoneSimulator.ActiveCfg = Release|Any CPU
		{659B2113-103E-4B9D-9D62-9DF660960958}.Release|iPhoneSimulator.Build.0 = Release|Any CPU
		{659B2113-103E-4B9D-9D62-9DF660960958}.Release|x86.ActiveCfg = Release|Any CPU
		{659B2113-103E-4B9D-9D62-9DF660960958}.Release|x86.Build.0 = Release|Any CPU
		{0FC0CE23-C320-4CA2-AE9A-949E82C1B2CF}.AppStore|Any CPU.ActiveCfg = Debug|Any CPU
		{0FC0CE23-C320-4CA2-AE9A-949E82C1B2CF}.AppStore|Any CPU.Build.0 = Debug|Any CPU
		{0FC0CE23-C320-4CA2-AE9A-949E82C1B2CF}.AppStore|ARM.ActiveCfg = Debug|Any CPU
		{0FC0CE23-C320-4CA2-AE9A-949E82C1B2CF}.AppStore|ARM.Build.0 = Debug|Any CPU
		{0FC0CE23-C320-4CA2-AE9A-949E82C1B2CF}.AppStore|iPhone.ActiveCfg = Debug|Any CPU
		{0FC0CE23-C320-4CA2-AE9A-949E82C1B2CF}.AppStore|iPhone.Build.0 = Debug|Any CPU
		{0FC0CE23-C320-4CA2-AE9A-949E82C1B2CF}.AppStore|iPhoneSimulator.ActiveCfg = Debug|Any CPU
		{0FC0CE23-C320-4CA2-AE9A-949E82C1B2CF}.AppStore|iPhoneSimulator.Build.0 = Debug|Any CPU
		{0FC0CE23-C320-4CA2-AE9A-949E82C1B2CF}.AppStore|x86.ActiveCfg = Debug|Any CPU
		{0FC0CE23-C320-4CA2-AE9A-949E82C1B2CF}.AppStore|x86.Build.0 = Debug|Any CPU
		{0FC0CE23-C320-4CA2-AE9A-949E82C1B2CF}.Debug|Any CPU.ActiveCfg = Debug|Any CPU
		{0FC0CE23-C320-4CA2-AE9A-949E82C1B2CF}.Debug|Any CPU.Build.0 = Debug|Any CPU
		{0FC0CE23-C320-4CA2-AE9A-949E82C1B2CF}.Debug|ARM.ActiveCfg = Debug|Any CPU
		{0FC0CE23-C320-4CA2-AE9A-949E82C1B2CF}.Debug|ARM.Build.0 = Debug|Any CPU
		{0FC0CE23-C320-4CA2-AE9A-949E82C1B2CF}.Debug|iPhone.ActiveCfg = Debug|Any CPU
		{0FC0CE23-C320-4CA2-AE9A-949E82C1B2CF}.Debug|iPhone.Build.0 = Debug|Any CPU
		{0FC0CE23-C320-4CA2-AE9A-949E82C1B2CF}.Debug|iPhoneSimulator.ActiveCfg = Debug|Any CPU
		{0FC0CE23-C320-4CA2-AE9A-949E82C1B2CF}.Debug|iPhoneSimulator.Build.0 = Debug|Any CPU
		{0FC0CE23-C320-4CA2-AE9A-949E82C1B2CF}.Debug|x86.ActiveCfg = Debug|Any CPU
		{0FC0CE23-C320-4CA2-AE9A-949E82C1B2CF}.Debug|x86.Build.0 = Debug|Any CPU
		{0FC0CE23-C320-4CA2-AE9A-949E82C1B2CF}.Release|Any CPU.ActiveCfg = Release|Any CPU
		{0FC0CE23-C320-4CA2-AE9A-949E82C1B2CF}.Release|Any CPU.Build.0 = Release|Any CPU
		{0FC0CE23-C320-4CA2-AE9A-949E82C1B2CF}.Release|ARM.ActiveCfg = Release|Any CPU
		{0FC0CE23-C320-4CA2-AE9A-949E82C1B2CF}.Release|ARM.Build.0 = Release|Any CPU
		{0FC0CE23-C320-4CA2-AE9A-949E82C1B2CF}.Release|iPhone.ActiveCfg = Release|Any CPU
		{0FC0CE23-C320-4CA2-AE9A-949E82C1B2CF}.Release|iPhone.Build.0 = Release|Any CPU
		{0FC0CE23-C320-4CA2-AE9A-949E82C1B2CF}.Release|iPhoneSimulator.ActiveCfg = Release|Any CPU
		{0FC0CE23-C320-4CA2-AE9A-949E82C1B2CF}.Release|iPhoneSimulator.Build.0 = Release|Any CPU
		{0FC0CE23-C320-4CA2-AE9A-949E82C1B2CF}.Release|x86.ActiveCfg = Release|Any CPU
		{0FC0CE23-C320-4CA2-AE9A-949E82C1B2CF}.Release|x86.Build.0 = Release|Any CPU
		{58B6B9A3-CC15-4172-98F2-3971CDCD560A}.AppStore|Any CPU.ActiveCfg = Release|Any CPU
		{58B6B9A3-CC15-4172-98F2-3971CDCD560A}.AppStore|Any CPU.Build.0 = Release|Any CPU
		{58B6B9A3-CC15-4172-98F2-3971CDCD560A}.AppStore|ARM.ActiveCfg = Release|Any CPU
		{58B6B9A3-CC15-4172-98F2-3971CDCD560A}.AppStore|ARM.Build.0 = Release|Any CPU
		{58B6B9A3-CC15-4172-98F2-3971CDCD560A}.AppStore|iPhone.ActiveCfg = Release|Any CPU
		{58B6B9A3-CC15-4172-98F2-3971CDCD560A}.AppStore|iPhone.Build.0 = Release|Any CPU
		{58B6B9A3-CC15-4172-98F2-3971CDCD560A}.AppStore|iPhoneSimulator.ActiveCfg = Release|Any CPU
		{58B6B9A3-CC15-4172-98F2-3971CDCD560A}.AppStore|iPhoneSimulator.Build.0 = Release|Any CPU
		{58B6B9A3-CC15-4172-98F2-3971CDCD560A}.AppStore|x86.ActiveCfg = Release|Any CPU
		{58B6B9A3-CC15-4172-98F2-3971CDCD560A}.AppStore|x86.Build.0 = Release|Any CPU
		{58B6B9A3-CC15-4172-98F2-3971CDCD560A}.Debug|Any CPU.ActiveCfg = Debug|Any CPU
		{58B6B9A3-CC15-4172-98F2-3971CDCD560A}.Debug|Any CPU.Build.0 = Debug|Any CPU
		{58B6B9A3-CC15-4172-98F2-3971CDCD560A}.Debug|ARM.ActiveCfg = Debug|Any CPU
		{58B6B9A3-CC15-4172-98F2-3971CDCD560A}.Debug|ARM.Build.0 = Debug|Any CPU
		{58B6B9A3-CC15-4172-98F2-3971CDCD560A}.Debug|iPhone.ActiveCfg = Debug|Any CPU
		{58B6B9A3-CC15-4172-98F2-3971CDCD560A}.Debug|iPhone.Build.0 = Debug|Any CPU
		{58B6B9A3-CC15-4172-98F2-3971CDCD560A}.Debug|iPhoneSimulator.ActiveCfg = Debug|Any CPU
		{58B6B9A3-CC15-4172-98F2-3971CDCD560A}.Debug|iPhoneSimulator.Build.0 = Debug|Any CPU
		{58B6B9A3-CC15-4172-98F2-3971CDCD560A}.Debug|x86.ActiveCfg = Debug|Any CPU
		{58B6B9A3-CC15-4172-98F2-3971CDCD560A}.Debug|x86.Build.0 = Debug|Any CPU
		{58B6B9A3-CC15-4172-98F2-3971CDCD560A}.Release|Any CPU.ActiveCfg = Release|Any CPU
		{58B6B9A3-CC15-4172-98F2-3971CDCD560A}.Release|Any CPU.Build.0 = Release|Any CPU
		{58B6B9A3-CC15-4172-98F2-3971CDCD560A}.Release|ARM.ActiveCfg = Release|Any CPU
		{58B6B9A3-CC15-4172-98F2-3971CDCD560A}.Release|ARM.Build.0 = Release|Any CPU
		{58B6B9A3-CC15-4172-98F2-3971CDCD560A}.Release|iPhone.ActiveCfg = Release|Any CPU
		{58B6B9A3-CC15-4172-98F2-3971CDCD560A}.Release|iPhone.Build.0 = Release|Any CPU
		{58B6B9A3-CC15-4172-98F2-3971CDCD560A}.Release|iPhoneSimulator.ActiveCfg = Release|Any CPU
		{58B6B9A3-CC15-4172-98F2-3971CDCD560A}.Release|iPhoneSimulator.Build.0 = Release|Any CPU
		{58B6B9A3-CC15-4172-98F2-3971CDCD560A}.Release|x86.ActiveCfg = Release|Any CPU
		{58B6B9A3-CC15-4172-98F2-3971CDCD560A}.Release|x86.Build.0 = Release|Any CPU
		{626C45A9-4405-4FA7-9900-0B8E7270E5B0}.AppStore|Any CPU.ActiveCfg = Debug|Any CPU
		{626C45A9-4405-4FA7-9900-0B8E7270E5B0}.AppStore|Any CPU.Build.0 = Debug|Any CPU
		{626C45A9-4405-4FA7-9900-0B8E7270E5B0}.AppStore|ARM.ActiveCfg = Debug|Any CPU
		{626C45A9-4405-4FA7-9900-0B8E7270E5B0}.AppStore|ARM.Build.0 = Debug|Any CPU
		{626C45A9-4405-4FA7-9900-0B8E7270E5B0}.AppStore|iPhone.ActiveCfg = Debug|Any CPU
		{626C45A9-4405-4FA7-9900-0B8E7270E5B0}.AppStore|iPhone.Build.0 = Debug|Any CPU
		{626C45A9-4405-4FA7-9900-0B8E7270E5B0}.AppStore|iPhoneSimulator.ActiveCfg = Debug|Any CPU
		{626C45A9-4405-4FA7-9900-0B8E7270E5B0}.AppStore|iPhoneSimulator.Build.0 = Debug|Any CPU
		{626C45A9-4405-4FA7-9900-0B8E7270E5B0}.AppStore|x86.ActiveCfg = Debug|Any CPU
		{626C45A9-4405-4FA7-9900-0B8E7270E5B0}.AppStore|x86.Build.0 = Debug|Any CPU
		{626C45A9-4405-4FA7-9900-0B8E7270E5B0}.Debug|Any CPU.ActiveCfg = Debug|Any CPU
		{626C45A9-4405-4FA7-9900-0B8E7270E5B0}.Debug|Any CPU.Build.0 = Debug|Any CPU
		{626C45A9-4405-4FA7-9900-0B8E7270E5B0}.Debug|ARM.ActiveCfg = Debug|Any CPU
		{626C45A9-4405-4FA7-9900-0B8E7270E5B0}.Debug|ARM.Build.0 = Debug|Any CPU
		{626C45A9-4405-4FA7-9900-0B8E7270E5B0}.Debug|iPhone.ActiveCfg = Debug|Any CPU
		{626C45A9-4405-4FA7-9900-0B8E7270E5B0}.Debug|iPhone.Build.0 = Debug|Any CPU
		{626C45A9-4405-4FA7-9900-0B8E7270E5B0}.Debug|iPhoneSimulator.ActiveCfg = Debug|Any CPU
		{626C45A9-4405-4FA7-9900-0B8E7270E5B0}.Debug|iPhoneSimulator.Build.0 = Debug|Any CPU
		{626C45A9-4405-4FA7-9900-0B8E7270E5B0}.Debug|x86.ActiveCfg = Debug|Any CPU
		{626C45A9-4405-4FA7-9900-0B8E7270E5B0}.Debug|x86.Build.0 = Debug|Any CPU
		{626C45A9-4405-4FA7-9900-0B8E7270E5B0}.Release|Any CPU.ActiveCfg = Release|Any CPU
		{626C45A9-4405-4FA7-9900-0B8E7270E5B0}.Release|Any CPU.Build.0 = Release|Any CPU
		{626C45A9-4405-4FA7-9900-0B8E7270E5B0}.Release|ARM.ActiveCfg = Release|Any CPU
		{626C45A9-4405-4FA7-9900-0B8E7270E5B0}.Release|ARM.Build.0 = Release|Any CPU
		{626C45A9-4405-4FA7-9900-0B8E7270E5B0}.Release|iPhone.ActiveCfg = Release|Any CPU
		{626C45A9-4405-4FA7-9900-0B8E7270E5B0}.Release|iPhone.Build.0 = Release|Any CPU
		{626C45A9-4405-4FA7-9900-0B8E7270E5B0}.Release|iPhoneSimulator.ActiveCfg = Release|Any CPU
		{626C45A9-4405-4FA7-9900-0B8E7270E5B0}.Release|iPhoneSimulator.Build.0 = Release|Any CPU
		{626C45A9-4405-4FA7-9900-0B8E7270E5B0}.Release|x86.ActiveCfg = Release|Any CPU
		{626C45A9-4405-4FA7-9900-0B8E7270E5B0}.Release|x86.Build.0 = Release|Any CPU
		{7E6E9155-0D4D-43D6-AEBB-3A5BCFE3DCCD}.AppStore|Any CPU.ActiveCfg = Release|Any CPU
		{7E6E9155-0D4D-43D6-AEBB-3A5BCFE3DCCD}.AppStore|Any CPU.Build.0 = Release|Any CPU
		{7E6E9155-0D4D-43D6-AEBB-3A5BCFE3DCCD}.AppStore|ARM.ActiveCfg = Release|Any CPU
		{7E6E9155-0D4D-43D6-AEBB-3A5BCFE3DCCD}.AppStore|ARM.Build.0 = Release|Any CPU
		{7E6E9155-0D4D-43D6-AEBB-3A5BCFE3DCCD}.AppStore|iPhone.ActiveCfg = Release|Any CPU
		{7E6E9155-0D4D-43D6-AEBB-3A5BCFE3DCCD}.AppStore|iPhone.Build.0 = Release|Any CPU
		{7E6E9155-0D4D-43D6-AEBB-3A5BCFE3DCCD}.AppStore|iPhoneSimulator.ActiveCfg = Release|Any CPU
		{7E6E9155-0D4D-43D6-AEBB-3A5BCFE3DCCD}.AppStore|iPhoneSimulator.Build.0 = Release|Any CPU
		{7E6E9155-0D4D-43D6-AEBB-3A5BCFE3DCCD}.AppStore|x86.ActiveCfg = Release|Any CPU
		{7E6E9155-0D4D-43D6-AEBB-3A5BCFE3DCCD}.AppStore|x86.Build.0 = Release|Any CPU
		{7E6E9155-0D4D-43D6-AEBB-3A5BCFE3DCCD}.Debug|Any CPU.ActiveCfg = Debug|Any CPU
		{7E6E9155-0D4D-43D6-AEBB-3A5BCFE3DCCD}.Debug|Any CPU.Build.0 = Debug|Any CPU
		{7E6E9155-0D4D-43D6-AEBB-3A5BCFE3DCCD}.Debug|ARM.ActiveCfg = Debug|Any CPU
		{7E6E9155-0D4D-43D6-AEBB-3A5BCFE3DCCD}.Debug|ARM.Build.0 = Debug|Any CPU
		{7E6E9155-0D4D-43D6-AEBB-3A5BCFE3DCCD}.Debug|iPhone.ActiveCfg = Debug|Any CPU
		{7E6E9155-0D4D-43D6-AEBB-3A5BCFE3DCCD}.Debug|iPhone.Build.0 = Debug|Any CPU
		{7E6E9155-0D4D-43D6-AEBB-3A5BCFE3DCCD}.Debug|iPhoneSimulator.ActiveCfg = Debug|Any CPU
		{7E6E9155-0D4D-43D6-AEBB-3A5BCFE3DCCD}.Debug|iPhoneSimulator.Build.0 = Debug|Any CPU
		{7E6E9155-0D4D-43D6-AEBB-3A5BCFE3DCCD}.Debug|x86.ActiveCfg = Debug|Any CPU
		{7E6E9155-0D4D-43D6-AEBB-3A5BCFE3DCCD}.Debug|x86.Build.0 = Debug|Any CPU
		{7E6E9155-0D4D-43D6-AEBB-3A5BCFE3DCCD}.Release|Any CPU.ActiveCfg = Release|Any CPU
		{7E6E9155-0D4D-43D6-AEBB-3A5BCFE3DCCD}.Release|Any CPU.Build.0 = Release|Any CPU
		{7E6E9155-0D4D-43D6-AEBB-3A5BCFE3DCCD}.Release|ARM.ActiveCfg = Release|Any CPU
		{7E6E9155-0D4D-43D6-AEBB-3A5BCFE3DCCD}.Release|ARM.Build.0 = Release|Any CPU
		{7E6E9155-0D4D-43D6-AEBB-3A5BCFE3DCCD}.Release|iPhone.ActiveCfg = Release|Any CPU
		{7E6E9155-0D4D-43D6-AEBB-3A5BCFE3DCCD}.Release|iPhone.Build.0 = Release|Any CPU
		{7E6E9155-0D4D-43D6-AEBB-3A5BCFE3DCCD}.Release|iPhoneSimulator.ActiveCfg = Release|Any CPU
		{7E6E9155-0D4D-43D6-AEBB-3A5BCFE3DCCD}.Release|iPhoneSimulator.Build.0 = Release|Any CPU
		{7E6E9155-0D4D-43D6-AEBB-3A5BCFE3DCCD}.Release|x86.ActiveCfg = Release|Any CPU
		{7E6E9155-0D4D-43D6-AEBB-3A5BCFE3DCCD}.Release|x86.Build.0 = Release|Any CPU
		{4709C10B-8CFC-47F3-9B2C-1B8BA64F12A2}.AppStore|Any CPU.ActiveCfg = Release|Any CPU
		{4709C10B-8CFC-47F3-9B2C-1B8BA64F12A2}.AppStore|Any CPU.Build.0 = Release|Any CPU
		{4709C10B-8CFC-47F3-9B2C-1B8BA64F12A2}.AppStore|ARM.ActiveCfg = Release|Any CPU
		{4709C10B-8CFC-47F3-9B2C-1B8BA64F12A2}.AppStore|ARM.Build.0 = Release|Any CPU
		{4709C10B-8CFC-47F3-9B2C-1B8BA64F12A2}.AppStore|iPhone.ActiveCfg = Release|Any CPU
		{4709C10B-8CFC-47F3-9B2C-1B8BA64F12A2}.AppStore|iPhone.Build.0 = Release|Any CPU
		{4709C10B-8CFC-47F3-9B2C-1B8BA64F12A2}.AppStore|iPhoneSimulator.ActiveCfg = Release|Any CPU
		{4709C10B-8CFC-47F3-9B2C-1B8BA64F12A2}.AppStore|iPhoneSimulator.Build.0 = Release|Any CPU
		{4709C10B-8CFC-47F3-9B2C-1B8BA64F12A2}.AppStore|x86.ActiveCfg = Release|Any CPU
		{4709C10B-8CFC-47F3-9B2C-1B8BA64F12A2}.AppStore|x86.Build.0 = Release|Any CPU
		{4709C10B-8CFC-47F3-9B2C-1B8BA64F12A2}.Debug|Any CPU.ActiveCfg = Debug|Any CPU
		{4709C10B-8CFC-47F3-9B2C-1B8BA64F12A2}.Debug|Any CPU.Build.0 = Debug|Any CPU
		{4709C10B-8CFC-47F3-9B2C-1B8BA64F12A2}.Debug|ARM.ActiveCfg = Debug|Any CPU
		{4709C10B-8CFC-47F3-9B2C-1B8BA64F12A2}.Debug|ARM.Build.0 = Debug|Any CPU
		{4709C10B-8CFC-47F3-9B2C-1B8BA64F12A2}.Debug|iPhone.ActiveCfg = Debug|Any CPU
		{4709C10B-8CFC-47F3-9B2C-1B8BA64F12A2}.Debug|iPhone.Build.0 = Debug|Any CPU
		{4709C10B-8CFC-47F3-9B2C-1B8BA64F12A2}.Debug|iPhoneSimulator.ActiveCfg = Debug|Any CPU
		{4709C10B-8CFC-47F3-9B2C-1B8BA64F12A2}.Debug|iPhoneSimulator.Build.0 = Debug|Any CPU
		{4709C10B-8CFC-47F3-9B2C-1B8BA64F12A2}.Debug|x86.ActiveCfg = Debug|Any CPU
		{4709C10B-8CFC-47F3-9B2C-1B8BA64F12A2}.Debug|x86.Build.0 = Debug|Any CPU
		{4709C10B-8CFC-47F3-9B2C-1B8BA64F12A2}.Release|Any CPU.ActiveCfg = Release|Any CPU
		{4709C10B-8CFC-47F3-9B2C-1B8BA64F12A2}.Release|Any CPU.Build.0 = Release|Any CPU
		{4709C10B-8CFC-47F3-9B2C-1B8BA64F12A2}.Release|ARM.ActiveCfg = Release|Any CPU
		{4709C10B-8CFC-47F3-9B2C-1B8BA64F12A2}.Release|ARM.Build.0 = Release|Any CPU
		{4709C10B-8CFC-47F3-9B2C-1B8BA64F12A2}.Release|iPhone.ActiveCfg = Release|Any CPU
		{4709C10B-8CFC-47F3-9B2C-1B8BA64F12A2}.Release|iPhone.Build.0 = Release|Any CPU
		{4709C10B-8CFC-47F3-9B2C-1B8BA64F12A2}.Release|iPhoneSimulator.ActiveCfg = Release|Any CPU
		{4709C10B-8CFC-47F3-9B2C-1B8BA64F12A2}.Release|iPhoneSimulator.Build.0 = Release|Any CPU
		{4709C10B-8CFC-47F3-9B2C-1B8BA64F12A2}.Release|x86.ActiveCfg = Release|Any CPU
		{4709C10B-8CFC-47F3-9B2C-1B8BA64F12A2}.Release|x86.Build.0 = Release|Any CPU
		{33BB2201-48F5-47A1-BAC0-D9CC8A26D187}.AppStore|Any CPU.ActiveCfg = Release|Any CPU
		{33BB2201-48F5-47A1-BAC0-D9CC8A26D187}.AppStore|Any CPU.Build.0 = Release|Any CPU
		{33BB2201-48F5-47A1-BAC0-D9CC8A26D187}.AppStore|ARM.ActiveCfg = Release|Any CPU
		{33BB2201-48F5-47A1-BAC0-D9CC8A26D187}.AppStore|ARM.Build.0 = Release|Any CPU
		{33BB2201-48F5-47A1-BAC0-D9CC8A26D187}.AppStore|iPhone.ActiveCfg = Release|Any CPU
		{33BB2201-48F5-47A1-BAC0-D9CC8A26D187}.AppStore|iPhone.Build.0 = Release|Any CPU
		{33BB2201-48F5-47A1-BAC0-D9CC8A26D187}.AppStore|iPhoneSimulator.ActiveCfg = Release|Any CPU
		{33BB2201-48F5-47A1-BAC0-D9CC8A26D187}.AppStore|iPhoneSimulator.Build.0 = Release|Any CPU
		{33BB2201-48F5-47A1-BAC0-D9CC8A26D187}.AppStore|x86.ActiveCfg = Release|Any CPU
		{33BB2201-48F5-47A1-BAC0-D9CC8A26D187}.AppStore|x86.Build.0 = Release|Any CPU
		{33BB2201-48F5-47A1-BAC0-D9CC8A26D187}.Debug|Any CPU.ActiveCfg = Debug|Any CPU
		{33BB2201-48F5-47A1-BAC0-D9CC8A26D187}.Debug|Any CPU.Build.0 = Debug|Any CPU
		{33BB2201-48F5-47A1-BAC0-D9CC8A26D187}.Debug|ARM.ActiveCfg = Debug|Any CPU
		{33BB2201-48F5-47A1-BAC0-D9CC8A26D187}.Debug|ARM.Build.0 = Debug|Any CPU
		{33BB2201-48F5-47A1-BAC0-D9CC8A26D187}.Debug|iPhone.ActiveCfg = Debug|Any CPU
		{33BB2201-48F5-47A1-BAC0-D9CC8A26D187}.Debug|iPhone.Build.0 = Debug|Any CPU
		{33BB2201-48F5-47A1-BAC0-D9CC8A26D187}.Debug|iPhoneSimulator.ActiveCfg = Debug|Any CPU
		{33BB2201-48F5-47A1-BAC0-D9CC8A26D187}.Debug|iPhoneSimulator.Build.0 = Debug|Any CPU
		{33BB2201-48F5-47A1-BAC0-D9CC8A26D187}.Debug|x86.ActiveCfg = Debug|Any CPU
		{33BB2201-48F5-47A1-BAC0-D9CC8A26D187}.Debug|x86.Build.0 = Debug|Any CPU
		{33BB2201-48F5-47A1-BAC0-D9CC8A26D187}.Release|Any CPU.ActiveCfg = Release|Any CPU
		{33BB2201-48F5-47A1-BAC0-D9CC8A26D187}.Release|Any CPU.Build.0 = Release|Any CPU
		{33BB2201-48F5-47A1-BAC0-D9CC8A26D187}.Release|ARM.ActiveCfg = Release|Any CPU
		{33BB2201-48F5-47A1-BAC0-D9CC8A26D187}.Release|ARM.Build.0 = Release|Any CPU
		{33BB2201-48F5-47A1-BAC0-D9CC8A26D187}.Release|iPhone.ActiveCfg = Release|Any CPU
		{33BB2201-48F5-47A1-BAC0-D9CC8A26D187}.Release|iPhone.Build.0 = Release|Any CPU
		{33BB2201-48F5-47A1-BAC0-D9CC8A26D187}.Release|iPhoneSimulator.ActiveCfg = Release|Any CPU
		{33BB2201-48F5-47A1-BAC0-D9CC8A26D187}.Release|iPhoneSimulator.Build.0 = Release|Any CPU
		{33BB2201-48F5-47A1-BAC0-D9CC8A26D187}.Release|x86.ActiveCfg = Release|Any CPU
		{33BB2201-48F5-47A1-BAC0-D9CC8A26D187}.Release|x86.Build.0 = Release|Any CPU
		{85EAD77A-FB5A-4112-9EFB-179A5D0A777B}.AppStore|Any CPU.ActiveCfg = Release|Any CPU
		{85EAD77A-FB5A-4112-9EFB-179A5D0A777B}.AppStore|Any CPU.Build.0 = Release|Any CPU
		{85EAD77A-FB5A-4112-9EFB-179A5D0A777B}.AppStore|ARM.ActiveCfg = Release|Any CPU
		{85EAD77A-FB5A-4112-9EFB-179A5D0A777B}.AppStore|ARM.Build.0 = Release|Any CPU
		{85EAD77A-FB5A-4112-9EFB-179A5D0A777B}.AppStore|iPhone.ActiveCfg = Release|Any CPU
		{85EAD77A-FB5A-4112-9EFB-179A5D0A777B}.AppStore|iPhone.Build.0 = Release|Any CPU
		{85EAD77A-FB5A-4112-9EFB-179A5D0A777B}.AppStore|iPhoneSimulator.ActiveCfg = Release|Any CPU
		{85EAD77A-FB5A-4112-9EFB-179A5D0A777B}.AppStore|iPhoneSimulator.Build.0 = Release|Any CPU
		{85EAD77A-FB5A-4112-9EFB-179A5D0A777B}.AppStore|x86.ActiveCfg = Release|Any CPU
		{85EAD77A-FB5A-4112-9EFB-179A5D0A777B}.AppStore|x86.Build.0 = Release|Any CPU
		{85EAD77A-FB5A-4112-9EFB-179A5D0A777B}.Debug|Any CPU.ActiveCfg = Debug|Any CPU
		{85EAD77A-FB5A-4112-9EFB-179A5D0A777B}.Debug|Any CPU.Build.0 = Debug|Any CPU
		{85EAD77A-FB5A-4112-9EFB-179A5D0A777B}.Debug|ARM.ActiveCfg = Debug|Any CPU
		{85EAD77A-FB5A-4112-9EFB-179A5D0A777B}.Debug|ARM.Build.0 = Debug|Any CPU
		{85EAD77A-FB5A-4112-9EFB-179A5D0A777B}.Debug|iPhone.ActiveCfg = Debug|Any CPU
		{85EAD77A-FB5A-4112-9EFB-179A5D0A777B}.Debug|iPhone.Build.0 = Debug|Any CPU
		{85EAD77A-FB5A-4112-9EFB-179A5D0A777B}.Debug|iPhoneSimulator.ActiveCfg = Debug|Any CPU
		{85EAD77A-FB5A-4112-9EFB-179A5D0A777B}.Debug|iPhoneSimulator.Build.0 = Debug|Any CPU
		{85EAD77A-FB5A-4112-9EFB-179A5D0A777B}.Debug|x86.ActiveCfg = Debug|Any CPU
		{85EAD77A-FB5A-4112-9EFB-179A5D0A777B}.Debug|x86.Build.0 = Debug|Any CPU
		{85EAD77A-FB5A-4112-9EFB-179A5D0A777B}.Release|Any CPU.ActiveCfg = Release|Any CPU
		{85EAD77A-FB5A-4112-9EFB-179A5D0A777B}.Release|Any CPU.Build.0 = Release|Any CPU
		{85EAD77A-FB5A-4112-9EFB-179A5D0A777B}.Release|ARM.ActiveCfg = Release|Any CPU
		{85EAD77A-FB5A-4112-9EFB-179A5D0A777B}.Release|ARM.Build.0 = Release|Any CPU
		{85EAD77A-FB5A-4112-9EFB-179A5D0A777B}.Release|iPhone.ActiveCfg = Release|Any CPU
		{85EAD77A-FB5A-4112-9EFB-179A5D0A777B}.Release|iPhone.Build.0 = Release|Any CPU
		{85EAD77A-FB5A-4112-9EFB-179A5D0A777B}.Release|iPhoneSimulator.ActiveCfg = Release|Any CPU
		{85EAD77A-FB5A-4112-9EFB-179A5D0A777B}.Release|iPhoneSimulator.Build.0 = Release|Any CPU
		{85EAD77A-FB5A-4112-9EFB-179A5D0A777B}.Release|x86.ActiveCfg = Release|Any CPU
		{85EAD77A-FB5A-4112-9EFB-179A5D0A777B}.Release|x86.Build.0 = Release|Any CPU
	EndGlobalSection
	GlobalSection(SolutionProperties) = preSolution
		HideSolutionNode = FALSE
	EndGlobalSection
	GlobalSection(NestedProjects) = preSolution
		{35529D33-DC72-4BD3-8E39-F964AE39BA6D} = {94C14E3E-BFB4-4D52-980D-0AA866EDD51C}
		{8591A4C5-3368-4D2D-98E5-E42FB2C8A3C3} = {94C14E3E-BFB4-4D52-980D-0AA866EDD51C}
		{E1FBA15F-0E8E-4AB1-97CD-E6F2A8EA2279} = {94C14E3E-BFB4-4D52-980D-0AA866EDD51C}
		{3ECF9C7F-7DD2-49DD-84CD-51473A56F688} = {94C14E3E-BFB4-4D52-980D-0AA866EDD51C}
		{D85F55C6-3976-4633-8DD4-E6BAD79E4570} = {94C14E3E-BFB4-4D52-980D-0AA866EDD51C}
		{0FC0CE23-C320-4CA2-AE9A-949E82C1B2CF} = {94C14E3E-BFB4-4D52-980D-0AA866EDD51C}
		{58B6B9A3-CC15-4172-98F2-3971CDCD560A} = {D100FEA5-8828-4488-B6F5-EB01E65D370A}
		{626C45A9-4405-4FA7-9900-0B8E7270E5B0} = {D100FEA5-8828-4488-B6F5-EB01E65D370A}
		{7E6E9155-0D4D-43D6-AEBB-3A5BCFE3DCCD} = {D100FEA5-8828-4488-B6F5-EB01E65D370A}
		{4709C10B-8CFC-47F3-9B2C-1B8BA64F12A2} = {07CF7789-899A-4512-87D8-141143DCBB7E}
		{33BB2201-48F5-47A1-BAC0-D9CC8A26D187} = {94C14E3E-BFB4-4D52-980D-0AA866EDD51C}
		{85EAD77A-FB5A-4112-9EFB-179A5D0A777B} = {94C14E3E-BFB4-4D52-980D-0AA866EDD51C}
	EndGlobalSection
EndGlobal
