
Microsoft Visual Studio Solution File, Format Version 12.00
# Visual Studio 14
VisualStudioVersion = 14.0.25420.1
MinimumVisualStudioVersion = 10.0.40219.1
Project("{FAE04EC0-301F-11D3-BF4B-00C04F79EFBC}") = "DevTeam.Patterns.Reactive", "DevTeam.Patterns.Reactive\DevTeam.Patterns.Reactive.csproj", "{79F43401-CED2-46C1-A3C9-A8E9F94A1DEA}"
EndProject
Project("{FAE04EC0-301F-11D3-BF4B-00C04F79EFBC}") = "DevTeam.Patterns.Dispose", "DevTeam.Patterns.Dispose\DevTeam.Patterns.Dispose.csproj", "{FE61929A-6F78-40B6-8929-62CFB62E3BE6}"
EndProject
Project("{FAE04EC0-301F-11D3-BF4B-00C04F79EFBC}") = "DevTeam.Patterns.IoC", "DevTeam.Patterns.IoC\DevTeam.Patterns.IoC.csproj", "{35055D77-822C-4D69-8DF2-722B42CC405A}"
EndProject
Project("{2150E333-8FDC-42A3-9474-1A3956D46DE8}") = "TestTool", "TestTool", "{94C14E3E-BFB4-4D52-980D-0AA866EDD51C}"
EndProject
Project("{FAE04EC0-301F-11D3-BF4B-00C04F79EFBC}") = "DevTeam.TestTool.Engine", "TestTool\DevTeam.TestTool.Engine\DevTeam.TestTool.Engine.csproj", "{35529D33-DC72-4BD3-8E39-F964AE39BA6D}"
EndProject
Project("{FAE04EC0-301F-11D3-BF4B-00C04F79EFBC}") = "DevTeam.TestTool.Contracts", "TestTool\DevTeam.TestTool.Contracts\DevTeam.TestTool.Contracts.csproj", "{8591A4C5-3368-4D2D-98E5-E42FB2C8A3C3}"
EndProject
Project("{FAE04EC0-301F-11D3-BF4B-00C04F79EFBC}") = "DevTeam.TestTool.Engine.Contracts", "TestTool\DevTeam.TestTool.Engine.Contracts\DevTeam.TestTool.Engine.Contracts.csproj", "{E1FBA15F-0E8E-4AB1-97CD-E6F2A8EA2279}"
EndProject
Project("{FAE04EC0-301F-11D3-BF4B-00C04F79EFBC}") = "DevTeam.TestTool.dotNet", "TestTool\DevTeam.TestTool.dotNet\DevTeam.TestTool.dotNet.csproj", "{3ECF9C7F-7DD2-49DD-84CD-51473A56F688}"
EndProject
Project("{FAE04EC0-301F-11D3-BF4B-00C04F79EFBC}") = "DevTeam.Patterns.EventAggregator", "DevTeam.Patterns.EventAggregator\DevTeam.Patterns.EventAggregator.csproj", "{E4897226-0FFD-46C5-A44F-C7EE91572856}"
EndProject
Project("{FAE04EC0-301F-11D3-BF4B-00C04F79EFBC}") = "DevTeam.TestTool.Test.Mocks", "TestTool\DevTeam.TestTool.Test.Mocks\DevTeam.TestTool.Test.Mocks.csproj", "{D85F55C6-3976-4633-8DD4-E6BAD79E4570}"
EndProject
Project("{FAE04EC0-301F-11D3-BF4B-00C04F79EFBC}") = "DevTeam.Patterns.Dispose.Tests", "DevTeam.Patterns.Dispose.Tests\DevTeam.Patterns.Dispose.Tests.csproj", "{5E158DA9-4D12-444D-BD45-AC8749187EE0}"
EndProject
Project("{FAE04EC0-301F-11D3-BF4B-00C04F79EFBC}") = "DevTeam.Patterns.IoC.Tests", "DevTeam.Patterns.IoC.Tests\DevTeam.Patterns.IoC.Tests.csproj", "{657E0C81-9988-4709-90FE-6C81B10299C1}"
EndProject
Project("{FAE04EC0-301F-11D3-BF4B-00C04F79EFBC}") = "DevTeam.Patterns.Reactive.Tests", "DevTeam.Patterns.Reactive.Tests\DevTeam.Patterns.Reactive.Tests.csproj", "{FCBED957-07CB-421C-AD87-D77FCD2F04E9}"
EndProject
Project("{FAE04EC0-301F-11D3-BF4B-00C04F79EFBC}") = "DevTeam.Patterns.EventAggregator.Tests", "DevTeam.Patterns.EventAggregator.Tests\DevTeam.Patterns.EventAggregator.Tests.csproj", "{659B2113-103E-4B9D-9D62-9DF660960958}"
EndProject
Project("{8BB2217D-0F2D-49D1-97BC-3654ED321F3B}") = "DevTeam.TestTool.dotNetCore", "TestTool\DevTeam.TestTool.dotNetCore\DevTeam.TestTool.dotNetCore.xproj", "{0FC0CE23-C320-4CA2-AE9A-949E82C1B2CF}"
EndProject
Project("{2150E333-8FDC-42A3-9474-1A3956D46DE8}") = "Samples", "Samples", "{D100FEA5-8828-4488-B6F5-EB01E65D370A}"
EndProject
Project("{FAE04EC0-301F-11D3-BF4B-00C04F79EFBC}") = "Perf", "Samples\Perf\Perf.csproj", "{58B6B9A3-CC15-4172-98F2-3971CDCD560A}"
EndProject
Project("{8BB2217D-0F2D-49D1-97BC-3654ED321F3B}") = "Echo", "Samples\Echo\Echo.xproj", "{626C45A9-4405-4FA7-9900-0B8E7270E5B0}"
EndProject
Project("{FAE04EC0-301F-11D3-BF4B-00C04F79EFBC}") = "ConsoleTimer", "Samples\ConsoleTimer\ConsoleTimer.csproj", "{7E6E9155-0D4D-43D6-AEBB-3A5BCFE3DCCD}"
EndProject
Project("{2150E333-8FDC-42A3-9474-1A3956D46DE8}") = "MarkdownTool", "MarkdownTool", "{07CF7789-899A-4512-87D8-141143DCBB7E}"
EndProject
Project("{FAE04EC0-301F-11D3-BF4B-00C04F79EFBC}") = "DevTeam.Markdown", "Markdown\DevTeam.Markdown\DevTeam.Markdown.csproj", "{4709C10B-8CFC-47F3-9B2C-1B8BA64F12A2}"
EndProject
Project("{FAE04EC0-301F-11D3-BF4B-00C04F79EFBC}") = "DevTeam.Platform", "DevTeam.Platform\DevTeam.Platform.csproj", "{EA937060-5DC7-4BB6-852A-C6397EB2370D}"
EndProject
Project("{FAE04EC0-301F-11D3-BF4B-00C04F79EFBC}") = "DevTeam.Platform.Reflection", "DevTeam.Platform.Reflection\DevTeam.Platform.Reflection.csproj", "{FA65D0E7-0EEF-4193-8A2C-D9B9EF95BE96}"
EndProject
Project("{FAE04EC0-301F-11D3-BF4B-00C04F79EFBC}") = "DevTeam.TestTool.Test.Mocks2", "TestTool\DevTeam.TestTool.Test.Mocks2\DevTeam.TestTool.Test.Mocks2.csproj", "{3A6DC9E0-22AD-42F8-AA8D-9B7596A7875D}"
EndProject
Project("{FAE04EC0-301F-11D3-BF4B-00C04F79EFBC}") = "DevTeam.Patterns", "DevTeam.Patterns\DevTeam.Patterns.csproj", "{188F7CD5-37A9-454C-AD07-FD5D93C0E0B2}"
EndProject
Project("{FAE04EC0-301F-11D3-BF4B-00C04F79EFBC}") = "DevTeam.TestTool.NUnit", "TestTool\DevTeam.TestTool.NUnit\DevTeam.TestTool.NUnit.csproj", "{C02BA773-9AB1-4CFB-8D44-4C8FE4277997}"
EndProject
Project("{2150E333-8FDC-42A3-9474-1A3956D46DE8}") = "Solution Items", "Solution Items", "{EE90945F-06C7-4D7D-A292-815A046CA154}"
	ProjectSection(SolutionItems) = preProject
		global.json = global.json
	EndProjectSection
EndProject
Project("{2150E333-8FDC-42A3-9474-1A3956D46DE8}") = "Patterns", "Patterns", "{080CB9DE-6211-4B19-94BD-7338793E895F}"
EndProject
Project("{2150E333-8FDC-42A3-9474-1A3956D46DE8}") = "Platform", "Platform", "{45631787-D649-4567-8321-5653CF183790}"
EndProject
Project("{FAE04EC0-301F-11D3-BF4B-00C04F79EFBC}") = "DevTeam.Patterns.IoC.Configuration", "DevTeam.Patterns.IoC.Configuration\DevTeam.Patterns.IoC.Configuration.csproj", "{38CE547C-7D03-4D51-9C0B-450917A7D0CA}"
EndProject
Project("{FAE04EC0-301F-11D3-BF4B-00C04F79EFBC}") = "HelloWorld", "Samples\HelloWorld\HelloWorld.csproj", "{F65E7EE8-E91F-40D7-A7D1-7681528056C8}"
EndProject
Project("{FAE04EC0-301F-11D3-BF4B-00C04F79EFBC}") = "DevTeam.Platform.System", "DevTeam.Platform.System\DevTeam.Platform.System.csproj", "{3F1FDC91-A6EF-4EA8-8369-C5E705F71790}"
EndProject
Project("{FAE04EC0-301F-11D3-BF4B-00C04F79EFBC}") = "DevTeam.Platform.System.dotNet", "DevTeam.Platform.System.dotNet\DevTeam.Platform.System.dotNet.csproj", "{954E39F3-E5E9-4CC1-8E08-6658DAFD7A26}"
EndProject
Global
	GlobalSection(SolutionConfigurationPlatforms) = preSolution
		AppStore|Any CPU = AppStore|Any CPU
		AppStore|ARM = AppStore|ARM
		AppStore|iPhone = AppStore|iPhone
		AppStore|iPhoneSimulator = AppStore|iPhoneSimulator
		AppStore|x86 = AppStore|x86
		Debug|Any CPU = Debug|Any CPU
		Debug|ARM = Debug|ARM
		Debug|iPhone = Debug|iPhone
		Debug|iPhoneSimulator = Debug|iPhoneSimulator
		Debug|x86 = Debug|x86
		Release|Any CPU = Release|Any CPU
		Release|ARM = Release|ARM
		Release|iPhone = Release|iPhone
		Release|iPhoneSimulator = Release|iPhoneSimulator
		Release|x86 = Release|x86
	EndGlobalSection
	GlobalSection(ProjectConfigurationPlatforms) = postSolution
		{79F43401-CED2-46C1-A3C9-A8E9F94A1DEA}.AppStore|Any CPU.ActiveCfg = Release|Any CPU
		{79F43401-CED2-46C1-A3C9-A8E9F94A1DEA}.AppStore|Any CPU.Build.0 = Release|Any CPU
		{79F43401-CED2-46C1-A3C9-A8E9F94A1DEA}.AppStore|ARM.ActiveCfg = Release|Any CPU
		{79F43401-CED2-46C1-A3C9-A8E9F94A1DEA}.AppStore|ARM.Build.0 = Release|Any CPU
		{79F43401-CED2-46C1-A3C9-A8E9F94A1DEA}.AppStore|iPhone.ActiveCfg = Release|Any CPU
		{79F43401-CED2-46C1-A3C9-A8E9F94A1DEA}.AppStore|iPhone.Build.0 = Release|Any CPU
		{79F43401-CED2-46C1-A3C9-A8E9F94A1DEA}.AppStore|iPhoneSimulator.ActiveCfg = Release|Any CPU
		{79F43401-CED2-46C1-A3C9-A8E9F94A1DEA}.AppStore|iPhoneSimulator.Build.0 = Release|Any CPU
		{79F43401-CED2-46C1-A3C9-A8E9F94A1DEA}.AppStore|x86.ActiveCfg = Release|Any CPU
		{79F43401-CED2-46C1-A3C9-A8E9F94A1DEA}.AppStore|x86.Build.0 = Release|Any CPU
		{79F43401-CED2-46C1-A3C9-A8E9F94A1DEA}.Debug|Any CPU.ActiveCfg = Debug|Any CPU
		{79F43401-CED2-46C1-A3C9-A8E9F94A1DEA}.Debug|Any CPU.Build.0 = Debug|Any CPU
		{79F43401-CED2-46C1-A3C9-A8E9F94A1DEA}.Debug|ARM.ActiveCfg = Debug|Any CPU
		{79F43401-CED2-46C1-A3C9-A8E9F94A1DEA}.Debug|ARM.Build.0 = Debug|Any CPU
		{79F43401-CED2-46C1-A3C9-A8E9F94A1DEA}.Debug|iPhone.ActiveCfg = Debug|Any CPU
		{79F43401-CED2-46C1-A3C9-A8E9F94A1DEA}.Debug|iPhone.Build.0 = Debug|Any CPU
		{79F43401-CED2-46C1-A3C9-A8E9F94A1DEA}.Debug|iPhoneSimulator.ActiveCfg = Debug|Any CPU
		{79F43401-CED2-46C1-A3C9-A8E9F94A1DEA}.Debug|iPhoneSimulator.Build.0 = Debug|Any CPU
		{79F43401-CED2-46C1-A3C9-A8E9F94A1DEA}.Debug|x86.ActiveCfg = Debug|Any CPU
		{79F43401-CED2-46C1-A3C9-A8E9F94A1DEA}.Debug|x86.Build.0 = Debug|Any CPU
		{79F43401-CED2-46C1-A3C9-A8E9F94A1DEA}.Release|Any CPU.ActiveCfg = Release|Any CPU
		{79F43401-CED2-46C1-A3C9-A8E9F94A1DEA}.Release|Any CPU.Build.0 = Release|Any CPU
		{79F43401-CED2-46C1-A3C9-A8E9F94A1DEA}.Release|ARM.ActiveCfg = Release|Any CPU
		{79F43401-CED2-46C1-A3C9-A8E9F94A1DEA}.Release|ARM.Build.0 = Release|Any CPU
		{79F43401-CED2-46C1-A3C9-A8E9F94A1DEA}.Release|iPhone.ActiveCfg = Release|Any CPU
		{79F43401-CED2-46C1-A3C9-A8E9F94A1DEA}.Release|iPhone.Build.0 = Release|Any CPU
		{79F43401-CED2-46C1-A3C9-A8E9F94A1DEA}.Release|iPhoneSimulator.ActiveCfg = Release|Any CPU
		{79F43401-CED2-46C1-A3C9-A8E9F94A1DEA}.Release|iPhoneSimulator.Build.0 = Release|Any CPU
		{79F43401-CED2-46C1-A3C9-A8E9F94A1DEA}.Release|x86.ActiveCfg = Release|Any CPU
		{79F43401-CED2-46C1-A3C9-A8E9F94A1DEA}.Release|x86.Build.0 = Release|Any CPU
		{FE61929A-6F78-40B6-8929-62CFB62E3BE6}.AppStore|Any CPU.ActiveCfg = Release|Any CPU
		{FE61929A-6F78-40B6-8929-62CFB62E3BE6}.AppStore|Any CPU.Build.0 = Release|Any CPU
		{FE61929A-6F78-40B6-8929-62CFB62E3BE6}.AppStore|ARM.ActiveCfg = Release|Any CPU
		{FE61929A-6F78-40B6-8929-62CFB62E3BE6}.AppStore|ARM.Build.0 = Release|Any CPU
		{FE61929A-6F78-40B6-8929-62CFB62E3BE6}.AppStore|iPhone.ActiveCfg = Release|Any CPU
		{FE61929A-6F78-40B6-8929-62CFB62E3BE6}.AppStore|iPhone.Build.0 = Release|Any CPU
		{FE61929A-6F78-40B6-8929-62CFB62E3BE6}.AppStore|iPhoneSimulator.ActiveCfg = Release|Any CPU
		{FE61929A-6F78-40B6-8929-62CFB62E3BE6}.AppStore|iPhoneSimulator.Build.0 = Release|Any CPU
		{FE61929A-6F78-40B6-8929-62CFB62E3BE6}.AppStore|x86.ActiveCfg = Release|Any CPU
		{FE61929A-6F78-40B6-8929-62CFB62E3BE6}.AppStore|x86.Build.0 = Release|Any CPU
		{FE61929A-6F78-40B6-8929-62CFB62E3BE6}.Debug|Any CPU.ActiveCfg = Debug|Any CPU
		{FE61929A-6F78-40B6-8929-62CFB62E3BE6}.Debug|Any CPU.Build.0 = Debug|Any CPU
		{FE61929A-6F78-40B6-8929-62CFB62E3BE6}.Debug|ARM.ActiveCfg = Debug|Any CPU
		{FE61929A-6F78-40B6-8929-62CFB62E3BE6}.Debug|ARM.Build.0 = Debug|Any CPU
		{FE61929A-6F78-40B6-8929-62CFB62E3BE6}.Debug|iPhone.ActiveCfg = Debug|Any CPU
		{FE61929A-6F78-40B6-8929-62CFB62E3BE6}.Debug|iPhone.Build.0 = Debug|Any CPU
		{FE61929A-6F78-40B6-8929-62CFB62E3BE6}.Debug|iPhoneSimulator.ActiveCfg = Debug|Any CPU
		{FE61929A-6F78-40B6-8929-62CFB62E3BE6}.Debug|iPhoneSimulator.Build.0 = Debug|Any CPU
		{FE61929A-6F78-40B6-8929-62CFB62E3BE6}.Debug|x86.ActiveCfg = Debug|Any CPU
		{FE61929A-6F78-40B6-8929-62CFB62E3BE6}.Debug|x86.Build.0 = Debug|Any CPU
		{FE61929A-6F78-40B6-8929-62CFB62E3BE6}.Release|Any CPU.ActiveCfg = Release|Any CPU
		{FE61929A-6F78-40B6-8929-62CFB62E3BE6}.Release|Any CPU.Build.0 = Release|Any CPU
		{FE61929A-6F78-40B6-8929-62CFB62E3BE6}.Release|ARM.ActiveCfg = Release|Any CPU
		{FE61929A-6F78-40B6-8929-62CFB62E3BE6}.Release|ARM.Build.0 = Release|Any CPU
		{FE61929A-6F78-40B6-8929-62CFB62E3BE6}.Release|iPhone.ActiveCfg = Release|Any CPU
		{FE61929A-6F78-40B6-8929-62CFB62E3BE6}.Release|iPhone.Build.0 = Release|Any CPU
		{FE61929A-6F78-40B6-8929-62CFB62E3BE6}.Release|iPhoneSimulator.ActiveCfg = Release|Any CPU
		{FE61929A-6F78-40B6-8929-62CFB62E3BE6}.Release|iPhoneSimulator.Build.0 = Release|Any CPU
		{FE61929A-6F78-40B6-8929-62CFB62E3BE6}.Release|x86.ActiveCfg = Release|Any CPU
		{FE61929A-6F78-40B6-8929-62CFB62E3BE6}.Release|x86.Build.0 = Release|Any CPU
		{35055D77-822C-4D69-8DF2-722B42CC405A}.AppStore|Any CPU.ActiveCfg = Release|Any CPU
		{35055D77-822C-4D69-8DF2-722B42CC405A}.AppStore|Any CPU.Build.0 = Release|Any CPU
		{35055D77-822C-4D69-8DF2-722B42CC405A}.AppStore|ARM.ActiveCfg = Release|Any CPU
		{35055D77-822C-4D69-8DF2-722B42CC405A}.AppStore|ARM.Build.0 = Release|Any CPU
		{35055D77-822C-4D69-8DF2-722B42CC405A}.AppStore|iPhone.ActiveCfg = Release|Any CPU
		{35055D77-822C-4D69-8DF2-722B42CC405A}.AppStore|iPhone.Build.0 = Release|Any CPU
		{35055D77-822C-4D69-8DF2-722B42CC405A}.AppStore|iPhoneSimulator.ActiveCfg = Release|Any CPU
		{35055D77-822C-4D69-8DF2-722B42CC405A}.AppStore|iPhoneSimulator.Build.0 = Release|Any CPU
		{35055D77-822C-4D69-8DF2-722B42CC405A}.AppStore|x86.ActiveCfg = Release|Any CPU
		{35055D77-822C-4D69-8DF2-722B42CC405A}.AppStore|x86.Build.0 = Release|Any CPU
		{35055D77-822C-4D69-8DF2-722B42CC405A}.Debug|Any CPU.ActiveCfg = Debug|Any CPU
		{35055D77-822C-4D69-8DF2-722B42CC405A}.Debug|Any CPU.Build.0 = Debug|Any CPU
		{35055D77-822C-4D69-8DF2-722B42CC405A}.Debug|ARM.ActiveCfg = Debug|Any CPU
		{35055D77-822C-4D69-8DF2-722B42CC405A}.Debug|ARM.Build.0 = Debug|Any CPU
		{35055D77-822C-4D69-8DF2-722B42CC405A}.Debug|iPhone.ActiveCfg = Debug|Any CPU
		{35055D77-822C-4D69-8DF2-722B42CC405A}.Debug|iPhone.Build.0 = Debug|Any CPU
		{35055D77-822C-4D69-8DF2-722B42CC405A}.Debug|iPhoneSimulator.ActiveCfg = Debug|Any CPU
		{35055D77-822C-4D69-8DF2-722B42CC405A}.Debug|iPhoneSimulator.Build.0 = Debug|Any CPU
		{35055D77-822C-4D69-8DF2-722B42CC405A}.Debug|x86.ActiveCfg = Debug|Any CPU
		{35055D77-822C-4D69-8DF2-722B42CC405A}.Debug|x86.Build.0 = Debug|Any CPU
		{35055D77-822C-4D69-8DF2-722B42CC405A}.Release|Any CPU.ActiveCfg = Release|Any CPU
		{35055D77-822C-4D69-8DF2-722B42CC405A}.Release|Any CPU.Build.0 = Release|Any CPU
		{35055D77-822C-4D69-8DF2-722B42CC405A}.Release|ARM.ActiveCfg = Release|Any CPU
		{35055D77-822C-4D69-8DF2-722B42CC405A}.Release|ARM.Build.0 = Release|Any CPU
		{35055D77-822C-4D69-8DF2-722B42CC405A}.Release|iPhone.ActiveCfg = Release|Any CPU
		{35055D77-822C-4D69-8DF2-722B42CC405A}.Release|iPhone.Build.0 = Release|Any CPU
		{35055D77-822C-4D69-8DF2-722B42CC405A}.Release|iPhoneSimulator.ActiveCfg = Release|Any CPU
		{35055D77-822C-4D69-8DF2-722B42CC405A}.Release|iPhoneSimulator.Build.0 = Release|Any CPU
		{35055D77-822C-4D69-8DF2-722B42CC405A}.Release|x86.ActiveCfg = Release|Any CPU
		{35055D77-822C-4D69-8DF2-722B42CC405A}.Release|x86.Build.0 = Release|Any CPU
		{35529D33-DC72-4BD3-8E39-F964AE39BA6D}.AppStore|Any CPU.ActiveCfg = Release|Any CPU
		{35529D33-DC72-4BD3-8E39-F964AE39BA6D}.AppStore|Any CPU.Build.0 = Release|Any CPU
		{35529D33-DC72-4BD3-8E39-F964AE39BA6D}.AppStore|ARM.ActiveCfg = Release|Any CPU
		{35529D33-DC72-4BD3-8E39-F964AE39BA6D}.AppStore|ARM.Build.0 = Release|Any CPU
		{35529D33-DC72-4BD3-8E39-F964AE39BA6D}.AppStore|iPhone.ActiveCfg = Release|Any CPU
		{35529D33-DC72-4BD3-8E39-F964AE39BA6D}.AppStore|iPhone.Build.0 = Release|Any CPU
		{35529D33-DC72-4BD3-8E39-F964AE39BA6D}.AppStore|iPhoneSimulator.ActiveCfg = Release|Any CPU
		{35529D33-DC72-4BD3-8E39-F964AE39BA6D}.AppStore|iPhoneSimulator.Build.0 = Release|Any CPU
		{35529D33-DC72-4BD3-8E39-F964AE39BA6D}.AppStore|x86.ActiveCfg = Release|Any CPU
		{35529D33-DC72-4BD3-8E39-F964AE39BA6D}.AppStore|x86.Build.0 = Release|Any CPU
		{35529D33-DC72-4BD3-8E39-F964AE39BA6D}.Debug|Any CPU.ActiveCfg = Debug|Any CPU
		{35529D33-DC72-4BD3-8E39-F964AE39BA6D}.Debug|Any CPU.Build.0 = Debug|Any CPU
		{35529D33-DC72-4BD3-8E39-F964AE39BA6D}.Debug|ARM.ActiveCfg = Debug|Any CPU
		{35529D33-DC72-4BD3-8E39-F964AE39BA6D}.Debug|ARM.Build.0 = Debug|Any CPU
		{35529D33-DC72-4BD3-8E39-F964AE39BA6D}.Debug|iPhone.ActiveCfg = Debug|Any CPU
		{35529D33-DC72-4BD3-8E39-F964AE39BA6D}.Debug|iPhone.Build.0 = Debug|Any CPU
		{35529D33-DC72-4BD3-8E39-F964AE39BA6D}.Debug|iPhoneSimulator.ActiveCfg = Debug|Any CPU
		{35529D33-DC72-4BD3-8E39-F964AE39BA6D}.Debug|iPhoneSimulator.Build.0 = Debug|Any CPU
		{35529D33-DC72-4BD3-8E39-F964AE39BA6D}.Debug|x86.ActiveCfg = Debug|Any CPU
		{35529D33-DC72-4BD3-8E39-F964AE39BA6D}.Debug|x86.Build.0 = Debug|Any CPU
		{35529D33-DC72-4BD3-8E39-F964AE39BA6D}.Release|Any CPU.ActiveCfg = Release|Any CPU
		{35529D33-DC72-4BD3-8E39-F964AE39BA6D}.Release|Any CPU.Build.0 = Release|Any CPU
		{35529D33-DC72-4BD3-8E39-F964AE39BA6D}.Release|ARM.ActiveCfg = Release|Any CPU
		{35529D33-DC72-4BD3-8E39-F964AE39BA6D}.Release|ARM.Build.0 = Release|Any CPU
		{35529D33-DC72-4BD3-8E39-F964AE39BA6D}.Release|iPhone.ActiveCfg = Release|Any CPU
		{35529D33-DC72-4BD3-8E39-F964AE39BA6D}.Release|iPhone.Build.0 = Release|Any CPU
		{35529D33-DC72-4BD3-8E39-F964AE39BA6D}.Release|iPhoneSimulator.ActiveCfg = Release|Any CPU
		{35529D33-DC72-4BD3-8E39-F964AE39BA6D}.Release|iPhoneSimulator.Build.0 = Release|Any CPU
		{35529D33-DC72-4BD3-8E39-F964AE39BA6D}.Release|x86.ActiveCfg = Release|Any CPU
		{35529D33-DC72-4BD3-8E39-F964AE39BA6D}.Release|x86.Build.0 = Release|Any CPU
		{8591A4C5-3368-4D2D-98E5-E42FB2C8A3C3}.AppStore|Any CPU.ActiveCfg = Release|Any CPU
		{8591A4C5-3368-4D2D-98E5-E42FB2C8A3C3}.AppStore|Any CPU.Build.0 = Release|Any CPU
		{8591A4C5-3368-4D2D-98E5-E42FB2C8A3C3}.AppStore|ARM.ActiveCfg = Release|Any CPU
		{8591A4C5-3368-4D2D-98E5-E42FB2C8A3C3}.AppStore|ARM.Build.0 = Release|Any CPU
		{8591A4C5-3368-4D2D-98E5-E42FB2C8A3C3}.AppStore|iPhone.ActiveCfg = Release|Any CPU
		{8591A4C5-3368-4D2D-98E5-E42FB2C8A3C3}.AppStore|iPhone.Build.0 = Release|Any CPU
		{8591A4C5-3368-4D2D-98E5-E42FB2C8A3C3}.AppStore|iPhoneSimulator.ActiveCfg = Release|Any CPU
		{8591A4C5-3368-4D2D-98E5-E42FB2C8A3C3}.AppStore|iPhoneSimulator.Build.0 = Release|Any CPU
		{8591A4C5-3368-4D2D-98E5-E42FB2C8A3C3}.AppStore|x86.ActiveCfg = Release|Any CPU
		{8591A4C5-3368-4D2D-98E5-E42FB2C8A3C3}.AppStore|x86.Build.0 = Release|Any CPU
		{8591A4C5-3368-4D2D-98E5-E42FB2C8A3C3}.Debug|Any CPU.ActiveCfg = Debug|Any CPU
		{8591A4C5-3368-4D2D-98E5-E42FB2C8A3C3}.Debug|Any CPU.Build.0 = Debug|Any CPU
		{8591A4C5-3368-4D2D-98E5-E42FB2C8A3C3}.Debug|ARM.ActiveCfg = Debug|Any CPU
		{8591A4C5-3368-4D2D-98E5-E42FB2C8A3C3}.Debug|ARM.Build.0 = Debug|Any CPU
		{8591A4C5-3368-4D2D-98E5-E42FB2C8A3C3}.Debug|iPhone.ActiveCfg = Debug|Any CPU
		{8591A4C5-3368-4D2D-98E5-E42FB2C8A3C3}.Debug|iPhone.Build.0 = Debug|Any CPU
		{8591A4C5-3368-4D2D-98E5-E42FB2C8A3C3}.Debug|iPhoneSimulator.ActiveCfg = Debug|Any CPU
		{8591A4C5-3368-4D2D-98E5-E42FB2C8A3C3}.Debug|iPhoneSimulator.Build.0 = Debug|Any CPU
		{8591A4C5-3368-4D2D-98E5-E42FB2C8A3C3}.Debug|x86.ActiveCfg = Debug|Any CPU
		{8591A4C5-3368-4D2D-98E5-E42FB2C8A3C3}.Debug|x86.Build.0 = Debug|Any CPU
		{8591A4C5-3368-4D2D-98E5-E42FB2C8A3C3}.Release|Any CPU.ActiveCfg = Release|Any CPU
		{8591A4C5-3368-4D2D-98E5-E42FB2C8A3C3}.Release|Any CPU.Build.0 = Release|Any CPU
		{8591A4C5-3368-4D2D-98E5-E42FB2C8A3C3}.Release|ARM.ActiveCfg = Release|Any CPU
		{8591A4C5-3368-4D2D-98E5-E42FB2C8A3C3}.Release|ARM.Build.0 = Release|Any CPU
		{8591A4C5-3368-4D2D-98E5-E42FB2C8A3C3}.Release|iPhone.ActiveCfg = Release|Any CPU
		{8591A4C5-3368-4D2D-98E5-E42FB2C8A3C3}.Release|iPhone.Build.0 = Release|Any CPU
		{8591A4C5-3368-4D2D-98E5-E42FB2C8A3C3}.Release|iPhoneSimulator.ActiveCfg = Release|Any CPU
		{8591A4C5-3368-4D2D-98E5-E42FB2C8A3C3}.Release|iPhoneSimulator.Build.0 = Release|Any CPU
		{8591A4C5-3368-4D2D-98E5-E42FB2C8A3C3}.Release|x86.ActiveCfg = Release|Any CPU
		{8591A4C5-3368-4D2D-98E5-E42FB2C8A3C3}.Release|x86.Build.0 = Release|Any CPU
		{E1FBA15F-0E8E-4AB1-97CD-E6F2A8EA2279}.AppStore|Any CPU.ActiveCfg = Release|Any CPU
		{E1FBA15F-0E8E-4AB1-97CD-E6F2A8EA2279}.AppStore|Any CPU.Build.0 = Release|Any CPU
		{E1FBA15F-0E8E-4AB1-97CD-E6F2A8EA2279}.AppStore|ARM.ActiveCfg = Release|Any CPU
		{E1FBA15F-0E8E-4AB1-97CD-E6F2A8EA2279}.AppStore|ARM.Build.0 = Release|Any CPU
		{E1FBA15F-0E8E-4AB1-97CD-E6F2A8EA2279}.AppStore|iPhone.ActiveCfg = Release|Any CPU
		{E1FBA15F-0E8E-4AB1-97CD-E6F2A8EA2279}.AppStore|iPhone.Build.0 = Release|Any CPU
		{E1FBA15F-0E8E-4AB1-97CD-E6F2A8EA2279}.AppStore|iPhoneSimulator.ActiveCfg = Release|Any CPU
		{E1FBA15F-0E8E-4AB1-97CD-E6F2A8EA2279}.AppStore|iPhoneSimulator.Build.0 = Release|Any CPU
		{E1FBA15F-0E8E-4AB1-97CD-E6F2A8EA2279}.AppStore|x86.ActiveCfg = Release|Any CPU
		{E1FBA15F-0E8E-4AB1-97CD-E6F2A8EA2279}.AppStore|x86.Build.0 = Release|Any CPU
		{E1FBA15F-0E8E-4AB1-97CD-E6F2A8EA2279}.Debug|Any CPU.ActiveCfg = Debug|Any CPU
		{E1FBA15F-0E8E-4AB1-97CD-E6F2A8EA2279}.Debug|Any CPU.Build.0 = Debug|Any CPU
		{E1FBA15F-0E8E-4AB1-97CD-E6F2A8EA2279}.Debug|ARM.ActiveCfg = Debug|Any CPU
		{E1FBA15F-0E8E-4AB1-97CD-E6F2A8EA2279}.Debug|ARM.Build.0 = Debug|Any CPU
		{E1FBA15F-0E8E-4AB1-97CD-E6F2A8EA2279}.Debug|iPhone.ActiveCfg = Debug|Any CPU
		{E1FBA15F-0E8E-4AB1-97CD-E6F2A8EA2279}.Debug|iPhone.Build.0 = Debug|Any CPU
		{E1FBA15F-0E8E-4AB1-97CD-E6F2A8EA2279}.Debug|iPhoneSimulator.ActiveCfg = Debug|Any CPU
		{E1FBA15F-0E8E-4AB1-97CD-E6F2A8EA2279}.Debug|iPhoneSimulator.Build.0 = Debug|Any CPU
		{E1FBA15F-0E8E-4AB1-97CD-E6F2A8EA2279}.Debug|x86.ActiveCfg = Debug|Any CPU
		{E1FBA15F-0E8E-4AB1-97CD-E6F2A8EA2279}.Debug|x86.Build.0 = Debug|Any CPU
		{E1FBA15F-0E8E-4AB1-97CD-E6F2A8EA2279}.Release|Any CPU.ActiveCfg = Release|Any CPU
		{E1FBA15F-0E8E-4AB1-97CD-E6F2A8EA2279}.Release|Any CPU.Build.0 = Release|Any CPU
		{E1FBA15F-0E8E-4AB1-97CD-E6F2A8EA2279}.Release|ARM.ActiveCfg = Release|Any CPU
		{E1FBA15F-0E8E-4AB1-97CD-E6F2A8EA2279}.Release|ARM.Build.0 = Release|Any CPU
		{E1FBA15F-0E8E-4AB1-97CD-E6F2A8EA2279}.Release|iPhone.ActiveCfg = Release|Any CPU
		{E1FBA15F-0E8E-4AB1-97CD-E6F2A8EA2279}.Release|iPhone.Build.0 = Release|Any CPU
		{E1FBA15F-0E8E-4AB1-97CD-E6F2A8EA2279}.Release|iPhoneSimulator.ActiveCfg = Release|Any CPU
		{E1FBA15F-0E8E-4AB1-97CD-E6F2A8EA2279}.Release|iPhoneSimulator.Build.0 = Release|Any CPU
		{E1FBA15F-0E8E-4AB1-97CD-E6F2A8EA2279}.Release|x86.ActiveCfg = Release|Any CPU
		{E1FBA15F-0E8E-4AB1-97CD-E6F2A8EA2279}.Release|x86.Build.0 = Release|Any CPU
		{3ECF9C7F-7DD2-49DD-84CD-51473A56F688}.AppStore|Any CPU.ActiveCfg = Release|Any CPU
		{3ECF9C7F-7DD2-49DD-84CD-51473A56F688}.AppStore|Any CPU.Build.0 = Release|Any CPU
		{3ECF9C7F-7DD2-49DD-84CD-51473A56F688}.AppStore|ARM.ActiveCfg = Release|Any CPU
		{3ECF9C7F-7DD2-49DD-84CD-51473A56F688}.AppStore|ARM.Build.0 = Release|Any CPU
		{3ECF9C7F-7DD2-49DD-84CD-51473A56F688}.AppStore|iPhone.ActiveCfg = Release|Any CPU
		{3ECF9C7F-7DD2-49DD-84CD-51473A56F688}.AppStore|iPhone.Build.0 = Release|Any CPU
		{3ECF9C7F-7DD2-49DD-84CD-51473A56F688}.AppStore|iPhoneSimulator.ActiveCfg = Release|Any CPU
		{3ECF9C7F-7DD2-49DD-84CD-51473A56F688}.AppStore|iPhoneSimulator.Build.0 = Release|Any CPU
		{3ECF9C7F-7DD2-49DD-84CD-51473A56F688}.AppStore|x86.ActiveCfg = Release|Any CPU
		{3ECF9C7F-7DD2-49DD-84CD-51473A56F688}.AppStore|x86.Build.0 = Release|Any CPU
		{3ECF9C7F-7DD2-49DD-84CD-51473A56F688}.Debug|Any CPU.ActiveCfg = Debug|Any CPU
		{3ECF9C7F-7DD2-49DD-84CD-51473A56F688}.Debug|Any CPU.Build.0 = Debug|Any CPU
		{3ECF9C7F-7DD2-49DD-84CD-51473A56F688}.Debug|ARM.ActiveCfg = Debug|Any CPU
		{3ECF9C7F-7DD2-49DD-84CD-51473A56F688}.Debug|ARM.Build.0 = Debug|Any CPU
		{3ECF9C7F-7DD2-49DD-84CD-51473A56F688}.Debug|iPhone.ActiveCfg = Debug|Any CPU
		{3ECF9C7F-7DD2-49DD-84CD-51473A56F688}.Debug|iPhone.Build.0 = Debug|Any CPU
		{3ECF9C7F-7DD2-49DD-84CD-51473A56F688}.Debug|iPhoneSimulator.ActiveCfg = Debug|Any CPU
		{3ECF9C7F-7DD2-49DD-84CD-51473A56F688}.Debug|iPhoneSimulator.Build.0 = Debug|Any CPU
		{3ECF9C7F-7DD2-49DD-84CD-51473A56F688}.Debug|x86.ActiveCfg = Debug|Any CPU
		{3ECF9C7F-7DD2-49DD-84CD-51473A56F688}.Debug|x86.Build.0 = Debug|Any CPU
		{3ECF9C7F-7DD2-49DD-84CD-51473A56F688}.Release|Any CPU.ActiveCfg = Release|Any CPU
		{3ECF9C7F-7DD2-49DD-84CD-51473A56F688}.Release|Any CPU.Build.0 = Release|Any CPU
		{3ECF9C7F-7DD2-49DD-84CD-51473A56F688}.Release|ARM.ActiveCfg = Release|Any CPU
		{3ECF9C7F-7DD2-49DD-84CD-51473A56F688}.Release|ARM.Build.0 = Release|Any CPU
		{3ECF9C7F-7DD2-49DD-84CD-51473A56F688}.Release|iPhone.ActiveCfg = Release|Any CPU
		{3ECF9C7F-7DD2-49DD-84CD-51473A56F688}.Release|iPhone.Build.0 = Release|Any CPU
		{3ECF9C7F-7DD2-49DD-84CD-51473A56F688}.Release|iPhoneSimulator.ActiveCfg = Release|Any CPU
		{3ECF9C7F-7DD2-49DD-84CD-51473A56F688}.Release|iPhoneSimulator.Build.0 = Release|Any CPU
		{3ECF9C7F-7DD2-49DD-84CD-51473A56F688}.Release|x86.ActiveCfg = Release|Any CPU
		{3ECF9C7F-7DD2-49DD-84CD-51473A56F688}.Release|x86.Build.0 = Release|Any CPU
		{E4897226-0FFD-46C5-A44F-C7EE91572856}.AppStore|Any CPU.ActiveCfg = Release|Any CPU
		{E4897226-0FFD-46C5-A44F-C7EE91572856}.AppStore|Any CPU.Build.0 = Release|Any CPU
		{E4897226-0FFD-46C5-A44F-C7EE91572856}.AppStore|ARM.ActiveCfg = Release|Any CPU
		{E4897226-0FFD-46C5-A44F-C7EE91572856}.AppStore|ARM.Build.0 = Release|Any CPU
		{E4897226-0FFD-46C5-A44F-C7EE91572856}.AppStore|iPhone.ActiveCfg = Release|Any CPU
		{E4897226-0FFD-46C5-A44F-C7EE91572856}.AppStore|iPhone.Build.0 = Release|Any CPU
		{E4897226-0FFD-46C5-A44F-C7EE91572856}.AppStore|iPhoneSimulator.ActiveCfg = Release|Any CPU
		{E4897226-0FFD-46C5-A44F-C7EE91572856}.AppStore|iPhoneSimulator.Build.0 = Release|Any CPU
		{E4897226-0FFD-46C5-A44F-C7EE91572856}.AppStore|x86.ActiveCfg = Release|Any CPU
		{E4897226-0FFD-46C5-A44F-C7EE91572856}.AppStore|x86.Build.0 = Release|Any CPU
		{E4897226-0FFD-46C5-A44F-C7EE91572856}.Debug|Any CPU.ActiveCfg = Debug|Any CPU
		{E4897226-0FFD-46C5-A44F-C7EE91572856}.Debug|Any CPU.Build.0 = Debug|Any CPU
		{E4897226-0FFD-46C5-A44F-C7EE91572856}.Debug|ARM.ActiveCfg = Debug|Any CPU
		{E4897226-0FFD-46C5-A44F-C7EE91572856}.Debug|ARM.Build.0 = Debug|Any CPU
		{E4897226-0FFD-46C5-A44F-C7EE91572856}.Debug|iPhone.ActiveCfg = Debug|Any CPU
		{E4897226-0FFD-46C5-A44F-C7EE91572856}.Debug|iPhone.Build.0 = Debug|Any CPU
		{E4897226-0FFD-46C5-A44F-C7EE91572856}.Debug|iPhoneSimulator.ActiveCfg = Debug|Any CPU
		{E4897226-0FFD-46C5-A44F-C7EE91572856}.Debug|iPhoneSimulator.Build.0 = Debug|Any CPU
		{E4897226-0FFD-46C5-A44F-C7EE91572856}.Debug|x86.ActiveCfg = Debug|Any CPU
		{E4897226-0FFD-46C5-A44F-C7EE91572856}.Debug|x86.Build.0 = Debug|Any CPU
		{E4897226-0FFD-46C5-A44F-C7EE91572856}.Release|Any CPU.ActiveCfg = Release|Any CPU
		{E4897226-0FFD-46C5-A44F-C7EE91572856}.Release|Any CPU.Build.0 = Release|Any CPU
		{E4897226-0FFD-46C5-A44F-C7EE91572856}.Release|ARM.ActiveCfg = Release|Any CPU
		{E4897226-0FFD-46C5-A44F-C7EE91572856}.Release|ARM.Build.0 = Release|Any CPU
		{E4897226-0FFD-46C5-A44F-C7EE91572856}.Release|iPhone.ActiveCfg = Release|Any CPU
		{E4897226-0FFD-46C5-A44F-C7EE91572856}.Release|iPhone.Build.0 = Release|Any CPU
		{E4897226-0FFD-46C5-A44F-C7EE91572856}.Release|iPhoneSimulator.ActiveCfg = Release|Any CPU
		{E4897226-0FFD-46C5-A44F-C7EE91572856}.Release|iPhoneSimulator.Build.0 = Release|Any CPU
		{E4897226-0FFD-46C5-A44F-C7EE91572856}.Release|x86.ActiveCfg = Release|Any CPU
		{E4897226-0FFD-46C5-A44F-C7EE91572856}.Release|x86.Build.0 = Release|Any CPU
		{D85F55C6-3976-4633-8DD4-E6BAD79E4570}.AppStore|Any CPU.ActiveCfg = Release|Any CPU
		{D85F55C6-3976-4633-8DD4-E6BAD79E4570}.AppStore|Any CPU.Build.0 = Release|Any CPU
		{D85F55C6-3976-4633-8DD4-E6BAD79E4570}.AppStore|ARM.ActiveCfg = Release|Any CPU
		{D85F55C6-3976-4633-8DD4-E6BAD79E4570}.AppStore|ARM.Build.0 = Release|Any CPU
		{D85F55C6-3976-4633-8DD4-E6BAD79E4570}.AppStore|iPhone.ActiveCfg = Release|Any CPU
		{D85F55C6-3976-4633-8DD4-E6BAD79E4570}.AppStore|iPhone.Build.0 = Release|Any CPU
		{D85F55C6-3976-4633-8DD4-E6BAD79E4570}.AppStore|iPhoneSimulator.ActiveCfg = Release|Any CPU
		{D85F55C6-3976-4633-8DD4-E6BAD79E4570}.AppStore|iPhoneSimulator.Build.0 = Release|Any CPU
		{D85F55C6-3976-4633-8DD4-E6BAD79E4570}.AppStore|x86.ActiveCfg = Release|Any CPU
		{D85F55C6-3976-4633-8DD4-E6BAD79E4570}.AppStore|x86.Build.0 = Release|Any CPU
		{D85F55C6-3976-4633-8DD4-E6BAD79E4570}.Debug|Any CPU.ActiveCfg = Debug|Any CPU
		{D85F55C6-3976-4633-8DD4-E6BAD79E4570}.Debug|Any CPU.Build.0 = Debug|Any CPU
		{D85F55C6-3976-4633-8DD4-E6BAD79E4570}.Debug|ARM.ActiveCfg = Debug|Any CPU
		{D85F55C6-3976-4633-8DD4-E6BAD79E4570}.Debug|ARM.Build.0 = Debug|Any CPU
		{D85F55C6-3976-4633-8DD4-E6BAD79E4570}.Debug|iPhone.ActiveCfg = Debug|Any CPU
		{D85F55C6-3976-4633-8DD4-E6BAD79E4570}.Debug|iPhone.Build.0 = Debug|Any CPU
		{D85F55C6-3976-4633-8DD4-E6BAD79E4570}.Debug|iPhoneSimulator.ActiveCfg = Debug|Any CPU
		{D85F55C6-3976-4633-8DD4-E6BAD79E4570}.Debug|iPhoneSimulator.Build.0 = Debug|Any CPU
		{D85F55C6-3976-4633-8DD4-E6BAD79E4570}.Debug|x86.ActiveCfg = Debug|Any CPU
		{D85F55C6-3976-4633-8DD4-E6BAD79E4570}.Debug|x86.Build.0 = Debug|Any CPU
		{D85F55C6-3976-4633-8DD4-E6BAD79E4570}.Release|Any CPU.ActiveCfg = Release|Any CPU
		{D85F55C6-3976-4633-8DD4-E6BAD79E4570}.Release|Any CPU.Build.0 = Release|Any CPU
		{D85F55C6-3976-4633-8DD4-E6BAD79E4570}.Release|ARM.ActiveCfg = Release|Any CPU
		{D85F55C6-3976-4633-8DD4-E6BAD79E4570}.Release|ARM.Build.0 = Release|Any CPU
		{D85F55C6-3976-4633-8DD4-E6BAD79E4570}.Release|iPhone.ActiveCfg = Release|Any CPU
		{D85F55C6-3976-4633-8DD4-E6BAD79E4570}.Release|iPhone.Build.0 = Release|Any CPU
		{D85F55C6-3976-4633-8DD4-E6BAD79E4570}.Release|iPhoneSimulator.ActiveCfg = Release|Any CPU
		{D85F55C6-3976-4633-8DD4-E6BAD79E4570}.Release|iPhoneSimulator.Build.0 = Release|Any CPU
		{D85F55C6-3976-4633-8DD4-E6BAD79E4570}.Release|x86.ActiveCfg = Release|Any CPU
		{D85F55C6-3976-4633-8DD4-E6BAD79E4570}.Release|x86.Build.0 = Release|Any CPU
		{5E158DA9-4D12-444D-BD45-AC8749187EE0}.AppStore|Any CPU.ActiveCfg = Release|Any CPU
		{5E158DA9-4D12-444D-BD45-AC8749187EE0}.AppStore|Any CPU.Build.0 = Release|Any CPU
		{5E158DA9-4D12-444D-BD45-AC8749187EE0}.AppStore|ARM.ActiveCfg = Release|Any CPU
		{5E158DA9-4D12-444D-BD45-AC8749187EE0}.AppStore|ARM.Build.0 = Release|Any CPU
		{5E158DA9-4D12-444D-BD45-AC8749187EE0}.AppStore|iPhone.ActiveCfg = Release|Any CPU
		{5E158DA9-4D12-444D-BD45-AC8749187EE0}.AppStore|iPhone.Build.0 = Release|Any CPU
		{5E158DA9-4D12-444D-BD45-AC8749187EE0}.AppStore|iPhoneSimulator.ActiveCfg = Release|Any CPU
		{5E158DA9-4D12-444D-BD45-AC8749187EE0}.AppStore|iPhoneSimulator.Build.0 = Release|Any CPU
		{5E158DA9-4D12-444D-BD45-AC8749187EE0}.AppStore|x86.ActiveCfg = Release|Any CPU
		{5E158DA9-4D12-444D-BD45-AC8749187EE0}.AppStore|x86.Build.0 = Release|Any CPU
		{5E158DA9-4D12-444D-BD45-AC8749187EE0}.Debug|Any CPU.ActiveCfg = Debug|Any CPU
		{5E158DA9-4D12-444D-BD45-AC8749187EE0}.Debug|Any CPU.Build.0 = Debug|Any CPU
		{5E158DA9-4D12-444D-BD45-AC8749187EE0}.Debug|ARM.ActiveCfg = Debug|Any CPU
		{5E158DA9-4D12-444D-BD45-AC8749187EE0}.Debug|ARM.Build.0 = Debug|Any CPU
		{5E158DA9-4D12-444D-BD45-AC8749187EE0}.Debug|iPhone.ActiveCfg = Debug|Any CPU
		{5E158DA9-4D12-444D-BD45-AC8749187EE0}.Debug|iPhone.Build.0 = Debug|Any CPU
		{5E158DA9-4D12-444D-BD45-AC8749187EE0}.Debug|iPhoneSimulator.ActiveCfg = Debug|Any CPU
		{5E158DA9-4D12-444D-BD45-AC8749187EE0}.Debug|iPhoneSimulator.Build.0 = Debug|Any CPU
		{5E158DA9-4D12-444D-BD45-AC8749187EE0}.Debug|x86.ActiveCfg = Debug|Any CPU
		{5E158DA9-4D12-444D-BD45-AC8749187EE0}.Debug|x86.Build.0 = Debug|Any CPU
		{5E158DA9-4D12-444D-BD45-AC8749187EE0}.Release|Any CPU.ActiveCfg = Release|Any CPU
		{5E158DA9-4D12-444D-BD45-AC8749187EE0}.Release|Any CPU.Build.0 = Release|Any CPU
		{5E158DA9-4D12-444D-BD45-AC8749187EE0}.Release|ARM.ActiveCfg = Release|Any CPU
		{5E158DA9-4D12-444D-BD45-AC8749187EE0}.Release|ARM.Build.0 = Release|Any CPU
		{5E158DA9-4D12-444D-BD45-AC8749187EE0}.Release|iPhone.ActiveCfg = Release|Any CPU
		{5E158DA9-4D12-444D-BD45-AC8749187EE0}.Release|iPhone.Build.0 = Release|Any CPU
		{5E158DA9-4D12-444D-BD45-AC8749187EE0}.Release|iPhoneSimulator.ActiveCfg = Release|Any CPU
		{5E158DA9-4D12-444D-BD45-AC8749187EE0}.Release|iPhoneSimulator.Build.0 = Release|Any CPU
		{5E158DA9-4D12-444D-BD45-AC8749187EE0}.Release|x86.ActiveCfg = Release|Any CPU
		{5E158DA9-4D12-444D-BD45-AC8749187EE0}.Release|x86.Build.0 = Release|Any CPU
		{657E0C81-9988-4709-90FE-6C81B10299C1}.AppStore|Any CPU.ActiveCfg = Release|Any CPU
		{657E0C81-9988-4709-90FE-6C81B10299C1}.AppStore|Any CPU.Build.0 = Release|Any CPU
		{657E0C81-9988-4709-90FE-6C81B10299C1}.AppStore|ARM.ActiveCfg = Release|Any CPU
		{657E0C81-9988-4709-90FE-6C81B10299C1}.AppStore|ARM.Build.0 = Release|Any CPU
		{657E0C81-9988-4709-90FE-6C81B10299C1}.AppStore|iPhone.ActiveCfg = Release|Any CPU
		{657E0C81-9988-4709-90FE-6C81B10299C1}.AppStore|iPhone.Build.0 = Release|Any CPU
		{657E0C81-9988-4709-90FE-6C81B10299C1}.AppStore|iPhoneSimulator.ActiveCfg = Release|Any CPU
		{657E0C81-9988-4709-90FE-6C81B10299C1}.AppStore|iPhoneSimulator.Build.0 = Release|Any CPU
		{657E0C81-9988-4709-90FE-6C81B10299C1}.AppStore|x86.ActiveCfg = Release|Any CPU
		{657E0C81-9988-4709-90FE-6C81B10299C1}.AppStore|x86.Build.0 = Release|Any CPU
		{657E0C81-9988-4709-90FE-6C81B10299C1}.Debug|Any CPU.ActiveCfg = Debug|Any CPU
		{657E0C81-9988-4709-90FE-6C81B10299C1}.Debug|Any CPU.Build.0 = Debug|Any CPU
		{657E0C81-9988-4709-90FE-6C81B10299C1}.Debug|ARM.ActiveCfg = Debug|Any CPU
		{657E0C81-9988-4709-90FE-6C81B10299C1}.Debug|ARM.Build.0 = Debug|Any CPU
		{657E0C81-9988-4709-90FE-6C81B10299C1}.Debug|iPhone.ActiveCfg = Debug|Any CPU
		{657E0C81-9988-4709-90FE-6C81B10299C1}.Debug|iPhone.Build.0 = Debug|Any CPU
		{657E0C81-9988-4709-90FE-6C81B10299C1}.Debug|iPhoneSimulator.ActiveCfg = Debug|Any CPU
		{657E0C81-9988-4709-90FE-6C81B10299C1}.Debug|iPhoneSimulator.Build.0 = Debug|Any CPU
		{657E0C81-9988-4709-90FE-6C81B10299C1}.Debug|x86.ActiveCfg = Debug|Any CPU
		{657E0C81-9988-4709-90FE-6C81B10299C1}.Debug|x86.Build.0 = Debug|Any CPU
		{657E0C81-9988-4709-90FE-6C81B10299C1}.Release|Any CPU.ActiveCfg = Release|Any CPU
		{657E0C81-9988-4709-90FE-6C81B10299C1}.Release|Any CPU.Build.0 = Release|Any CPU
		{657E0C81-9988-4709-90FE-6C81B10299C1}.Release|ARM.ActiveCfg = Release|Any CPU
		{657E0C81-9988-4709-90FE-6C81B10299C1}.Release|ARM.Build.0 = Release|Any CPU
		{657E0C81-9988-4709-90FE-6C81B10299C1}.Release|iPhone.ActiveCfg = Release|Any CPU
		{657E0C81-9988-4709-90FE-6C81B10299C1}.Release|iPhone.Build.0 = Release|Any CPU
		{657E0C81-9988-4709-90FE-6C81B10299C1}.Release|iPhoneSimulator.ActiveCfg = Release|Any CPU
		{657E0C81-9988-4709-90FE-6C81B10299C1}.Release|iPhoneSimulator.Build.0 = Release|Any CPU
		{657E0C81-9988-4709-90FE-6C81B10299C1}.Release|x86.ActiveCfg = Release|Any CPU
		{657E0C81-9988-4709-90FE-6C81B10299C1}.Release|x86.Build.0 = Release|Any CPU
		{FCBED957-07CB-421C-AD87-D77FCD2F04E9}.AppStore|Any CPU.ActiveCfg = Release|Any CPU
		{FCBED957-07CB-421C-AD87-D77FCD2F04E9}.AppStore|Any CPU.Build.0 = Release|Any CPU
		{FCBED957-07CB-421C-AD87-D77FCD2F04E9}.AppStore|ARM.ActiveCfg = Release|Any CPU
		{FCBED957-07CB-421C-AD87-D77FCD2F04E9}.AppStore|ARM.Build.0 = Release|Any CPU
		{FCBED957-07CB-421C-AD87-D77FCD2F04E9}.AppStore|iPhone.ActiveCfg = Release|Any CPU
		{FCBED957-07CB-421C-AD87-D77FCD2F04E9}.AppStore|iPhone.Build.0 = Release|Any CPU
		{FCBED957-07CB-421C-AD87-D77FCD2F04E9}.AppStore|iPhoneSimulator.ActiveCfg = Release|Any CPU
		{FCBED957-07CB-421C-AD87-D77FCD2F04E9}.AppStore|iPhoneSimulator.Build.0 = Release|Any CPU
		{FCBED957-07CB-421C-AD87-D77FCD2F04E9}.AppStore|x86.ActiveCfg = Release|Any CPU
		{FCBED957-07CB-421C-AD87-D77FCD2F04E9}.AppStore|x86.Build.0 = Release|Any CPU
		{FCBED957-07CB-421C-AD87-D77FCD2F04E9}.Debug|Any CPU.ActiveCfg = Debug|Any CPU
		{FCBED957-07CB-421C-AD87-D77FCD2F04E9}.Debug|Any CPU.Build.0 = Debug|Any CPU
		{FCBED957-07CB-421C-AD87-D77FCD2F04E9}.Debug|ARM.ActiveCfg = Debug|Any CPU
		{FCBED957-07CB-421C-AD87-D77FCD2F04E9}.Debug|ARM.Build.0 = Debug|Any CPU
		{FCBED957-07CB-421C-AD87-D77FCD2F04E9}.Debug|iPhone.ActiveCfg = Debug|Any CPU
		{FCBED957-07CB-421C-AD87-D77FCD2F04E9}.Debug|iPhone.Build.0 = Debug|Any CPU
		{FCBED957-07CB-421C-AD87-D77FCD2F04E9}.Debug|iPhoneSimulator.ActiveCfg = Debug|Any CPU
		{FCBED957-07CB-421C-AD87-D77FCD2F04E9}.Debug|iPhoneSimulator.Build.0 = Debug|Any CPU
		{FCBED957-07CB-421C-AD87-D77FCD2F04E9}.Debug|x86.ActiveCfg = Debug|Any CPU
		{FCBED957-07CB-421C-AD87-D77FCD2F04E9}.Debug|x86.Build.0 = Debug|Any CPU
		{FCBED957-07CB-421C-AD87-D77FCD2F04E9}.Release|Any CPU.ActiveCfg = Release|Any CPU
		{FCBED957-07CB-421C-AD87-D77FCD2F04E9}.Release|Any CPU.Build.0 = Release|Any CPU
		{FCBED957-07CB-421C-AD87-D77FCD2F04E9}.Release|ARM.ActiveCfg = Release|Any CPU
		{FCBED957-07CB-421C-AD87-D77FCD2F04E9}.Release|ARM.Build.0 = Release|Any CPU
		{FCBED957-07CB-421C-AD87-D77FCD2F04E9}.Release|iPhone.ActiveCfg = Release|Any CPU
		{FCBED957-07CB-421C-AD87-D77FCD2F04E9}.Release|iPhone.Build.0 = Release|Any CPU
		{FCBED957-07CB-421C-AD87-D77FCD2F04E9}.Release|iPhoneSimulator.ActiveCfg = Release|Any CPU
		{FCBED957-07CB-421C-AD87-D77FCD2F04E9}.Release|iPhoneSimulator.Build.0 = Release|Any CPU
		{FCBED957-07CB-421C-AD87-D77FCD2F04E9}.Release|x86.ActiveCfg = Release|Any CPU
		{FCBED957-07CB-421C-AD87-D77FCD2F04E9}.Release|x86.Build.0 = Release|Any CPU
		{659B2113-103E-4B9D-9D62-9DF660960958}.AppStore|Any CPU.ActiveCfg = Release|Any CPU
		{659B2113-103E-4B9D-9D62-9DF660960958}.AppStore|Any CPU.Build.0 = Release|Any CPU
		{659B2113-103E-4B9D-9D62-9DF660960958}.AppStore|ARM.ActiveCfg = Release|Any CPU
		{659B2113-103E-4B9D-9D62-9DF660960958}.AppStore|ARM.Build.0 = Release|Any CPU
		{659B2113-103E-4B9D-9D62-9DF660960958}.AppStore|iPhone.ActiveCfg = Release|Any CPU
		{659B2113-103E-4B9D-9D62-9DF660960958}.AppStore|iPhone.Build.0 = Release|Any CPU
		{659B2113-103E-4B9D-9D62-9DF660960958}.AppStore|iPhoneSimulator.ActiveCfg = Release|Any CPU
		{659B2113-103E-4B9D-9D62-9DF660960958}.AppStore|iPhoneSimulator.Build.0 = Release|Any CPU
		{659B2113-103E-4B9D-9D62-9DF660960958}.AppStore|x86.ActiveCfg = Release|Any CPU
		{659B2113-103E-4B9D-9D62-9DF660960958}.AppStore|x86.Build.0 = Release|Any CPU
		{659B2113-103E-4B9D-9D62-9DF660960958}.Debug|Any CPU.ActiveCfg = Debug|Any CPU
		{659B2113-103E-4B9D-9D62-9DF660960958}.Debug|Any CPU.Build.0 = Debug|Any CPU
		{659B2113-103E-4B9D-9D62-9DF660960958}.Debug|ARM.ActiveCfg = Debug|Any CPU
		{659B2113-103E-4B9D-9D62-9DF660960958}.Debug|ARM.Build.0 = Debug|Any CPU
		{659B2113-103E-4B9D-9D62-9DF660960958}.Debug|iPhone.ActiveCfg = Debug|Any CPU
		{659B2113-103E-4B9D-9D62-9DF660960958}.Debug|iPhone.Build.0 = Debug|Any CPU
		{659B2113-103E-4B9D-9D62-9DF660960958}.Debug|iPhoneSimulator.ActiveCfg = Debug|Any CPU
		{659B2113-103E-4B9D-9D62-9DF660960958}.Debug|iPhoneSimulator.Build.0 = Debug|Any CPU
		{659B2113-103E-4B9D-9D62-9DF660960958}.Debug|x86.ActiveCfg = Debug|Any CPU
		{659B2113-103E-4B9D-9D62-9DF660960958}.Debug|x86.Build.0 = Debug|Any CPU
		{659B2113-103E-4B9D-9D62-9DF660960958}.Release|Any CPU.ActiveCfg = Release|Any CPU
		{659B2113-103E-4B9D-9D62-9DF660960958}.Release|Any CPU.Build.0 = Release|Any CPU
		{659B2113-103E-4B9D-9D62-9DF660960958}.Release|ARM.ActiveCfg = Release|Any CPU
		{659B2113-103E-4B9D-9D62-9DF660960958}.Release|ARM.Build.0 = Release|Any CPU
		{659B2113-103E-4B9D-9D62-9DF660960958}.Release|iPhone.ActiveCfg = Release|Any CPU
		{659B2113-103E-4B9D-9D62-9DF660960958}.Release|iPhone.Build.0 = Release|Any CPU
		{659B2113-103E-4B9D-9D62-9DF660960958}.Release|iPhoneSimulator.ActiveCfg = Release|Any CPU
		{659B2113-103E-4B9D-9D62-9DF660960958}.Release|iPhoneSimulator.Build.0 = Release|Any CPU
		{659B2113-103E-4B9D-9D62-9DF660960958}.Release|x86.ActiveCfg = Release|Any CPU
		{659B2113-103E-4B9D-9D62-9DF660960958}.Release|x86.Build.0 = Release|Any CPU
		{0FC0CE23-C320-4CA2-AE9A-949E82C1B2CF}.AppStore|Any CPU.ActiveCfg = Debug|Any CPU
		{0FC0CE23-C320-4CA2-AE9A-949E82C1B2CF}.AppStore|Any CPU.Build.0 = Debug|Any CPU
		{0FC0CE23-C320-4CA2-AE9A-949E82C1B2CF}.AppStore|ARM.ActiveCfg = Debug|Any CPU
		{0FC0CE23-C320-4CA2-AE9A-949E82C1B2CF}.AppStore|ARM.Build.0 = Debug|Any CPU
		{0FC0CE23-C320-4CA2-AE9A-949E82C1B2CF}.AppStore|iPhone.ActiveCfg = Debug|Any CPU
		{0FC0CE23-C320-4CA2-AE9A-949E82C1B2CF}.AppStore|iPhone.Build.0 = Debug|Any CPU
		{0FC0CE23-C320-4CA2-AE9A-949E82C1B2CF}.AppStore|iPhoneSimulator.ActiveCfg = Debug|Any CPU
		{0FC0CE23-C320-4CA2-AE9A-949E82C1B2CF}.AppStore|iPhoneSimulator.Build.0 = Debug|Any CPU
		{0FC0CE23-C320-4CA2-AE9A-949E82C1B2CF}.AppStore|x86.ActiveCfg = Debug|Any CPU
		{0FC0CE23-C320-4CA2-AE9A-949E82C1B2CF}.AppStore|x86.Build.0 = Debug|Any CPU
		{0FC0CE23-C320-4CA2-AE9A-949E82C1B2CF}.Debug|Any CPU.ActiveCfg = Debug|Any CPU
		{0FC0CE23-C320-4CA2-AE9A-949E82C1B2CF}.Debug|Any CPU.Build.0 = Debug|Any CPU
		{0FC0CE23-C320-4CA2-AE9A-949E82C1B2CF}.Debug|ARM.ActiveCfg = Debug|Any CPU
		{0FC0CE23-C320-4CA2-AE9A-949E82C1B2CF}.Debug|ARM.Build.0 = Debug|Any CPU
		{0FC0CE23-C320-4CA2-AE9A-949E82C1B2CF}.Debug|iPhone.ActiveCfg = Debug|Any CPU
		{0FC0CE23-C320-4CA2-AE9A-949E82C1B2CF}.Debug|iPhone.Build.0 = Debug|Any CPU
		{0FC0CE23-C320-4CA2-AE9A-949E82C1B2CF}.Debug|iPhoneSimulator.ActiveCfg = Debug|Any CPU
		{0FC0CE23-C320-4CA2-AE9A-949E82C1B2CF}.Debug|iPhoneSimulator.Build.0 = Debug|Any CPU
		{0FC0CE23-C320-4CA2-AE9A-949E82C1B2CF}.Debug|x86.ActiveCfg = Debug|Any CPU
		{0FC0CE23-C320-4CA2-AE9A-949E82C1B2CF}.Debug|x86.Build.0 = Debug|Any CPU
		{0FC0CE23-C320-4CA2-AE9A-949E82C1B2CF}.Release|Any CPU.ActiveCfg = Release|Any CPU
		{0FC0CE23-C320-4CA2-AE9A-949E82C1B2CF}.Release|Any CPU.Build.0 = Release|Any CPU
		{0FC0CE23-C320-4CA2-AE9A-949E82C1B2CF}.Release|ARM.ActiveCfg = Release|Any CPU
		{0FC0CE23-C320-4CA2-AE9A-949E82C1B2CF}.Release|ARM.Build.0 = Release|Any CPU
		{0FC0CE23-C320-4CA2-AE9A-949E82C1B2CF}.Release|iPhone.ActiveCfg = Release|Any CPU
		{0FC0CE23-C320-4CA2-AE9A-949E82C1B2CF}.Release|iPhone.Build.0 = Release|Any CPU
		{0FC0CE23-C320-4CA2-AE9A-949E82C1B2CF}.Release|iPhoneSimulator.ActiveCfg = Release|Any CPU
		{0FC0CE23-C320-4CA2-AE9A-949E82C1B2CF}.Release|iPhoneSimulator.Build.0 = Release|Any CPU
		{0FC0CE23-C320-4CA2-AE9A-949E82C1B2CF}.Release|x86.ActiveCfg = Release|Any CPU
		{0FC0CE23-C320-4CA2-AE9A-949E82C1B2CF}.Release|x86.Build.0 = Release|Any CPU
		{58B6B9A3-CC15-4172-98F2-3971CDCD560A}.AppStore|Any CPU.ActiveCfg = Release|Any CPU
		{58B6B9A3-CC15-4172-98F2-3971CDCD560A}.AppStore|Any CPU.Build.0 = Release|Any CPU
		{58B6B9A3-CC15-4172-98F2-3971CDCD560A}.AppStore|ARM.ActiveCfg = Release|Any CPU
		{58B6B9A3-CC15-4172-98F2-3971CDCD560A}.AppStore|ARM.Build.0 = Release|Any CPU
		{58B6B9A3-CC15-4172-98F2-3971CDCD560A}.AppStore|iPhone.ActiveCfg = Release|Any CPU
		{58B6B9A3-CC15-4172-98F2-3971CDCD560A}.AppStore|iPhone.Build.0 = Release|Any CPU
		{58B6B9A3-CC15-4172-98F2-3971CDCD560A}.AppStore|iPhoneSimulator.ActiveCfg = Release|Any CPU
		{58B6B9A3-CC15-4172-98F2-3971CDCD560A}.AppStore|iPhoneSimulator.Build.0 = Release|Any CPU
		{58B6B9A3-CC15-4172-98F2-3971CDCD560A}.AppStore|x86.ActiveCfg = Release|Any CPU
		{58B6B9A3-CC15-4172-98F2-3971CDCD560A}.AppStore|x86.Build.0 = Release|Any CPU
		{58B6B9A3-CC15-4172-98F2-3971CDCD560A}.Debug|Any CPU.ActiveCfg = Debug|Any CPU
		{58B6B9A3-CC15-4172-98F2-3971CDCD560A}.Debug|Any CPU.Build.0 = Debug|Any CPU
		{58B6B9A3-CC15-4172-98F2-3971CDCD560A}.Debug|ARM.ActiveCfg = Debug|Any CPU
		{58B6B9A3-CC15-4172-98F2-3971CDCD560A}.Debug|ARM.Build.0 = Debug|Any CPU
		{58B6B9A3-CC15-4172-98F2-3971CDCD560A}.Debug|iPhone.ActiveCfg = Debug|Any CPU
		{58B6B9A3-CC15-4172-98F2-3971CDCD560A}.Debug|iPhone.Build.0 = Debug|Any CPU
		{58B6B9A3-CC15-4172-98F2-3971CDCD560A}.Debug|iPhoneSimulator.ActiveCfg = Debug|Any CPU
		{58B6B9A3-CC15-4172-98F2-3971CDCD560A}.Debug|iPhoneSimulator.Build.0 = Debug|Any CPU
		{58B6B9A3-CC15-4172-98F2-3971CDCD560A}.Debug|x86.ActiveCfg = Debug|Any CPU
		{58B6B9A3-CC15-4172-98F2-3971CDCD560A}.Debug|x86.Build.0 = Debug|Any CPU
		{58B6B9A3-CC15-4172-98F2-3971CDCD560A}.Release|Any CPU.ActiveCfg = Release|Any CPU
		{58B6B9A3-CC15-4172-98F2-3971CDCD560A}.Release|Any CPU.Build.0 = Release|Any CPU
		{58B6B9A3-CC15-4172-98F2-3971CDCD560A}.Release|ARM.ActiveCfg = Release|Any CPU
		{58B6B9A3-CC15-4172-98F2-3971CDCD560A}.Release|ARM.Build.0 = Release|Any CPU
		{58B6B9A3-CC15-4172-98F2-3971CDCD560A}.Release|iPhone.ActiveCfg = Release|Any CPU
		{58B6B9A3-CC15-4172-98F2-3971CDCD560A}.Release|iPhone.Build.0 = Release|Any CPU
		{58B6B9A3-CC15-4172-98F2-3971CDCD560A}.Release|iPhoneSimulator.ActiveCfg = Release|Any CPU
		{58B6B9A3-CC15-4172-98F2-3971CDCD560A}.Release|iPhoneSimulator.Build.0 = Release|Any CPU
		{58B6B9A3-CC15-4172-98F2-3971CDCD560A}.Release|x86.ActiveCfg = Release|Any CPU
		{58B6B9A3-CC15-4172-98F2-3971CDCD560A}.Release|x86.Build.0 = Release|Any CPU
		{626C45A9-4405-4FA7-9900-0B8E7270E5B0}.AppStore|Any CPU.ActiveCfg = Debug|Any CPU
		{626C45A9-4405-4FA7-9900-0B8E7270E5B0}.AppStore|Any CPU.Build.0 = Debug|Any CPU
		{626C45A9-4405-4FA7-9900-0B8E7270E5B0}.AppStore|ARM.ActiveCfg = Debug|Any CPU
		{626C45A9-4405-4FA7-9900-0B8E7270E5B0}.AppStore|ARM.Build.0 = Debug|Any CPU
		{626C45A9-4405-4FA7-9900-0B8E7270E5B0}.AppStore|iPhone.ActiveCfg = Debug|Any CPU
		{626C45A9-4405-4FA7-9900-0B8E7270E5B0}.AppStore|iPhone.Build.0 = Debug|Any CPU
		{626C45A9-4405-4FA7-9900-0B8E7270E5B0}.AppStore|iPhoneSimulator.ActiveCfg = Debug|Any CPU
		{626C45A9-4405-4FA7-9900-0B8E7270E5B0}.AppStore|iPhoneSimulator.Build.0 = Debug|Any CPU
		{626C45A9-4405-4FA7-9900-0B8E7270E5B0}.AppStore|x86.ActiveCfg = Debug|Any CPU
		{626C45A9-4405-4FA7-9900-0B8E7270E5B0}.AppStore|x86.Build.0 = Debug|Any CPU
		{626C45A9-4405-4FA7-9900-0B8E7270E5B0}.Debug|Any CPU.ActiveCfg = Debug|Any CPU
		{626C45A9-4405-4FA7-9900-0B8E7270E5B0}.Debug|Any CPU.Build.0 = Debug|Any CPU
		{626C45A9-4405-4FA7-9900-0B8E7270E5B0}.Debug|ARM.ActiveCfg = Debug|Any CPU
		{626C45A9-4405-4FA7-9900-0B8E7270E5B0}.Debug|ARM.Build.0 = Debug|Any CPU
		{626C45A9-4405-4FA7-9900-0B8E7270E5B0}.Debug|iPhone.ActiveCfg = Debug|Any CPU
		{626C45A9-4405-4FA7-9900-0B8E7270E5B0}.Debug|iPhone.Build.0 = Debug|Any CPU
		{626C45A9-4405-4FA7-9900-0B8E7270E5B0}.Debug|iPhoneSimulator.ActiveCfg = Debug|Any CPU
		{626C45A9-4405-4FA7-9900-0B8E7270E5B0}.Debug|iPhoneSimulator.Build.0 = Debug|Any CPU
		{626C45A9-4405-4FA7-9900-0B8E7270E5B0}.Debug|x86.ActiveCfg = Debug|Any CPU
		{626C45A9-4405-4FA7-9900-0B8E7270E5B0}.Debug|x86.Build.0 = Debug|Any CPU
		{626C45A9-4405-4FA7-9900-0B8E7270E5B0}.Release|Any CPU.ActiveCfg = Release|Any CPU
		{626C45A9-4405-4FA7-9900-0B8E7270E5B0}.Release|Any CPU.Build.0 = Release|Any CPU
		{626C45A9-4405-4FA7-9900-0B8E7270E5B0}.Release|ARM.ActiveCfg = Release|Any CPU
		{626C45A9-4405-4FA7-9900-0B8E7270E5B0}.Release|ARM.Build.0 = Release|Any CPU
		{626C45A9-4405-4FA7-9900-0B8E7270E5B0}.Release|iPhone.ActiveCfg = Release|Any CPU
		{626C45A9-4405-4FA7-9900-0B8E7270E5B0}.Release|iPhone.Build.0 = Release|Any CPU
		{626C45A9-4405-4FA7-9900-0B8E7270E5B0}.Release|iPhoneSimulator.ActiveCfg = Release|Any CPU
		{626C45A9-4405-4FA7-9900-0B8E7270E5B0}.Release|iPhoneSimulator.Build.0 = Release|Any CPU
		{626C45A9-4405-4FA7-9900-0B8E7270E5B0}.Release|x86.ActiveCfg = Release|Any CPU
		{626C45A9-4405-4FA7-9900-0B8E7270E5B0}.Release|x86.Build.0 = Release|Any CPU
		{7E6E9155-0D4D-43D6-AEBB-3A5BCFE3DCCD}.AppStore|Any CPU.ActiveCfg = Release|Any CPU
		{7E6E9155-0D4D-43D6-AEBB-3A5BCFE3DCCD}.AppStore|Any CPU.Build.0 = Release|Any CPU
		{7E6E9155-0D4D-43D6-AEBB-3A5BCFE3DCCD}.AppStore|ARM.ActiveCfg = Release|Any CPU
		{7E6E9155-0D4D-43D6-AEBB-3A5BCFE3DCCD}.AppStore|ARM.Build.0 = Release|Any CPU
		{7E6E9155-0D4D-43D6-AEBB-3A5BCFE3DCCD}.AppStore|iPhone.ActiveCfg = Release|Any CPU
		{7E6E9155-0D4D-43D6-AEBB-3A5BCFE3DCCD}.AppStore|iPhone.Build.0 = Release|Any CPU
		{7E6E9155-0D4D-43D6-AEBB-3A5BCFE3DCCD}.AppStore|iPhoneSimulator.ActiveCfg = Release|Any CPU
		{7E6E9155-0D4D-43D6-AEBB-3A5BCFE3DCCD}.AppStore|iPhoneSimulator.Build.0 = Release|Any CPU
		{7E6E9155-0D4D-43D6-AEBB-3A5BCFE3DCCD}.AppStore|x86.ActiveCfg = Release|Any CPU
		{7E6E9155-0D4D-43D6-AEBB-3A5BCFE3DCCD}.AppStore|x86.Build.0 = Release|Any CPU
		{7E6E9155-0D4D-43D6-AEBB-3A5BCFE3DCCD}.Debug|Any CPU.ActiveCfg = Debug|Any CPU
		{7E6E9155-0D4D-43D6-AEBB-3A5BCFE3DCCD}.Debug|Any CPU.Build.0 = Debug|Any CPU
		{7E6E9155-0D4D-43D6-AEBB-3A5BCFE3DCCD}.Debug|ARM.ActiveCfg = Debug|Any CPU
		{7E6E9155-0D4D-43D6-AEBB-3A5BCFE3DCCD}.Debug|ARM.Build.0 = Debug|Any CPU
		{7E6E9155-0D4D-43D6-AEBB-3A5BCFE3DCCD}.Debug|iPhone.ActiveCfg = Debug|Any CPU
		{7E6E9155-0D4D-43D6-AEBB-3A5BCFE3DCCD}.Debug|iPhone.Build.0 = Debug|Any CPU
		{7E6E9155-0D4D-43D6-AEBB-3A5BCFE3DCCD}.Debug|iPhoneSimulator.ActiveCfg = Debug|Any CPU
		{7E6E9155-0D4D-43D6-AEBB-3A5BCFE3DCCD}.Debug|iPhoneSimulator.Build.0 = Debug|Any CPU
		{7E6E9155-0D4D-43D6-AEBB-3A5BCFE3DCCD}.Debug|x86.ActiveCfg = Debug|Any CPU
		{7E6E9155-0D4D-43D6-AEBB-3A5BCFE3DCCD}.Debug|x86.Build.0 = Debug|Any CPU
		{7E6E9155-0D4D-43D6-AEBB-3A5BCFE3DCCD}.Release|Any CPU.ActiveCfg = Release|Any CPU
		{7E6E9155-0D4D-43D6-AEBB-3A5BCFE3DCCD}.Release|Any CPU.Build.0 = Release|Any CPU
		{7E6E9155-0D4D-43D6-AEBB-3A5BCFE3DCCD}.Release|ARM.ActiveCfg = Release|Any CPU
		{7E6E9155-0D4D-43D6-AEBB-3A5BCFE3DCCD}.Release|ARM.Build.0 = Release|Any CPU
		{7E6E9155-0D4D-43D6-AEBB-3A5BCFE3DCCD}.Release|iPhone.ActiveCfg = Release|Any CPU
		{7E6E9155-0D4D-43D6-AEBB-3A5BCFE3DCCD}.Release|iPhone.Build.0 = Release|Any CPU
		{7E6E9155-0D4D-43D6-AEBB-3A5BCFE3DCCD}.Release|iPhoneSimulator.ActiveCfg = Release|Any CPU
		{7E6E9155-0D4D-43D6-AEBB-3A5BCFE3DCCD}.Release|iPhoneSimulator.Build.0 = Release|Any CPU
		{7E6E9155-0D4D-43D6-AEBB-3A5BCFE3DCCD}.Release|x86.ActiveCfg = Release|Any CPU
		{7E6E9155-0D4D-43D6-AEBB-3A5BCFE3DCCD}.Release|x86.Build.0 = Release|Any CPU
		{4709C10B-8CFC-47F3-9B2C-1B8BA64F12A2}.AppStore|Any CPU.ActiveCfg = Release|Any CPU
		{4709C10B-8CFC-47F3-9B2C-1B8BA64F12A2}.AppStore|Any CPU.Build.0 = Release|Any CPU
		{4709C10B-8CFC-47F3-9B2C-1B8BA64F12A2}.AppStore|ARM.ActiveCfg = Release|Any CPU
		{4709C10B-8CFC-47F3-9B2C-1B8BA64F12A2}.AppStore|ARM.Build.0 = Release|Any CPU
		{4709C10B-8CFC-47F3-9B2C-1B8BA64F12A2}.AppStore|iPhone.ActiveCfg = Release|Any CPU
		{4709C10B-8CFC-47F3-9B2C-1B8BA64F12A2}.AppStore|iPhone.Build.0 = Release|Any CPU
		{4709C10B-8CFC-47F3-9B2C-1B8BA64F12A2}.AppStore|iPhoneSimulator.ActiveCfg = Release|Any CPU
		{4709C10B-8CFC-47F3-9B2C-1B8BA64F12A2}.AppStore|iPhoneSimulator.Build.0 = Release|Any CPU
		{4709C10B-8CFC-47F3-9B2C-1B8BA64F12A2}.AppStore|x86.ActiveCfg = Release|Any CPU
		{4709C10B-8CFC-47F3-9B2C-1B8BA64F12A2}.AppStore|x86.Build.0 = Release|Any CPU
		{4709C10B-8CFC-47F3-9B2C-1B8BA64F12A2}.Debug|Any CPU.ActiveCfg = Debug|Any CPU
		{4709C10B-8CFC-47F3-9B2C-1B8BA64F12A2}.Debug|Any CPU.Build.0 = Debug|Any CPU
		{4709C10B-8CFC-47F3-9B2C-1B8BA64F12A2}.Debug|ARM.ActiveCfg = Debug|Any CPU
		{4709C10B-8CFC-47F3-9B2C-1B8BA64F12A2}.Debug|ARM.Build.0 = Debug|Any CPU
		{4709C10B-8CFC-47F3-9B2C-1B8BA64F12A2}.Debug|iPhone.ActiveCfg = Debug|Any CPU
		{4709C10B-8CFC-47F3-9B2C-1B8BA64F12A2}.Debug|iPhone.Build.0 = Debug|Any CPU
		{4709C10B-8CFC-47F3-9B2C-1B8BA64F12A2}.Debug|iPhoneSimulator.ActiveCfg = Debug|Any CPU
		{4709C10B-8CFC-47F3-9B2C-1B8BA64F12A2}.Debug|iPhoneSimulator.Build.0 = Debug|Any CPU
		{4709C10B-8CFC-47F3-9B2C-1B8BA64F12A2}.Debug|x86.ActiveCfg = Debug|Any CPU
		{4709C10B-8CFC-47F3-9B2C-1B8BA64F12A2}.Debug|x86.Build.0 = Debug|Any CPU
		{4709C10B-8CFC-47F3-9B2C-1B8BA64F12A2}.Release|Any CPU.ActiveCfg = Release|Any CPU
		{4709C10B-8CFC-47F3-9B2C-1B8BA64F12A2}.Release|Any CPU.Build.0 = Release|Any CPU
		{4709C10B-8CFC-47F3-9B2C-1B8BA64F12A2}.Release|ARM.ActiveCfg = Release|Any CPU
		{4709C10B-8CFC-47F3-9B2C-1B8BA64F12A2}.Release|ARM.Build.0 = Release|Any CPU
		{4709C10B-8CFC-47F3-9B2C-1B8BA64F12A2}.Release|iPhone.ActiveCfg = Release|Any CPU
		{4709C10B-8CFC-47F3-9B2C-1B8BA64F12A2}.Release|iPhone.Build.0 = Release|Any CPU
		{4709C10B-8CFC-47F3-9B2C-1B8BA64F12A2}.Release|iPhoneSimulator.ActiveCfg = Release|Any CPU
		{4709C10B-8CFC-47F3-9B2C-1B8BA64F12A2}.Release|iPhoneSimulator.Build.0 = Release|Any CPU
		{4709C10B-8CFC-47F3-9B2C-1B8BA64F12A2}.Release|x86.ActiveCfg = Release|Any CPU
		{4709C10B-8CFC-47F3-9B2C-1B8BA64F12A2}.Release|x86.Build.0 = Release|Any CPU
		{EA937060-5DC7-4BB6-852A-C6397EB2370D}.AppStore|Any CPU.ActiveCfg = Release|Any CPU
		{EA937060-5DC7-4BB6-852A-C6397EB2370D}.AppStore|Any CPU.Build.0 = Release|Any CPU
		{EA937060-5DC7-4BB6-852A-C6397EB2370D}.AppStore|ARM.ActiveCfg = Release|Any CPU
		{EA937060-5DC7-4BB6-852A-C6397EB2370D}.AppStore|ARM.Build.0 = Release|Any CPU
		{EA937060-5DC7-4BB6-852A-C6397EB2370D}.AppStore|iPhone.ActiveCfg = Release|Any CPU
		{EA937060-5DC7-4BB6-852A-C6397EB2370D}.AppStore|iPhone.Build.0 = Release|Any CPU
		{EA937060-5DC7-4BB6-852A-C6397EB2370D}.AppStore|iPhoneSimulator.ActiveCfg = Release|Any CPU
		{EA937060-5DC7-4BB6-852A-C6397EB2370D}.AppStore|iPhoneSimulator.Build.0 = Release|Any CPU
		{EA937060-5DC7-4BB6-852A-C6397EB2370D}.AppStore|x86.ActiveCfg = Release|Any CPU
		{EA937060-5DC7-4BB6-852A-C6397EB2370D}.AppStore|x86.Build.0 = Release|Any CPU
		{EA937060-5DC7-4BB6-852A-C6397EB2370D}.Debug|Any CPU.ActiveCfg = Debug|Any CPU
		{EA937060-5DC7-4BB6-852A-C6397EB2370D}.Debug|Any CPU.Build.0 = Debug|Any CPU
		{EA937060-5DC7-4BB6-852A-C6397EB2370D}.Debug|ARM.ActiveCfg = Debug|Any CPU
		{EA937060-5DC7-4BB6-852A-C6397EB2370D}.Debug|ARM.Build.0 = Debug|Any CPU
		{EA937060-5DC7-4BB6-852A-C6397EB2370D}.Debug|iPhone.ActiveCfg = Debug|Any CPU
		{EA937060-5DC7-4BB6-852A-C6397EB2370D}.Debug|iPhone.Build.0 = Debug|Any CPU
		{EA937060-5DC7-4BB6-852A-C6397EB2370D}.Debug|iPhoneSimulator.ActiveCfg = Debug|Any CPU
		{EA937060-5DC7-4BB6-852A-C6397EB2370D}.Debug|iPhoneSimulator.Build.0 = Debug|Any CPU
		{EA937060-5DC7-4BB6-852A-C6397EB2370D}.Debug|x86.ActiveCfg = Debug|Any CPU
		{EA937060-5DC7-4BB6-852A-C6397EB2370D}.Debug|x86.Build.0 = Debug|Any CPU
		{EA937060-5DC7-4BB6-852A-C6397EB2370D}.Release|Any CPU.ActiveCfg = Release|Any CPU
		{EA937060-5DC7-4BB6-852A-C6397EB2370D}.Release|Any CPU.Build.0 = Release|Any CPU
		{EA937060-5DC7-4BB6-852A-C6397EB2370D}.Release|ARM.ActiveCfg = Release|Any CPU
		{EA937060-5DC7-4BB6-852A-C6397EB2370D}.Release|ARM.Build.0 = Release|Any CPU
		{EA937060-5DC7-4BB6-852A-C6397EB2370D}.Release|iPhone.ActiveCfg = Release|Any CPU
		{EA937060-5DC7-4BB6-852A-C6397EB2370D}.Release|iPhone.Build.0 = Release|Any CPU
		{EA937060-5DC7-4BB6-852A-C6397EB2370D}.Release|iPhoneSimulator.ActiveCfg = Release|Any CPU
		{EA937060-5DC7-4BB6-852A-C6397EB2370D}.Release|iPhoneSimulator.Build.0 = Release|Any CPU
		{EA937060-5DC7-4BB6-852A-C6397EB2370D}.Release|x86.ActiveCfg = Release|Any CPU
		{EA937060-5DC7-4BB6-852A-C6397EB2370D}.Release|x86.Build.0 = Release|Any CPU
		{FA65D0E7-0EEF-4193-8A2C-D9B9EF95BE96}.AppStore|Any CPU.ActiveCfg = Release|Any CPU
		{FA65D0E7-0EEF-4193-8A2C-D9B9EF95BE96}.AppStore|Any CPU.Build.0 = Release|Any CPU
		{FA65D0E7-0EEF-4193-8A2C-D9B9EF95BE96}.AppStore|ARM.ActiveCfg = Release|Any CPU
		{FA65D0E7-0EEF-4193-8A2C-D9B9EF95BE96}.AppStore|ARM.Build.0 = Release|Any CPU
		{FA65D0E7-0EEF-4193-8A2C-D9B9EF95BE96}.AppStore|iPhone.ActiveCfg = Release|Any CPU
		{FA65D0E7-0EEF-4193-8A2C-D9B9EF95BE96}.AppStore|iPhone.Build.0 = Release|Any CPU
		{FA65D0E7-0EEF-4193-8A2C-D9B9EF95BE96}.AppStore|iPhoneSimulator.ActiveCfg = Release|Any CPU
		{FA65D0E7-0EEF-4193-8A2C-D9B9EF95BE96}.AppStore|iPhoneSimulator.Build.0 = Release|Any CPU
		{FA65D0E7-0EEF-4193-8A2C-D9B9EF95BE96}.AppStore|x86.ActiveCfg = Release|Any CPU
		{FA65D0E7-0EEF-4193-8A2C-D9B9EF95BE96}.AppStore|x86.Build.0 = Release|Any CPU
		{FA65D0E7-0EEF-4193-8A2C-D9B9EF95BE96}.Debug|Any CPU.ActiveCfg = Debug|Any CPU
		{FA65D0E7-0EEF-4193-8A2C-D9B9EF95BE96}.Debug|Any CPU.Build.0 = Debug|Any CPU
		{FA65D0E7-0EEF-4193-8A2C-D9B9EF95BE96}.Debug|ARM.ActiveCfg = Debug|Any CPU
		{FA65D0E7-0EEF-4193-8A2C-D9B9EF95BE96}.Debug|ARM.Build.0 = Debug|Any CPU
		{FA65D0E7-0EEF-4193-8A2C-D9B9EF95BE96}.Debug|iPhone.ActiveCfg = Debug|Any CPU
		{FA65D0E7-0EEF-4193-8A2C-D9B9EF95BE96}.Debug|iPhone.Build.0 = Debug|Any CPU
		{FA65D0E7-0EEF-4193-8A2C-D9B9EF95BE96}.Debug|iPhoneSimulator.ActiveCfg = Debug|Any CPU
		{FA65D0E7-0EEF-4193-8A2C-D9B9EF95BE96}.Debug|iPhoneSimulator.Build.0 = Debug|Any CPU
		{FA65D0E7-0EEF-4193-8A2C-D9B9EF95BE96}.Debug|x86.ActiveCfg = Debug|Any CPU
		{FA65D0E7-0EEF-4193-8A2C-D9B9EF95BE96}.Debug|x86.Build.0 = Debug|Any CPU
		{FA65D0E7-0EEF-4193-8A2C-D9B9EF95BE96}.Release|Any CPU.ActiveCfg = Release|Any CPU
		{FA65D0E7-0EEF-4193-8A2C-D9B9EF95BE96}.Release|Any CPU.Build.0 = Release|Any CPU
		{FA65D0E7-0EEF-4193-8A2C-D9B9EF95BE96}.Release|ARM.ActiveCfg = Release|Any CPU
		{FA65D0E7-0EEF-4193-8A2C-D9B9EF95BE96}.Release|ARM.Build.0 = Release|Any CPU
		{FA65D0E7-0EEF-4193-8A2C-D9B9EF95BE96}.Release|iPhone.ActiveCfg = Release|Any CPU
		{FA65D0E7-0EEF-4193-8A2C-D9B9EF95BE96}.Release|iPhone.Build.0 = Release|Any CPU
		{FA65D0E7-0EEF-4193-8A2C-D9B9EF95BE96}.Release|iPhoneSimulator.ActiveCfg = Release|Any CPU
		{FA65D0E7-0EEF-4193-8A2C-D9B9EF95BE96}.Release|iPhoneSimulator.Build.0 = Release|Any CPU
		{FA65D0E7-0EEF-4193-8A2C-D9B9EF95BE96}.Release|x86.ActiveCfg = Release|Any CPU
		{FA65D0E7-0EEF-4193-8A2C-D9B9EF95BE96}.Release|x86.Build.0 = Release|Any CPU
		{3A6DC9E0-22AD-42F8-AA8D-9B7596A7875D}.AppStore|Any CPU.ActiveCfg = Release|Any CPU
		{3A6DC9E0-22AD-42F8-AA8D-9B7596A7875D}.AppStore|Any CPU.Build.0 = Release|Any CPU
		{3A6DC9E0-22AD-42F8-AA8D-9B7596A7875D}.AppStore|ARM.ActiveCfg = Release|Any CPU
		{3A6DC9E0-22AD-42F8-AA8D-9B7596A7875D}.AppStore|ARM.Build.0 = Release|Any CPU
		{3A6DC9E0-22AD-42F8-AA8D-9B7596A7875D}.AppStore|iPhone.ActiveCfg = Release|Any CPU
		{3A6DC9E0-22AD-42F8-AA8D-9B7596A7875D}.AppStore|iPhone.Build.0 = Release|Any CPU
		{3A6DC9E0-22AD-42F8-AA8D-9B7596A7875D}.AppStore|iPhoneSimulator.ActiveCfg = Release|Any CPU
		{3A6DC9E0-22AD-42F8-AA8D-9B7596A7875D}.AppStore|iPhoneSimulator.Build.0 = Release|Any CPU
		{3A6DC9E0-22AD-42F8-AA8D-9B7596A7875D}.AppStore|x86.ActiveCfg = Release|Any CPU
		{3A6DC9E0-22AD-42F8-AA8D-9B7596A7875D}.AppStore|x86.Build.0 = Release|Any CPU
		{3A6DC9E0-22AD-42F8-AA8D-9B7596A7875D}.Debug|Any CPU.ActiveCfg = Debug|Any CPU
		{3A6DC9E0-22AD-42F8-AA8D-9B7596A7875D}.Debug|Any CPU.Build.0 = Debug|Any CPU
		{3A6DC9E0-22AD-42F8-AA8D-9B7596A7875D}.Debug|ARM.ActiveCfg = Debug|Any CPU
		{3A6DC9E0-22AD-42F8-AA8D-9B7596A7875D}.Debug|ARM.Build.0 = Debug|Any CPU
		{3A6DC9E0-22AD-42F8-AA8D-9B7596A7875D}.Debug|iPhone.ActiveCfg = Debug|Any CPU
		{3A6DC9E0-22AD-42F8-AA8D-9B7596A7875D}.Debug|iPhone.Build.0 = Debug|Any CPU
		{3A6DC9E0-22AD-42F8-AA8D-9B7596A7875D}.Debug|iPhoneSimulator.ActiveCfg = Debug|Any CPU
		{3A6DC9E0-22AD-42F8-AA8D-9B7596A7875D}.Debug|iPhoneSimulator.Build.0 = Debug|Any CPU
		{3A6DC9E0-22AD-42F8-AA8D-9B7596A7875D}.Debug|x86.ActiveCfg = Debug|Any CPU
		{3A6DC9E0-22AD-42F8-AA8D-9B7596A7875D}.Debug|x86.Build.0 = Debug|Any CPU
		{3A6DC9E0-22AD-42F8-AA8D-9B7596A7875D}.Release|Any CPU.ActiveCfg = Release|Any CPU
		{3A6DC9E0-22AD-42F8-AA8D-9B7596A7875D}.Release|Any CPU.Build.0 = Release|Any CPU
		{3A6DC9E0-22AD-42F8-AA8D-9B7596A7875D}.Release|ARM.ActiveCfg = Release|Any CPU
		{3A6DC9E0-22AD-42F8-AA8D-9B7596A7875D}.Release|ARM.Build.0 = Release|Any CPU
		{3A6DC9E0-22AD-42F8-AA8D-9B7596A7875D}.Release|iPhone.ActiveCfg = Release|Any CPU
		{3A6DC9E0-22AD-42F8-AA8D-9B7596A7875D}.Release|iPhone.Build.0 = Release|Any CPU
		{3A6DC9E0-22AD-42F8-AA8D-9B7596A7875D}.Release|iPhoneSimulator.ActiveCfg = Release|Any CPU
		{3A6DC9E0-22AD-42F8-AA8D-9B7596A7875D}.Release|iPhoneSimulator.Build.0 = Release|Any CPU
		{3A6DC9E0-22AD-42F8-AA8D-9B7596A7875D}.Release|x86.ActiveCfg = Release|Any CPU
		{3A6DC9E0-22AD-42F8-AA8D-9B7596A7875D}.Release|x86.Build.0 = Release|Any CPU
		{188F7CD5-37A9-454C-AD07-FD5D93C0E0B2}.AppStore|Any CPU.ActiveCfg = Release|Any CPU
		{188F7CD5-37A9-454C-AD07-FD5D93C0E0B2}.AppStore|Any CPU.Build.0 = Release|Any CPU
		{188F7CD5-37A9-454C-AD07-FD5D93C0E0B2}.AppStore|ARM.ActiveCfg = Release|Any CPU
		{188F7CD5-37A9-454C-AD07-FD5D93C0E0B2}.AppStore|ARM.Build.0 = Release|Any CPU
		{188F7CD5-37A9-454C-AD07-FD5D93C0E0B2}.AppStore|iPhone.ActiveCfg = Release|Any CPU
		{188F7CD5-37A9-454C-AD07-FD5D93C0E0B2}.AppStore|iPhone.Build.0 = Release|Any CPU
		{188F7CD5-37A9-454C-AD07-FD5D93C0E0B2}.AppStore|iPhoneSimulator.ActiveCfg = Release|Any CPU
		{188F7CD5-37A9-454C-AD07-FD5D93C0E0B2}.AppStore|iPhoneSimulator.Build.0 = Release|Any CPU
		{188F7CD5-37A9-454C-AD07-FD5D93C0E0B2}.AppStore|x86.ActiveCfg = Release|Any CPU
		{188F7CD5-37A9-454C-AD07-FD5D93C0E0B2}.AppStore|x86.Build.0 = Release|Any CPU
		{188F7CD5-37A9-454C-AD07-FD5D93C0E0B2}.Debug|Any CPU.ActiveCfg = Debug|Any CPU
		{188F7CD5-37A9-454C-AD07-FD5D93C0E0B2}.Debug|Any CPU.Build.0 = Debug|Any CPU
		{188F7CD5-37A9-454C-AD07-FD5D93C0E0B2}.Debug|ARM.ActiveCfg = Debug|Any CPU
		{188F7CD5-37A9-454C-AD07-FD5D93C0E0B2}.Debug|ARM.Build.0 = Debug|Any CPU
		{188F7CD5-37A9-454C-AD07-FD5D93C0E0B2}.Debug|iPhone.ActiveCfg = Debug|Any CPU
		{188F7CD5-37A9-454C-AD07-FD5D93C0E0B2}.Debug|iPhone.Build.0 = Debug|Any CPU
		{188F7CD5-37A9-454C-AD07-FD5D93C0E0B2}.Debug|iPhoneSimulator.ActiveCfg = Debug|Any CPU
		{188F7CD5-37A9-454C-AD07-FD5D93C0E0B2}.Debug|iPhoneSimulator.Build.0 = Debug|Any CPU
		{188F7CD5-37A9-454C-AD07-FD5D93C0E0B2}.Debug|x86.ActiveCfg = Debug|Any CPU
		{188F7CD5-37A9-454C-AD07-FD5D93C0E0B2}.Debug|x86.Build.0 = Debug|Any CPU
		{188F7CD5-37A9-454C-AD07-FD5D93C0E0B2}.Release|Any CPU.ActiveCfg = Release|Any CPU
		{188F7CD5-37A9-454C-AD07-FD5D93C0E0B2}.Release|Any CPU.Build.0 = Release|Any CPU
		{188F7CD5-37A9-454C-AD07-FD5D93C0E0B2}.Release|ARM.ActiveCfg = Release|Any CPU
		{188F7CD5-37A9-454C-AD07-FD5D93C0E0B2}.Release|ARM.Build.0 = Release|Any CPU
		{188F7CD5-37A9-454C-AD07-FD5D93C0E0B2}.Release|iPhone.ActiveCfg = Release|Any CPU
		{188F7CD5-37A9-454C-AD07-FD5D93C0E0B2}.Release|iPhone.Build.0 = Release|Any CPU
		{188F7CD5-37A9-454C-AD07-FD5D93C0E0B2}.Release|iPhoneSimulator.ActiveCfg = Release|Any CPU
		{188F7CD5-37A9-454C-AD07-FD5D93C0E0B2}.Release|iPhoneSimulator.Build.0 = Release|Any CPU
		{188F7CD5-37A9-454C-AD07-FD5D93C0E0B2}.Release|x86.ActiveCfg = Release|Any CPU
		{188F7CD5-37A9-454C-AD07-FD5D93C0E0B2}.Release|x86.Build.0 = Release|Any CPU
		{C02BA773-9AB1-4CFB-8D44-4C8FE4277997}.AppStore|Any CPU.ActiveCfg = Release|Any CPU
		{C02BA773-9AB1-4CFB-8D44-4C8FE4277997}.AppStore|Any CPU.Build.0 = Release|Any CPU
		{C02BA773-9AB1-4CFB-8D44-4C8FE4277997}.AppStore|ARM.ActiveCfg = Release|Any CPU
		{C02BA773-9AB1-4CFB-8D44-4C8FE4277997}.AppStore|ARM.Build.0 = Release|Any CPU
		{C02BA773-9AB1-4CFB-8D44-4C8FE4277997}.AppStore|iPhone.ActiveCfg = Release|Any CPU
		{C02BA773-9AB1-4CFB-8D44-4C8FE4277997}.AppStore|iPhone.Build.0 = Release|Any CPU
		{C02BA773-9AB1-4CFB-8D44-4C8FE4277997}.AppStore|iPhoneSimulator.ActiveCfg = Release|Any CPU
		{C02BA773-9AB1-4CFB-8D44-4C8FE4277997}.AppStore|iPhoneSimulator.Build.0 = Release|Any CPU
		{C02BA773-9AB1-4CFB-8D44-4C8FE4277997}.AppStore|x86.ActiveCfg = Release|Any CPU
		{C02BA773-9AB1-4CFB-8D44-4C8FE4277997}.AppStore|x86.Build.0 = Release|Any CPU
		{C02BA773-9AB1-4CFB-8D44-4C8FE4277997}.Debug|Any CPU.ActiveCfg = Debug|Any CPU
		{C02BA773-9AB1-4CFB-8D44-4C8FE4277997}.Debug|Any CPU.Build.0 = Debug|Any CPU
		{C02BA773-9AB1-4CFB-8D44-4C8FE4277997}.Debug|ARM.ActiveCfg = Debug|Any CPU
		{C02BA773-9AB1-4CFB-8D44-4C8FE4277997}.Debug|ARM.Build.0 = Debug|Any CPU
		{C02BA773-9AB1-4CFB-8D44-4C8FE4277997}.Debug|iPhone.ActiveCfg = Debug|Any CPU
		{C02BA773-9AB1-4CFB-8D44-4C8FE4277997}.Debug|iPhone.Build.0 = Debug|Any CPU
		{C02BA773-9AB1-4CFB-8D44-4C8FE4277997}.Debug|iPhoneSimulator.ActiveCfg = Debug|Any CPU
		{C02BA773-9AB1-4CFB-8D44-4C8FE4277997}.Debug|iPhoneSimulator.Build.0 = Debug|Any CPU
		{C02BA773-9AB1-4CFB-8D44-4C8FE4277997}.Debug|x86.ActiveCfg = Debug|Any CPU
		{C02BA773-9AB1-4CFB-8D44-4C8FE4277997}.Debug|x86.Build.0 = Debug|Any CPU
		{C02BA773-9AB1-4CFB-8D44-4C8FE4277997}.Release|Any CPU.ActiveCfg = Release|Any CPU
		{C02BA773-9AB1-4CFB-8D44-4C8FE4277997}.Release|Any CPU.Build.0 = Release|Any CPU
		{C02BA773-9AB1-4CFB-8D44-4C8FE4277997}.Release|ARM.ActiveCfg = Release|Any CPU
		{C02BA773-9AB1-4CFB-8D44-4C8FE4277997}.Release|ARM.Build.0 = Release|Any CPU
		{C02BA773-9AB1-4CFB-8D44-4C8FE4277997}.Release|iPhone.ActiveCfg = Release|Any CPU
		{C02BA773-9AB1-4CFB-8D44-4C8FE4277997}.Release|iPhone.Build.0 = Release|Any CPU
		{C02BA773-9AB1-4CFB-8D44-4C8FE4277997}.Release|iPhoneSimulator.ActiveCfg = Release|Any CPU
		{C02BA773-9AB1-4CFB-8D44-4C8FE4277997}.Release|iPhoneSimulator.Build.0 = Release|Any CPU
		{C02BA773-9AB1-4CFB-8D44-4C8FE4277997}.Release|x86.ActiveCfg = Release|Any CPU
		{C02BA773-9AB1-4CFB-8D44-4C8FE4277997}.Release|x86.Build.0 = Release|Any CPU
		{38CE547C-7D03-4D51-9C0B-450917A7D0CA}.AppStore|Any CPU.ActiveCfg = Release|Any CPU
		{38CE547C-7D03-4D51-9C0B-450917A7D0CA}.AppStore|Any CPU.Build.0 = Release|Any CPU
		{38CE547C-7D03-4D51-9C0B-450917A7D0CA}.AppStore|ARM.ActiveCfg = Release|Any CPU
		{38CE547C-7D03-4D51-9C0B-450917A7D0CA}.AppStore|ARM.Build.0 = Release|Any CPU
		{38CE547C-7D03-4D51-9C0B-450917A7D0CA}.AppStore|iPhone.ActiveCfg = Release|Any CPU
		{38CE547C-7D03-4D51-9C0B-450917A7D0CA}.AppStore|iPhone.Build.0 = Release|Any CPU
		{38CE547C-7D03-4D51-9C0B-450917A7D0CA}.AppStore|iPhoneSimulator.ActiveCfg = Release|Any CPU
		{38CE547C-7D03-4D51-9C0B-450917A7D0CA}.AppStore|iPhoneSimulator.Build.0 = Release|Any CPU
		{38CE547C-7D03-4D51-9C0B-450917A7D0CA}.AppStore|x86.ActiveCfg = Release|Any CPU
		{38CE547C-7D03-4D51-9C0B-450917A7D0CA}.AppStore|x86.Build.0 = Release|Any CPU
		{38CE547C-7D03-4D51-9C0B-450917A7D0CA}.Debug|Any CPU.ActiveCfg = Debug|Any CPU
		{38CE547C-7D03-4D51-9C0B-450917A7D0CA}.Debug|Any CPU.Build.0 = Debug|Any CPU
		{38CE547C-7D03-4D51-9C0B-450917A7D0CA}.Debug|ARM.ActiveCfg = Debug|Any CPU
		{38CE547C-7D03-4D51-9C0B-450917A7D0CA}.Debug|ARM.Build.0 = Debug|Any CPU
		{38CE547C-7D03-4D51-9C0B-450917A7D0CA}.Debug|iPhone.ActiveCfg = Debug|Any CPU
		{38CE547C-7D03-4D51-9C0B-450917A7D0CA}.Debug|iPhone.Build.0 = Debug|Any CPU
		{38CE547C-7D03-4D51-9C0B-450917A7D0CA}.Debug|iPhoneSimulator.ActiveCfg = Debug|Any CPU
		{38CE547C-7D03-4D51-9C0B-450917A7D0CA}.Debug|iPhoneSimulator.Build.0 = Debug|Any CPU
		{38CE547C-7D03-4D51-9C0B-450917A7D0CA}.Debug|x86.ActiveCfg = Debug|Any CPU
		{38CE547C-7D03-4D51-9C0B-450917A7D0CA}.Debug|x86.Build.0 = Debug|Any CPU
		{38CE547C-7D03-4D51-9C0B-450917A7D0CA}.Release|Any CPU.ActiveCfg = Release|Any CPU
		{38CE547C-7D03-4D51-9C0B-450917A7D0CA}.Release|Any CPU.Build.0 = Release|Any CPU
		{38CE547C-7D03-4D51-9C0B-450917A7D0CA}.Release|ARM.ActiveCfg = Release|Any CPU
		{38CE547C-7D03-4D51-9C0B-450917A7D0CA}.Release|ARM.Build.0 = Release|Any CPU
		{38CE547C-7D03-4D51-9C0B-450917A7D0CA}.Release|iPhone.ActiveCfg = Release|Any CPU
		{38CE547C-7D03-4D51-9C0B-450917A7D0CA}.Release|iPhone.Build.0 = Release|Any CPU
		{38CE547C-7D03-4D51-9C0B-450917A7D0CA}.Release|iPhoneSimulator.ActiveCfg = Release|Any CPU
		{38CE547C-7D03-4D51-9C0B-450917A7D0CA}.Release|iPhoneSimulator.Build.0 = Release|Any CPU
		{38CE547C-7D03-4D51-9C0B-450917A7D0CA}.Release|x86.ActiveCfg = Release|Any CPU
		{38CE547C-7D03-4D51-9C0B-450917A7D0CA}.Release|x86.Build.0 = Release|Any CPU
		{F65E7EE8-E91F-40D7-A7D1-7681528056C8}.AppStore|Any CPU.ActiveCfg = Release|Any CPU
		{F65E7EE8-E91F-40D7-A7D1-7681528056C8}.AppStore|Any CPU.Build.0 = Release|Any CPU
		{F65E7EE8-E91F-40D7-A7D1-7681528056C8}.AppStore|ARM.ActiveCfg = Release|Any CPU
		{F65E7EE8-E91F-40D7-A7D1-7681528056C8}.AppStore|ARM.Build.0 = Release|Any CPU
		{F65E7EE8-E91F-40D7-A7D1-7681528056C8}.AppStore|iPhone.ActiveCfg = Release|Any CPU
		{F65E7EE8-E91F-40D7-A7D1-7681528056C8}.AppStore|iPhone.Build.0 = Release|Any CPU
		{F65E7EE8-E91F-40D7-A7D1-7681528056C8}.AppStore|iPhoneSimulator.ActiveCfg = Release|Any CPU
		{F65E7EE8-E91F-40D7-A7D1-7681528056C8}.AppStore|iPhoneSimulator.Build.0 = Release|Any CPU
		{F65E7EE8-E91F-40D7-A7D1-7681528056C8}.AppStore|x86.ActiveCfg = Release|Any CPU
		{F65E7EE8-E91F-40D7-A7D1-7681528056C8}.AppStore|x86.Build.0 = Release|Any CPU
		{F65E7EE8-E91F-40D7-A7D1-7681528056C8}.Debug|Any CPU.ActiveCfg = Debug|Any CPU
		{F65E7EE8-E91F-40D7-A7D1-7681528056C8}.Debug|Any CPU.Build.0 = Debug|Any CPU
		{F65E7EE8-E91F-40D7-A7D1-7681528056C8}.Debug|ARM.ActiveCfg = Debug|Any CPU
		{F65E7EE8-E91F-40D7-A7D1-7681528056C8}.Debug|ARM.Build.0 = Debug|Any CPU
		{F65E7EE8-E91F-40D7-A7D1-7681528056C8}.Debug|iPhone.ActiveCfg = Debug|Any CPU
		{F65E7EE8-E91F-40D7-A7D1-7681528056C8}.Debug|iPhone.Build.0 = Debug|Any CPU
		{F65E7EE8-E91F-40D7-A7D1-7681528056C8}.Debug|iPhoneSimulator.ActiveCfg = Debug|Any CPU
		{F65E7EE8-E91F-40D7-A7D1-7681528056C8}.Debug|iPhoneSimulator.Build.0 = Debug|Any CPU
		{F65E7EE8-E91F-40D7-A7D1-7681528056C8}.Debug|x86.ActiveCfg = Debug|Any CPU
		{F65E7EE8-E91F-40D7-A7D1-7681528056C8}.Debug|x86.Build.0 = Debug|Any CPU
		{F65E7EE8-E91F-40D7-A7D1-7681528056C8}.Release|Any CPU.ActiveCfg = Release|Any CPU
		{F65E7EE8-E91F-40D7-A7D1-7681528056C8}.Release|Any CPU.Build.0 = Release|Any CPU
		{F65E7EE8-E91F-40D7-A7D1-7681528056C8}.Release|ARM.ActiveCfg = Release|Any CPU
		{F65E7EE8-E91F-40D7-A7D1-7681528056C8}.Release|ARM.Build.0 = Release|Any CPU
		{F65E7EE8-E91F-40D7-A7D1-7681528056C8}.Release|iPhone.ActiveCfg = Release|Any CPU
		{F65E7EE8-E91F-40D7-A7D1-7681528056C8}.Release|iPhone.Build.0 = Release|Any CPU
		{F65E7EE8-E91F-40D7-A7D1-7681528056C8}.Release|iPhoneSimulator.ActiveCfg = Release|Any CPU
		{F65E7EE8-E91F-40D7-A7D1-7681528056C8}.Release|iPhoneSimulator.Build.0 = Release|Any CPU
		{F65E7EE8-E91F-40D7-A7D1-7681528056C8}.Release|x86.ActiveCfg = Release|Any CPU
		{F65E7EE8-E91F-40D7-A7D1-7681528056C8}.Release|x86.Build.0 = Release|Any CPU
		{3F1FDC91-A6EF-4EA8-8369-C5E705F71790}.AppStore|Any CPU.ActiveCfg = Release|Any CPU
		{3F1FDC91-A6EF-4EA8-8369-C5E705F71790}.AppStore|Any CPU.Build.0 = Release|Any CPU
		{3F1FDC91-A6EF-4EA8-8369-C5E705F71790}.AppStore|ARM.ActiveCfg = Release|Any CPU
		{3F1FDC91-A6EF-4EA8-8369-C5E705F71790}.AppStore|ARM.Build.0 = Release|Any CPU
		{3F1FDC91-A6EF-4EA8-8369-C5E705F71790}.AppStore|iPhone.ActiveCfg = Release|Any CPU
		{3F1FDC91-A6EF-4EA8-8369-C5E705F71790}.AppStore|iPhone.Build.0 = Release|Any CPU
		{3F1FDC91-A6EF-4EA8-8369-C5E705F71790}.AppStore|iPhoneSimulator.ActiveCfg = Release|Any CPU
		{3F1FDC91-A6EF-4EA8-8369-C5E705F71790}.AppStore|iPhoneSimulator.Build.0 = Release|Any CPU
		{3F1FDC91-A6EF-4EA8-8369-C5E705F71790}.AppStore|x86.ActiveCfg = Release|Any CPU
		{3F1FDC91-A6EF-4EA8-8369-C5E705F71790}.AppStore|x86.Build.0 = Release|Any CPU
		{3F1FDC91-A6EF-4EA8-8369-C5E705F71790}.Debug|Any CPU.ActiveCfg = Debug|Any CPU
		{3F1FDC91-A6EF-4EA8-8369-C5E705F71790}.Debug|Any CPU.Build.0 = Debug|Any CPU
		{3F1FDC91-A6EF-4EA8-8369-C5E705F71790}.Debug|ARM.ActiveCfg = Debug|Any CPU
		{3F1FDC91-A6EF-4EA8-8369-C5E705F71790}.Debug|ARM.Build.0 = Debug|Any CPU
		{3F1FDC91-A6EF-4EA8-8369-C5E705F71790}.Debug|iPhone.ActiveCfg = Debug|Any CPU
		{3F1FDC91-A6EF-4EA8-8369-C5E705F71790}.Debug|iPhone.Build.0 = Debug|Any CPU
		{3F1FDC91-A6EF-4EA8-8369-C5E705F71790}.Debug|iPhoneSimulator.ActiveCfg = Debug|Any CPU
		{3F1FDC91-A6EF-4EA8-8369-C5E705F71790}.Debug|iPhoneSimulator.Build.0 = Debug|Any CPU
		{3F1FDC91-A6EF-4EA8-8369-C5E705F71790}.Debug|x86.ActiveCfg = Debug|Any CPU
		{3F1FDC91-A6EF-4EA8-8369-C5E705F71790}.Debug|x86.Build.0 = Debug|Any CPU
		{3F1FDC91-A6EF-4EA8-8369-C5E705F71790}.Release|Any CPU.ActiveCfg = Release|Any CPU
		{3F1FDC91-A6EF-4EA8-8369-C5E705F71790}.Release|Any CPU.Build.0 = Release|Any CPU
		{3F1FDC91-A6EF-4EA8-8369-C5E705F71790}.Release|ARM.ActiveCfg = Release|Any CPU
		{3F1FDC91-A6EF-4EA8-8369-C5E705F71790}.Release|ARM.Build.0 = Release|Any CPU
		{3F1FDC91-A6EF-4EA8-8369-C5E705F71790}.Release|iPhone.ActiveCfg = Release|Any CPU
		{3F1FDC91-A6EF-4EA8-8369-C5E705F71790}.Release|iPhone.Build.0 = Release|Any CPU
		{3F1FDC91-A6EF-4EA8-8369-C5E705F71790}.Release|iPhoneSimulator.ActiveCfg = Release|Any CPU
		{3F1FDC91-A6EF-4EA8-8369-C5E705F71790}.Release|iPhoneSimulator.Build.0 = Release|Any CPU
		{3F1FDC91-A6EF-4EA8-8369-C5E705F71790}.Release|x86.ActiveCfg = Release|Any CPU
		{3F1FDC91-A6EF-4EA8-8369-C5E705F71790}.Release|x86.Build.0 = Release|Any CPU
		{954E39F3-E5E9-4CC1-8E08-6658DAFD7A26}.AppStore|Any CPU.ActiveCfg = Release|Any CPU
		{954E39F3-E5E9-4CC1-8E08-6658DAFD7A26}.AppStore|Any CPU.Build.0 = Release|Any CPU
		{954E39F3-E5E9-4CC1-8E08-6658DAFD7A26}.AppStore|ARM.ActiveCfg = Release|Any CPU
		{954E39F3-E5E9-4CC1-8E08-6658DAFD7A26}.AppStore|ARM.Build.0 = Release|Any CPU
		{954E39F3-E5E9-4CC1-8E08-6658DAFD7A26}.AppStore|iPhone.ActiveCfg = Release|Any CPU
		{954E39F3-E5E9-4CC1-8E08-6658DAFD7A26}.AppStore|iPhone.Build.0 = Release|Any CPU
		{954E39F3-E5E9-4CC1-8E08-6658DAFD7A26}.AppStore|iPhoneSimulator.ActiveCfg = Release|Any CPU
		{954E39F3-E5E9-4CC1-8E08-6658DAFD7A26}.AppStore|iPhoneSimulator.Build.0 = Release|Any CPU
		{954E39F3-E5E9-4CC1-8E08-6658DAFD7A26}.AppStore|x86.ActiveCfg = Release|Any CPU
		{954E39F3-E5E9-4CC1-8E08-6658DAFD7A26}.AppStore|x86.Build.0 = Release|Any CPU
		{954E39F3-E5E9-4CC1-8E08-6658DAFD7A26}.Debug|Any CPU.ActiveCfg = Debug|Any CPU
		{954E39F3-E5E9-4CC1-8E08-6658DAFD7A26}.Debug|Any CPU.Build.0 = Debug|Any CPU
		{954E39F3-E5E9-4CC1-8E08-6658DAFD7A26}.Debug|ARM.ActiveCfg = Debug|Any CPU
		{954E39F3-E5E9-4CC1-8E08-6658DAFD7A26}.Debug|ARM.Build.0 = Debug|Any CPU
		{954E39F3-E5E9-4CC1-8E08-6658DAFD7A26}.Debug|iPhone.ActiveCfg = Debug|Any CPU
		{954E39F3-E5E9-4CC1-8E08-6658DAFD7A26}.Debug|iPhone.Build.0 = Debug|Any CPU
		{954E39F3-E5E9-4CC1-8E08-6658DAFD7A26}.Debug|iPhoneSimulator.ActiveCfg = Debug|Any CPU
		{954E39F3-E5E9-4CC1-8E08-6658DAFD7A26}.Debug|iPhoneSimulator.Build.0 = Debug|Any CPU
		{954E39F3-E5E9-4CC1-8E08-6658DAFD7A26}.Debug|x86.ActiveCfg = Debug|Any CPU
		{954E39F3-E5E9-4CC1-8E08-6658DAFD7A26}.Debug|x86.Build.0 = Debug|Any CPU
		{954E39F3-E5E9-4CC1-8E08-6658DAFD7A26}.Release|Any CPU.ActiveCfg = Release|Any CPU
		{954E39F3-E5E9-4CC1-8E08-6658DAFD7A26}.Release|Any CPU.Build.0 = Release|Any CPU
		{954E39F3-E5E9-4CC1-8E08-6658DAFD7A26}.Release|ARM.ActiveCfg = Release|Any CPU
		{954E39F3-E5E9-4CC1-8E08-6658DAFD7A26}.Release|ARM.Build.0 = Release|Any CPU
		{954E39F3-E5E9-4CC1-8E08-6658DAFD7A26}.Release|iPhone.ActiveCfg = Release|Any CPU
		{954E39F3-E5E9-4CC1-8E08-6658DAFD7A26}.Release|iPhone.Build.0 = Release|Any CPU
		{954E39F3-E5E9-4CC1-8E08-6658DAFD7A26}.Release|iPhoneSimulator.ActiveCfg = Release|Any CPU
		{954E39F3-E5E9-4CC1-8E08-6658DAFD7A26}.Release|iPhoneSimulator.Build.0 = Release|Any CPU
		{954E39F3-E5E9-4CC1-8E08-6658DAFD7A26}.Release|x86.ActiveCfg = Release|Any CPU
		{954E39F3-E5E9-4CC1-8E08-6658DAFD7A26}.Release|x86.Build.0 = Release|Any CPU
	EndGlobalSection
	GlobalSection(SolutionProperties) = preSolution
		HideSolutionNode = FALSE
	EndGlobalSection
	GlobalSection(NestedProjects) = preSolution
		{79F43401-CED2-46C1-A3C9-A8E9F94A1DEA} = {080CB9DE-6211-4B19-94BD-7338793E895F}
		{FE61929A-6F78-40B6-8929-62CFB62E3BE6} = {080CB9DE-6211-4B19-94BD-7338793E895F}
		{35055D77-822C-4D69-8DF2-722B42CC405A} = {080CB9DE-6211-4B19-94BD-7338793E895F}
		{35529D33-DC72-4BD3-8E39-F964AE39BA6D} = {94C14E3E-BFB4-4D52-980D-0AA866EDD51C}
		{8591A4C5-3368-4D2D-98E5-E42FB2C8A3C3} = {94C14E3E-BFB4-4D52-980D-0AA866EDD51C}
		{E1FBA15F-0E8E-4AB1-97CD-E6F2A8EA2279} = {94C14E3E-BFB4-4D52-980D-0AA866EDD51C}
		{3ECF9C7F-7DD2-49DD-84CD-51473A56F688} = {94C14E3E-BFB4-4D52-980D-0AA866EDD51C}
		{E4897226-0FFD-46C5-A44F-C7EE91572856} = {080CB9DE-6211-4B19-94BD-7338793E895F}
		{D85F55C6-3976-4633-8DD4-E6BAD79E4570} = {94C14E3E-BFB4-4D52-980D-0AA866EDD51C}
		{5E158DA9-4D12-444D-BD45-AC8749187EE0} = {080CB9DE-6211-4B19-94BD-7338793E895F}
		{657E0C81-9988-4709-90FE-6C81B10299C1} = {080CB9DE-6211-4B19-94BD-7338793E895F}
		{FCBED957-07CB-421C-AD87-D77FCD2F04E9} = {080CB9DE-6211-4B19-94BD-7338793E895F}
		{659B2113-103E-4B9D-9D62-9DF660960958} = {080CB9DE-6211-4B19-94BD-7338793E895F}
		{0FC0CE23-C320-4CA2-AE9A-949E82C1B2CF} = {94C14E3E-BFB4-4D52-980D-0AA866EDD51C}
		{58B6B9A3-CC15-4172-98F2-3971CDCD560A} = {D100FEA5-8828-4488-B6F5-EB01E65D370A}
		{626C45A9-4405-4FA7-9900-0B8E7270E5B0} = {D100FEA5-8828-4488-B6F5-EB01E65D370A}
		{7E6E9155-0D4D-43D6-AEBB-3A5BCFE3DCCD} = {D100FEA5-8828-4488-B6F5-EB01E65D370A}
		{4709C10B-8CFC-47F3-9B2C-1B8BA64F12A2} = {07CF7789-899A-4512-87D8-141143DCBB7E}
		{EA937060-5DC7-4BB6-852A-C6397EB2370D} = {45631787-D649-4567-8321-5653CF183790}
		{FA65D0E7-0EEF-4193-8A2C-D9B9EF95BE96} = {45631787-D649-4567-8321-5653CF183790}
		{3A6DC9E0-22AD-42F8-AA8D-9B7596A7875D} = {94C14E3E-BFB4-4D52-980D-0AA866EDD51C}
		{188F7CD5-37A9-454C-AD07-FD5D93C0E0B2} = {080CB9DE-6211-4B19-94BD-7338793E895F}
		{C02BA773-9AB1-4CFB-8D44-4C8FE4277997} = {94C14E3E-BFB4-4D52-980D-0AA866EDD51C}
		{38CE547C-7D03-4D51-9C0B-450917A7D0CA} = {080CB9DE-6211-4B19-94BD-7338793E895F}
		{F65E7EE8-E91F-40D7-A7D1-7681528056C8} = {D100FEA5-8828-4488-B6F5-EB01E65D370A}
		{3F1FDC91-A6EF-4EA8-8369-C5E705F71790} = {45631787-D649-4567-8321-5653CF183790}
		{954E39F3-E5E9-4CC1-8E08-6658DAFD7A26} = {45631787-D649-4567-8321-5653CF183790}
	EndGlobalSection
EndGlobal
